
Microsoft Visual Studio Solution File, Format Version 12.00
# Visual Studio 2012
VisualStudioVersion = 12.0.30110.0
MinimumVisualStudioVersion = 10.0.40219.1
Project("{FAE04EC0-301F-11D3-BF4B-00C04F79EFBC}") = "Robotics.Mobile.Core", "Robotics.Mobile.Core\Robotics.Mobile.Core.csproj", "{65733427-B647-4556-A87C-20937496780A}"
EndProject
Project("{FAE04EC0-301F-11D3-BF4B-00C04F79EFBC}") = "Robotics.Mobile.Core.iOS", "Robotics.Mobile.Core.iOS\Robotics.Mobile.Core.iOS.csproj", "{453394D3-F7E4-49E4-8FAE-36F1D988AE15}"
EndProject
Project("{FAE04EC0-301F-11D3-BF4B-00C04F79EFBC}") = "Robotics.Mobile.Core.Droid", "Robotics.Mobile.Core.Droid\Robotics.Mobile.Core.Droid.csproj", "{0040B1B9-6E22-438A-A6A7-A5A00B2B89B1}"
EndProject
Project("{FAE04EC0-301F-11D3-BF4B-00C04F79EFBC}") = "Robotics.Micro.Core", "Robotics.Micro.Core\Robotics.Micro.Core.csproj", "{BBF69390-4C62-43A3-8F2A-0EEC579F21F0}"
EndProject
Project("{FAE04EC0-301F-11D3-BF4B-00C04F79EFBC}") = "Robotics.Micro.Core.Netduino2Tests", "Robotics.Micro.Core.Netduino2Tests\Robotics.Micro.Core.Netduino2Tests.csproj", "{C12A111F-28FB-45AB-8F7E-609255CD2D7B}"
EndProject
Project("{FAE04EC0-301F-11D3-BF4B-00C04F79EFBC}") = "Robotics.Mobile.Core.iOS64", "Robotics.Mobile.Core.iOS64\Robotics.Mobile.Core.iOS64.csproj", "{86508A87-8074-402E-A5DF-AA9A0EADA0B0}"
EndProject
Global
	GlobalSection(SolutionConfigurationPlatforms) = preSolution
		Ad-Hoc|Any CPU = Ad-Hoc|Any CPU
		Ad-Hoc|iPhone = Ad-Hoc|iPhone
		Ad-Hoc|iPhoneSimulator = Ad-Hoc|iPhoneSimulator
		AppStore|Any CPU = AppStore|Any CPU
		AppStore|iPhone = AppStore|iPhone
		AppStore|iPhoneSimulator = AppStore|iPhoneSimulator
		Debug|Any CPU = Debug|Any CPU
		Debug|iPhone = Debug|iPhone
		Debug|iPhoneSimulator = Debug|iPhoneSimulator
		Release|Any CPU = Release|Any CPU
		Release|iPhone = Release|iPhone
		Release|iPhoneSimulator = Release|iPhoneSimulator
	EndGlobalSection
	GlobalSection(ProjectConfigurationPlatforms) = postSolution
		{0040B1B9-6E22-438A-A6A7-A5A00B2B89B1}.Ad-Hoc|Any CPU.ActiveCfg = Release|Any CPU
		{0040B1B9-6E22-438A-A6A7-A5A00B2B89B1}.Ad-Hoc|iPhone.ActiveCfg = Debug|Any CPU
		{0040B1B9-6E22-438A-A6A7-A5A00B2B89B1}.Ad-Hoc|iPhone.Build.0 = Debug|Any CPU
		{0040B1B9-6E22-438A-A6A7-A5A00B2B89B1}.Ad-Hoc|iPhoneSimulator.ActiveCfg = Release|Any CPU
		{0040B1B9-6E22-438A-A6A7-A5A00B2B89B1}.AppStore|Any CPU.ActiveCfg = Release|Any CPU
		{0040B1B9-6E22-438A-A6A7-A5A00B2B89B1}.AppStore|iPhone.ActiveCfg = Debug|Any CPU
		{0040B1B9-6E22-438A-A6A7-A5A00B2B89B1}.AppStore|iPhone.Build.0 = Debug|Any CPU
		{0040B1B9-6E22-438A-A6A7-A5A00B2B89B1}.AppStore|iPhoneSimulator.ActiveCfg = Release|Any CPU
		{0040B1B9-6E22-438A-A6A7-A5A00B2B89B1}.Debug|Any CPU.ActiveCfg = Debug|Any CPU
		{0040B1B9-6E22-438A-A6A7-A5A00B2B89B1}.Debug|Any CPU.Build.0 = Debug|Any CPU
		{0040B1B9-6E22-438A-A6A7-A5A00B2B89B1}.Debug|iPhone.ActiveCfg = Debug|Any CPU
		{0040B1B9-6E22-438A-A6A7-A5A00B2B89B1}.Debug|iPhone.Build.0 = Debug|Any CPU
		{0040B1B9-6E22-438A-A6A7-A5A00B2B89B1}.Debug|iPhoneSimulator.ActiveCfg = Debug|Any CPU
		{0040B1B9-6E22-438A-A6A7-A5A00B2B89B1}.Debug|iPhoneSimulator.Build.0 = Debug|Any CPU
		{0040B1B9-6E22-438A-A6A7-A5A00B2B89B1}.Release|Any CPU.ActiveCfg = Release|Any CPU
		{0040B1B9-6E22-438A-A6A7-A5A00B2B89B1}.Release|Any CPU.Build.0 = Release|Any CPU
		{0040B1B9-6E22-438A-A6A7-A5A00B2B89B1}.Release|iPhone.ActiveCfg = Release|Any CPU
		{0040B1B9-6E22-438A-A6A7-A5A00B2B89B1}.Release|iPhone.Build.0 = Release|Any CPU
		{0040B1B9-6E22-438A-A6A7-A5A00B2B89B1}.Release|iPhoneSimulator.ActiveCfg = Release|Any CPU
		{0040B1B9-6E22-438A-A6A7-A5A00B2B89B1}.Release|iPhoneSimulator.Build.0 = Release|Any CPU
		{453394D3-F7E4-49E4-8FAE-36F1D988AE15}.Ad-Hoc|Any CPU.ActiveCfg = Release|Any CPU
		{453394D3-F7E4-49E4-8FAE-36F1D988AE15}.Ad-Hoc|Any CPU.Build.0 = Release|Any CPU
		{453394D3-F7E4-49E4-8FAE-36F1D988AE15}.Ad-Hoc|iPhone.ActiveCfg = Debug|Any CPU
		{453394D3-F7E4-49E4-8FAE-36F1D988AE15}.Ad-Hoc|iPhone.Build.0 = Debug|Any CPU
		{453394D3-F7E4-49E4-8FAE-36F1D988AE15}.Ad-Hoc|iPhoneSimulator.ActiveCfg = Release|Any CPU
		{453394D3-F7E4-49E4-8FAE-36F1D988AE15}.AppStore|Any CPU.ActiveCfg = Release|Any CPU
		{453394D3-F7E4-49E4-8FAE-36F1D988AE15}.AppStore|Any CPU.Build.0 = Release|Any CPU
		{453394D3-F7E4-49E4-8FAE-36F1D988AE15}.AppStore|iPhone.ActiveCfg = Debug|Any CPU
		{453394D3-F7E4-49E4-8FAE-36F1D988AE15}.AppStore|iPhone.Build.0 = Debug|Any CPU
		{453394D3-F7E4-49E4-8FAE-36F1D988AE15}.AppStore|iPhoneSimulator.ActiveCfg = Release|Any CPU
		{453394D3-F7E4-49E4-8FAE-36F1D988AE15}.Debug|Any CPU.ActiveCfg = Debug|Any CPU
		{453394D3-F7E4-49E4-8FAE-36F1D988AE15}.Debug|Any CPU.Build.0 = Debug|Any CPU
		{453394D3-F7E4-49E4-8FAE-36F1D988AE15}.Debug|iPhone.ActiveCfg = Debug|Any CPU
		{453394D3-F7E4-49E4-8FAE-36F1D988AE15}.Debug|iPhone.Build.0 = Debug|Any CPU
		{453394D3-F7E4-49E4-8FAE-36F1D988AE15}.Debug|iPhoneSimulator.ActiveCfg = Debug|Any CPU
		{453394D3-F7E4-49E4-8FAE-36F1D988AE15}.Debug|iPhoneSimulator.Build.0 = Debug|Any CPU
		{453394D3-F7E4-49E4-8FAE-36F1D988AE15}.Release|Any CPU.ActiveCfg = Release|Any CPU
		{453394D3-F7E4-49E4-8FAE-36F1D988AE15}.Release|Any CPU.Build.0 = Release|Any CPU
		{453394D3-F7E4-49E4-8FAE-36F1D988AE15}.Release|iPhone.ActiveCfg = Release|Any CPU
		{453394D3-F7E4-49E4-8FAE-36F1D988AE15}.Release|iPhone.Build.0 = Release|Any CPU
		{453394D3-F7E4-49E4-8FAE-36F1D988AE15}.Release|iPhoneSimulator.ActiveCfg = Release|Any CPU
		{453394D3-F7E4-49E4-8FAE-36F1D988AE15}.Release|iPhoneSimulator.Build.0 = Release|Any CPU
		{65733427-B647-4556-A87C-20937496780A}.Ad-Hoc|Any CPU.ActiveCfg = Release|Any CPU
		{65733427-B647-4556-A87C-20937496780A}.Ad-Hoc|Any CPU.Build.0 = Release|Any CPU
		{65733427-B647-4556-A87C-20937496780A}.Ad-Hoc|iPhone.ActiveCfg = Debug|Any CPU
		{65733427-B647-4556-A87C-20937496780A}.Ad-Hoc|iPhone.Build.0 = Debug|Any CPU
		{65733427-B647-4556-A87C-20937496780A}.Ad-Hoc|iPhoneSimulator.ActiveCfg = Release|Any CPU
		{65733427-B647-4556-A87C-20937496780A}.AppStore|Any CPU.ActiveCfg = Release|Any CPU
		{65733427-B647-4556-A87C-20937496780A}.AppStore|Any CPU.Build.0 = Release|Any CPU
		{65733427-B647-4556-A87C-20937496780A}.AppStore|iPhone.ActiveCfg = Debug|Any CPU
		{65733427-B647-4556-A87C-20937496780A}.AppStore|iPhone.Build.0 = Debug|Any CPU
		{65733427-B647-4556-A87C-20937496780A}.AppStore|iPhoneSimulator.ActiveCfg = Release|Any CPU
		{65733427-B647-4556-A87C-20937496780A}.Debug|Any CPU.ActiveCfg = Debug|Any CPU
		{65733427-B647-4556-A87C-20937496780A}.Debug|Any CPU.Build.0 = Debug|Any CPU
		{65733427-B647-4556-A87C-20937496780A}.Debug|iPhone.ActiveCfg = Debug|Any CPU
		{65733427-B647-4556-A87C-20937496780A}.Debug|iPhone.Build.0 = Debug|Any CPU
		{65733427-B647-4556-A87C-20937496780A}.Debug|iPhoneSimulator.ActiveCfg = Debug|Any CPU
		{65733427-B647-4556-A87C-20937496780A}.Debug|iPhoneSimulator.Build.0 = Debug|Any CPU
		{65733427-B647-4556-A87C-20937496780A}.Release|Any CPU.ActiveCfg = Release|Any CPU
		{65733427-B647-4556-A87C-20937496780A}.Release|Any CPU.Build.0 = Release|Any CPU
		{65733427-B647-4556-A87C-20937496780A}.Release|iPhone.ActiveCfg = Release|Any CPU
		{65733427-B647-4556-A87C-20937496780A}.Release|iPhone.Build.0 = Release|Any CPU
		{65733427-B647-4556-A87C-20937496780A}.Release|iPhoneSimulator.ActiveCfg = Release|Any CPU
		{65733427-B647-4556-A87C-20937496780A}.Release|iPhoneSimulator.Build.0 = Release|Any CPU
		{86508A87-8074-402E-A5DF-AA9A0EADA0B0}.Ad-Hoc|Any CPU.ActiveCfg = Release|Any CPU
		{86508A87-8074-402E-A5DF-AA9A0EADA0B0}.Ad-Hoc|Any CPU.Build.0 = Release|Any CPU
		{86508A87-8074-402E-A5DF-AA9A0EADA0B0}.Ad-Hoc|iPhone.ActiveCfg = Debug|Any CPU
		{86508A87-8074-402E-A5DF-AA9A0EADA0B0}.Ad-Hoc|iPhone.Build.0 = Debug|Any CPU
		{86508A87-8074-402E-A5DF-AA9A0EADA0B0}.Ad-Hoc|iPhoneSimulator.ActiveCfg = Release|Any CPU
		{86508A87-8074-402E-A5DF-AA9A0EADA0B0}.Ad-Hoc|iPhoneSimulator.Build.0 = Release|Any CPU
		{86508A87-8074-402E-A5DF-AA9A0EADA0B0}.AppStore|Any CPU.ActiveCfg = Release|Any CPU
		{86508A87-8074-402E-A5DF-AA9A0EADA0B0}.AppStore|Any CPU.Build.0 = Release|Any CPU
		{86508A87-8074-402E-A5DF-AA9A0EADA0B0}.AppStore|iPhone.ActiveCfg = Debug|Any CPU
		{86508A87-8074-402E-A5DF-AA9A0EADA0B0}.AppStore|iPhone.Build.0 = Debug|Any CPU
		{86508A87-8074-402E-A5DF-AA9A0EADA0B0}.AppStore|iPhoneSimulator.ActiveCfg = Release|Any CPU
		{86508A87-8074-402E-A5DF-AA9A0EADA0B0}.AppStore|iPhoneSimulator.Build.0 = Release|Any CPU
		{86508A87-8074-402E-A5DF-AA9A0EADA0B0}.Debug|Any CPU.ActiveCfg = Debug|Any CPU
		{86508A87-8074-402E-A5DF-AA9A0EADA0B0}.Debug|Any CPU.Build.0 = Debug|Any CPU
		{86508A87-8074-402E-A5DF-AA9A0EADA0B0}.Debug|iPhone.ActiveCfg = Debug|Any CPU
		{86508A87-8074-402E-A5DF-AA9A0EADA0B0}.Debug|iPhone.Build.0 = Debug|Any CPU
		{86508A87-8074-402E-A5DF-AA9A0EADA0B0}.Debug|iPhoneSimulator.ActiveCfg = Debug|Any CPU
		{86508A87-8074-402E-A5DF-AA9A0EADA0B0}.Debug|iPhoneSimulator.Build.0 = Debug|Any CPU
		{86508A87-8074-402E-A5DF-AA9A0EADA0B0}.Release|Any CPU.ActiveCfg = Release|Any CPU
		{86508A87-8074-402E-A5DF-AA9A0EADA0B0}.Release|Any CPU.Build.0 = Release|Any CPU
		{86508A87-8074-402E-A5DF-AA9A0EADA0B0}.Release|iPhone.ActiveCfg = Release|Any CPU
		{86508A87-8074-402E-A5DF-AA9A0EADA0B0}.Release|iPhone.Build.0 = Release|Any CPU
		{86508A87-8074-402E-A5DF-AA9A0EADA0B0}.Release|iPhoneSimulator.ActiveCfg = Release|Any CPU
		{86508A87-8074-402E-A5DF-AA9A0EADA0B0}.Release|iPhoneSimulator.Build.0 = Release|Any CPU
		{BBF69390-4C62-43A3-8F2A-0EEC579F21F0}.Ad-Hoc|Any CPU.ActiveCfg = Release|Any CPU
		{BBF69390-4C62-43A3-8F2A-0EEC579F21F0}.Ad-Hoc|Any CPU.Build.0 = Release|Any CPU
		{BBF69390-4C62-43A3-8F2A-0EEC579F21F0}.Ad-Hoc|iPhone.ActiveCfg = Release|Any CPU
		{BBF69390-4C62-43A3-8F2A-0EEC579F21F0}.Ad-Hoc|iPhoneSimulator.ActiveCfg = Release|Any CPU
		{BBF69390-4C62-43A3-8F2A-0EEC579F21F0}.AppStore|Any CPU.ActiveCfg = Release|Any CPU
		{BBF69390-4C62-43A3-8F2A-0EEC579F21F0}.AppStore|Any CPU.Build.0 = Release|Any CPU
		{BBF69390-4C62-43A3-8F2A-0EEC579F21F0}.AppStore|iPhone.ActiveCfg = Release|Any CPU
		{BBF69390-4C62-43A3-8F2A-0EEC579F21F0}.AppStore|iPhoneSimulator.ActiveCfg = Release|Any CPU
		{BBF69390-4C62-43A3-8F2A-0EEC579F21F0}.Debug|Any CPU.ActiveCfg = Debug|Any CPU
		{BBF69390-4C62-43A3-8F2A-0EEC579F21F0}.Debug|Any CPU.Build.0 = Debug|Any CPU
		{BBF69390-4C62-43A3-8F2A-0EEC579F21F0}.Debug|iPhone.ActiveCfg = Debug|Any CPU
		{BBF69390-4C62-43A3-8F2A-0EEC579F21F0}.Debug|iPhoneSimulator.ActiveCfg = Debug|Any CPU
		{BBF69390-4C62-43A3-8F2A-0EEC579F21F0}.Release|Any CPU.ActiveCfg = Release|Any CPU
		{BBF69390-4C62-43A3-8F2A-0EEC579F21F0}.Release|Any CPU.Build.0 = Release|Any CPU
		{BBF69390-4C62-43A3-8F2A-0EEC579F21F0}.Release|iPhone.ActiveCfg = Release|Any CPU
		{BBF69390-4C62-43A3-8F2A-0EEC579F21F0}.Release|iPhoneSimulator.ActiveCfg = Release|Any CPU
		{C12A111F-28FB-45AB-8F7E-609255CD2D7B}.Ad-Hoc|Any CPU.ActiveCfg = Release|Any CPU
		{C12A111F-28FB-45AB-8F7E-609255CD2D7B}.Ad-Hoc|Any CPU.Build.0 = Release|Any CPU
		{C12A111F-28FB-45AB-8F7E-609255CD2D7B}.Ad-Hoc|Any CPU.Deploy.0 = Release|Any CPU
		{C12A111F-28FB-45AB-8F7E-609255CD2D7B}.Ad-Hoc|iPhone.ActiveCfg = Release|Any CPU
		{C12A111F-28FB-45AB-8F7E-609255CD2D7B}.Ad-Hoc|iPhoneSimulator.ActiveCfg = Release|Any CPU
		{C12A111F-28FB-45AB-8F7E-609255CD2D7B}.AppStore|Any CPU.ActiveCfg = Release|Any CPU
		{C12A111F-28FB-45AB-8F7E-609255CD2D7B}.AppStore|Any CPU.Build.0 = Release|Any CPU
		{C12A111F-28FB-45AB-8F7E-609255CD2D7B}.AppStore|Any CPU.Deploy.0 = Release|Any CPU
		{C12A111F-28FB-45AB-8F7E-609255CD2D7B}.AppStore|iPhone.ActiveCfg = Release|Any CPU
		{C12A111F-28FB-45AB-8F7E-609255CD2D7B}.AppStore|iPhoneSimulator.ActiveCfg = Release|Any CPU
		{C12A111F-28FB-45AB-8F7E-609255CD2D7B}.Debug|Any CPU.ActiveCfg = Debug|Any CPU
		{C12A111F-28FB-45AB-8F7E-609255CD2D7B}.Debug|Any CPU.Build.0 = Debug|Any CPU
		{C12A111F-28FB-45AB-8F7E-609255CD2D7B}.Debug|Any CPU.Deploy.0 = Debug|Any CPU
		{C12A111F-28FB-45AB-8F7E-609255CD2D7B}.Debug|iPhone.ActiveCfg = Debug|Any CPU
		{C12A111F-28FB-45AB-8F7E-609255CD2D7B}.Debug|iPhoneSimulator.ActiveCfg = Debug|Any CPU
		{C12A111F-28FB-45AB-8F7E-609255CD2D7B}.Release|Any CPU.ActiveCfg = Release|Any CPU
		{C12A111F-28FB-45AB-8F7E-609255CD2D7B}.Release|Any CPU.Build.0 = Release|Any CPU
		{C12A111F-28FB-45AB-8F7E-609255CD2D7B}.Release|Any CPU.Deploy.0 = Release|Any CPU
		{C12A111F-28FB-45AB-8F7E-609255CD2D7B}.Release|iPhone.ActiveCfg = Release|Any CPU
		{C12A111F-28FB-45AB-8F7E-609255CD2D7B}.Release|iPhoneSimulator.ActiveCfg = Release|Any CPU
	EndGlobalSection
	GlobalSection(SolutionProperties) = preSolution
		HideSolutionNode = FALSE
	EndGlobalSection
EndGlobal
