
Microsoft Visual Studio Solution File, Format Version 12.00
# Visual Studio 2013
VisualStudioVersion = 12.0.31101.0
MinimumVisualStudioVersion = 10.0.40219.1
Project("{2150E333-8FDC-42A3-9474-1A3956D46DE8}") = "Mobile.Core", "Mobile.Core", "{671419BD-1389-4B59-87C3-338F15D146C0}"
EndProject
Project("{FAE04EC0-301F-11D3-BF4B-00C04F79EFBC}") = "Robotics.Mobile.Core", "..\..\Source\Platform Stacks\Robotics.Mobile.Core\Robotics.Mobile.Core.csproj", "{65733427-B647-4556-A87C-20937496780A}"
EndProject
Project("{FAE04EC0-301F-11D3-BF4B-00C04F79EFBC}") = "Robotics.Mobile.Core.Droid", "..\..\Source\Platform Stacks\Robotics.Mobile.Core.Droid\Robotics.Mobile.Core.Droid.csproj", "{0040B1B9-6E22-438A-A6A7-A5A00B2B89B1}"
EndProject
Project("{FAE04EC0-301F-11D3-BF4B-00C04F79EFBC}") = "Robotics.Mobile.Core.iOS", "..\..\Source\Platform Stacks\Robotics.Mobile.Core.iOS\Robotics.Mobile.Core.iOS.csproj", "{453394D3-F7E4-49E4-8FAE-36F1D988AE15}"
EndProject
Project("{2150E333-8FDC-42A3-9474-1A3956D46DE8}") = "NetduinoRobot", "NetduinoRobot", "{54B1A705-65DD-436D-8630-D9F3B5ED24C9}"
EndProject
Project("{FAE04EC0-301F-11D3-BF4B-00C04F79EFBC}") = "Robotics.Micro.Core", "Robotics.Micro.Core\Robotics.Micro.Core.csproj", "{BBF69390-4C62-43A3-8F2A-0EEC579F21F0}"
EndProject
Project("{FAE04EC0-301F-11D3-BF4B-00C04F79EFBC}") = "Robotics.Micro.Robotroller.Netduino", "Robotics.Micro.Core.Netduino2Tests\Robotics.Micro.Robotroller.Netduino.csproj", "{C12A111F-28FB-45AB-8F7E-609255CD2D7B}"
EndProject
Project("{2150E333-8FDC-42A3-9474-1A3956D46DE8}") = "MobileApp", "MobileApp", "{70D60FAE-6E12-4883-B30C-9616822B905B}"
EndProject
Project("{FAE04EC0-301F-11D3-BF4B-00C04F79EFBC}") = "Robotics.Mobile.Robotroller.Core", "Robotics.Mobile.Robotroller.Core\Robotics.Mobile.Robotroller.Core.csproj", "{CEE2DCF6-7C07-4D21-A212-05876EC5E954}"
EndProject
Project("{FAE04EC0-301F-11D3-BF4B-00C04F79EFBC}") = "Robotics.Mobile.Robotroller.Droid", "Robotics.Mobile.Robotroller.Droid\Robotics.Mobile.Robotroller.Droid.csproj", "{EC6A5B67-5128-4F0B-A74D-E234F6A57476}"
EndProject
Project("{FAE04EC0-301F-11D3-BF4B-00C04F79EFBC}") = "Robotics.Mobile.Robotroller.iOS", "Robotics.Mobile.Robotroller.iOS\Robotics.Mobile.Robotroller.iOS.csproj", "{9146775A-E315-4CEB-9CB2-3DBFC9D9A58C}"
EndProject
Project("{FAE04EC0-301F-11D3-BF4B-00C04F79EFBC}") = "Robotics.Mobile.Core.WP", "..\..\Source\Platform Stacks\Robotics.Mobile.Core.WP\Robotics.Mobile.Core.WP.csproj", "{09458A2E-8CFE-4FC1-82BD-C1096F5948A6}"
EndProject
Project("{FAE04EC0-301F-11D3-BF4B-00C04F79EFBC}") = "Robotics.Mobile.Robotroller.WP", "Robotics.Mobile.Robotroller.WP\Robotics.Mobile.Robotroller.WP.csproj", "{14A9FC12-B03C-4349-9856-E09B978727C2}"
EndProject
Global
	GlobalSection(SolutionConfigurationPlatforms) = preSolution
		Ad-Hoc|Any CPU = Ad-Hoc|Any CPU
		Ad-Hoc|ARM = Ad-Hoc|ARM
		Ad-Hoc|iPhone = Ad-Hoc|iPhone
		Ad-Hoc|iPhoneSimulator = Ad-Hoc|iPhoneSimulator
		Ad-Hoc|Mixed Platforms = Ad-Hoc|Mixed Platforms
		Ad-Hoc|x86 = Ad-Hoc|x86
		AppStore|Any CPU = AppStore|Any CPU
		AppStore|ARM = AppStore|ARM
		AppStore|iPhone = AppStore|iPhone
		AppStore|iPhoneSimulator = AppStore|iPhoneSimulator
		AppStore|Mixed Platforms = AppStore|Mixed Platforms
		AppStore|x86 = AppStore|x86
		Debug|Any CPU = Debug|Any CPU
		Debug|ARM = Debug|ARM
		Debug|iPhone = Debug|iPhone
		Debug|iPhoneSimulator = Debug|iPhoneSimulator
		Debug|Mixed Platforms = Debug|Mixed Platforms
		Debug|x86 = Debug|x86
		Release|Any CPU = Release|Any CPU
		Release|ARM = Release|ARM
		Release|iPhone = Release|iPhone
		Release|iPhoneSimulator = Release|iPhoneSimulator
		Release|Mixed Platforms = Release|Mixed Platforms
		Release|x86 = Release|x86
	EndGlobalSection
	GlobalSection(ProjectConfigurationPlatforms) = postSolution
		{65733427-B647-4556-A87C-20937496780A}.Ad-Hoc|Any CPU.ActiveCfg = Release|Any CPU
		{65733427-B647-4556-A87C-20937496780A}.Ad-Hoc|Any CPU.Build.0 = Release|Any CPU
		{65733427-B647-4556-A87C-20937496780A}.Ad-Hoc|ARM.ActiveCfg = Release|Any CPU
		{65733427-B647-4556-A87C-20937496780A}.Ad-Hoc|iPhone.ActiveCfg = Debug|Any CPU
		{65733427-B647-4556-A87C-20937496780A}.Ad-Hoc|iPhone.Build.0 = Debug|Any CPU
		{65733427-B647-4556-A87C-20937496780A}.Ad-Hoc|iPhoneSimulator.ActiveCfg = Release|Any CPU
		{65733427-B647-4556-A87C-20937496780A}.Ad-Hoc|Mixed Platforms.ActiveCfg = Release|Any CPU
		{65733427-B647-4556-A87C-20937496780A}.Ad-Hoc|Mixed Platforms.Build.0 = Release|Any CPU
		{65733427-B647-4556-A87C-20937496780A}.Ad-Hoc|x86.ActiveCfg = Release|Any CPU
		{65733427-B647-4556-A87C-20937496780A}.AppStore|Any CPU.ActiveCfg = Release|Any CPU
		{65733427-B647-4556-A87C-20937496780A}.AppStore|Any CPU.Build.0 = Release|Any CPU
		{65733427-B647-4556-A87C-20937496780A}.AppStore|ARM.ActiveCfg = Release|Any CPU
		{65733427-B647-4556-A87C-20937496780A}.AppStore|iPhone.ActiveCfg = Debug|Any CPU
		{65733427-B647-4556-A87C-20937496780A}.AppStore|iPhone.Build.0 = Debug|Any CPU
		{65733427-B647-4556-A87C-20937496780A}.AppStore|iPhoneSimulator.ActiveCfg = Release|Any CPU
		{65733427-B647-4556-A87C-20937496780A}.AppStore|Mixed Platforms.ActiveCfg = Release|Any CPU
		{65733427-B647-4556-A87C-20937496780A}.AppStore|Mixed Platforms.Build.0 = Release|Any CPU
		{65733427-B647-4556-A87C-20937496780A}.AppStore|x86.ActiveCfg = Release|Any CPU
		{65733427-B647-4556-A87C-20937496780A}.Debug|Any CPU.ActiveCfg = Debug|Any CPU
		{65733427-B647-4556-A87C-20937496780A}.Debug|Any CPU.Build.0 = Debug|Any CPU
		{65733427-B647-4556-A87C-20937496780A}.Debug|ARM.ActiveCfg = Debug|Any CPU
		{65733427-B647-4556-A87C-20937496780A}.Debug|iPhone.ActiveCfg = Debug|Any CPU
		{65733427-B647-4556-A87C-20937496780A}.Debug|iPhone.Build.0 = Debug|Any CPU
		{65733427-B647-4556-A87C-20937496780A}.Debug|iPhoneSimulator.ActiveCfg = Debug|Any CPU
		{65733427-B647-4556-A87C-20937496780A}.Debug|iPhoneSimulator.Build.0 = Debug|Any CPU
		{65733427-B647-4556-A87C-20937496780A}.Debug|Mixed Platforms.ActiveCfg = Debug|Any CPU
		{65733427-B647-4556-A87C-20937496780A}.Debug|Mixed Platforms.Build.0 = Debug|Any CPU
		{65733427-B647-4556-A87C-20937496780A}.Debug|x86.ActiveCfg = Debug|Any CPU
		{65733427-B647-4556-A87C-20937496780A}.Release|Any CPU.ActiveCfg = Release|Any CPU
		{65733427-B647-4556-A87C-20937496780A}.Release|Any CPU.Build.0 = Release|Any CPU
		{65733427-B647-4556-A87C-20937496780A}.Release|ARM.ActiveCfg = Release|Any CPU
		{65733427-B647-4556-A87C-20937496780A}.Release|iPhone.ActiveCfg = Release|Any CPU
		{65733427-B647-4556-A87C-20937496780A}.Release|iPhone.Build.0 = Release|Any CPU
		{65733427-B647-4556-A87C-20937496780A}.Release|iPhoneSimulator.ActiveCfg = Release|Any CPU
		{65733427-B647-4556-A87C-20937496780A}.Release|iPhoneSimulator.Build.0 = Release|Any CPU
		{65733427-B647-4556-A87C-20937496780A}.Release|Mixed Platforms.ActiveCfg = Release|Any CPU
		{65733427-B647-4556-A87C-20937496780A}.Release|Mixed Platforms.Build.0 = Release|Any CPU
		{65733427-B647-4556-A87C-20937496780A}.Release|x86.ActiveCfg = Release|Any CPU
		{0040B1B9-6E22-438A-A6A7-A5A00B2B89B1}.Ad-Hoc|Any CPU.ActiveCfg = Release|Any CPU
		{0040B1B9-6E22-438A-A6A7-A5A00B2B89B1}.Ad-Hoc|Any CPU.Build.0 = Release|Any CPU
		{0040B1B9-6E22-438A-A6A7-A5A00B2B89B1}.Ad-Hoc|ARM.ActiveCfg = Release|Any CPU
		{0040B1B9-6E22-438A-A6A7-A5A00B2B89B1}.Ad-Hoc|iPhone.ActiveCfg = Debug|Any CPU
		{0040B1B9-6E22-438A-A6A7-A5A00B2B89B1}.Ad-Hoc|iPhone.Build.0 = Debug|Any CPU
		{0040B1B9-6E22-438A-A6A7-A5A00B2B89B1}.Ad-Hoc|iPhoneSimulator.ActiveCfg = Release|Any CPU
		{0040B1B9-6E22-438A-A6A7-A5A00B2B89B1}.Ad-Hoc|Mixed Platforms.ActiveCfg = Release|Any CPU
		{0040B1B9-6E22-438A-A6A7-A5A00B2B89B1}.Ad-Hoc|Mixed Platforms.Build.0 = Release|Any CPU
		{0040B1B9-6E22-438A-A6A7-A5A00B2B89B1}.Ad-Hoc|x86.ActiveCfg = Release|Any CPU
		{0040B1B9-6E22-438A-A6A7-A5A00B2B89B1}.AppStore|Any CPU.ActiveCfg = Release|Any CPU
		{0040B1B9-6E22-438A-A6A7-A5A00B2B89B1}.AppStore|Any CPU.Build.0 = Release|Any CPU
		{0040B1B9-6E22-438A-A6A7-A5A00B2B89B1}.AppStore|ARM.ActiveCfg = Release|Any CPU
		{0040B1B9-6E22-438A-A6A7-A5A00B2B89B1}.AppStore|iPhone.ActiveCfg = Debug|Any CPU
		{0040B1B9-6E22-438A-A6A7-A5A00B2B89B1}.AppStore|iPhone.Build.0 = Debug|Any CPU
		{0040B1B9-6E22-438A-A6A7-A5A00B2B89B1}.AppStore|iPhoneSimulator.ActiveCfg = Release|Any CPU
		{0040B1B9-6E22-438A-A6A7-A5A00B2B89B1}.AppStore|Mixed Platforms.ActiveCfg = Release|Any CPU
		{0040B1B9-6E22-438A-A6A7-A5A00B2B89B1}.AppStore|Mixed Platforms.Build.0 = Release|Any CPU
		{0040B1B9-6E22-438A-A6A7-A5A00B2B89B1}.AppStore|x86.ActiveCfg = Release|Any CPU
		{0040B1B9-6E22-438A-A6A7-A5A00B2B89B1}.Debug|Any CPU.ActiveCfg = Debug|Any CPU
		{0040B1B9-6E22-438A-A6A7-A5A00B2B89B1}.Debug|Any CPU.Build.0 = Debug|Any CPU
		{0040B1B9-6E22-438A-A6A7-A5A00B2B89B1}.Debug|ARM.ActiveCfg = Debug|Any CPU
		{0040B1B9-6E22-438A-A6A7-A5A00B2B89B1}.Debug|iPhone.ActiveCfg = Debug|Any CPU
		{0040B1B9-6E22-438A-A6A7-A5A00B2B89B1}.Debug|iPhone.Build.0 = Debug|Any CPU
		{0040B1B9-6E22-438A-A6A7-A5A00B2B89B1}.Debug|iPhoneSimulator.ActiveCfg = Debug|Any CPU
		{0040B1B9-6E22-438A-A6A7-A5A00B2B89B1}.Debug|iPhoneSimulator.Build.0 = Debug|Any CPU
		{0040B1B9-6E22-438A-A6A7-A5A00B2B89B1}.Debug|Mixed Platforms.ActiveCfg = Debug|Any CPU
		{0040B1B9-6E22-438A-A6A7-A5A00B2B89B1}.Debug|Mixed Platforms.Build.0 = Debug|Any CPU
		{0040B1B9-6E22-438A-A6A7-A5A00B2B89B1}.Debug|x86.ActiveCfg = Debug|Any CPU
		{0040B1B9-6E22-438A-A6A7-A5A00B2B89B1}.Release|Any CPU.ActiveCfg = Release|Any CPU
		{0040B1B9-6E22-438A-A6A7-A5A00B2B89B1}.Release|Any CPU.Build.0 = Release|Any CPU
		{0040B1B9-6E22-438A-A6A7-A5A00B2B89B1}.Release|ARM.ActiveCfg = Release|Any CPU
		{0040B1B9-6E22-438A-A6A7-A5A00B2B89B1}.Release|iPhone.ActiveCfg = Release|Any CPU
		{0040B1B9-6E22-438A-A6A7-A5A00B2B89B1}.Release|iPhone.Build.0 = Release|Any CPU
		{0040B1B9-6E22-438A-A6A7-A5A00B2B89B1}.Release|iPhoneSimulator.ActiveCfg = Release|Any CPU
		{0040B1B9-6E22-438A-A6A7-A5A00B2B89B1}.Release|iPhoneSimulator.Build.0 = Release|Any CPU
		{0040B1B9-6E22-438A-A6A7-A5A00B2B89B1}.Release|Mixed Platforms.ActiveCfg = Release|Any CPU
		{0040B1B9-6E22-438A-A6A7-A5A00B2B89B1}.Release|Mixed Platforms.Build.0 = Release|Any CPU
		{0040B1B9-6E22-438A-A6A7-A5A00B2B89B1}.Release|x86.ActiveCfg = Release|Any CPU
		{453394D3-F7E4-49E4-8FAE-36F1D988AE15}.Ad-Hoc|Any CPU.ActiveCfg = Release|Any CPU
		{453394D3-F7E4-49E4-8FAE-36F1D988AE15}.Ad-Hoc|Any CPU.Build.0 = Release|Any CPU
		{453394D3-F7E4-49E4-8FAE-36F1D988AE15}.Ad-Hoc|ARM.ActiveCfg = Release|Any CPU
		{453394D3-F7E4-49E4-8FAE-36F1D988AE15}.Ad-Hoc|iPhone.ActiveCfg = Debug|Any CPU
		{453394D3-F7E4-49E4-8FAE-36F1D988AE15}.Ad-Hoc|iPhone.Build.0 = Debug|Any CPU
		{453394D3-F7E4-49E4-8FAE-36F1D988AE15}.Ad-Hoc|iPhoneSimulator.ActiveCfg = Release|Any CPU
		{453394D3-F7E4-49E4-8FAE-36F1D988AE15}.Ad-Hoc|Mixed Platforms.ActiveCfg = Release|Any CPU
		{453394D3-F7E4-49E4-8FAE-36F1D988AE15}.Ad-Hoc|Mixed Platforms.Build.0 = Release|Any CPU
		{453394D3-F7E4-49E4-8FAE-36F1D988AE15}.Ad-Hoc|x86.ActiveCfg = Release|Any CPU
		{453394D3-F7E4-49E4-8FAE-36F1D988AE15}.AppStore|Any CPU.ActiveCfg = Release|Any CPU
		{453394D3-F7E4-49E4-8FAE-36F1D988AE15}.AppStore|Any CPU.Build.0 = Release|Any CPU
		{453394D3-F7E4-49E4-8FAE-36F1D988AE15}.AppStore|ARM.ActiveCfg = Release|Any CPU
		{453394D3-F7E4-49E4-8FAE-36F1D988AE15}.AppStore|iPhone.ActiveCfg = Debug|Any CPU
		{453394D3-F7E4-49E4-8FAE-36F1D988AE15}.AppStore|iPhone.Build.0 = Debug|Any CPU
		{453394D3-F7E4-49E4-8FAE-36F1D988AE15}.AppStore|iPhoneSimulator.ActiveCfg = Release|Any CPU
		{453394D3-F7E4-49E4-8FAE-36F1D988AE15}.AppStore|Mixed Platforms.ActiveCfg = Release|Any CPU
		{453394D3-F7E4-49E4-8FAE-36F1D988AE15}.AppStore|Mixed Platforms.Build.0 = Release|Any CPU
		{453394D3-F7E4-49E4-8FAE-36F1D988AE15}.AppStore|x86.ActiveCfg = Release|Any CPU
		{453394D3-F7E4-49E4-8FAE-36F1D988AE15}.Debug|Any CPU.ActiveCfg = Debug|Any CPU
		{453394D3-F7E4-49E4-8FAE-36F1D988AE15}.Debug|Any CPU.Build.0 = Debug|Any CPU
		{453394D3-F7E4-49E4-8FAE-36F1D988AE15}.Debug|ARM.ActiveCfg = Debug|Any CPU
		{453394D3-F7E4-49E4-8FAE-36F1D988AE15}.Debug|iPhone.ActiveCfg = Debug|Any CPU
		{453394D3-F7E4-49E4-8FAE-36F1D988AE15}.Debug|iPhone.Build.0 = Debug|Any CPU
		{453394D3-F7E4-49E4-8FAE-36F1D988AE15}.Debug|iPhoneSimulator.ActiveCfg = Debug|Any CPU
		{453394D3-F7E4-49E4-8FAE-36F1D988AE15}.Debug|iPhoneSimulator.Build.0 = Debug|Any CPU
		{453394D3-F7E4-49E4-8FAE-36F1D988AE15}.Debug|Mixed Platforms.ActiveCfg = Debug|Any CPU
		{453394D3-F7E4-49E4-8FAE-36F1D988AE15}.Debug|Mixed Platforms.Build.0 = Debug|Any CPU
		{453394D3-F7E4-49E4-8FAE-36F1D988AE15}.Debug|x86.ActiveCfg = Debug|Any CPU
		{453394D3-F7E4-49E4-8FAE-36F1D988AE15}.Release|Any CPU.ActiveCfg = Release|Any CPU
		{453394D3-F7E4-49E4-8FAE-36F1D988AE15}.Release|Any CPU.Build.0 = Release|Any CPU
		{453394D3-F7E4-49E4-8FAE-36F1D988AE15}.Release|ARM.ActiveCfg = Release|Any CPU
		{453394D3-F7E4-49E4-8FAE-36F1D988AE15}.Release|iPhone.ActiveCfg = Release|Any CPU
		{453394D3-F7E4-49E4-8FAE-36F1D988AE15}.Release|iPhone.Build.0 = Release|Any CPU
		{453394D3-F7E4-49E4-8FAE-36F1D988AE15}.Release|iPhoneSimulator.ActiveCfg = Release|Any CPU
		{453394D3-F7E4-49E4-8FAE-36F1D988AE15}.Release|iPhoneSimulator.Build.0 = Release|Any CPU
		{453394D3-F7E4-49E4-8FAE-36F1D988AE15}.Release|Mixed Platforms.ActiveCfg = Release|Any CPU
		{453394D3-F7E4-49E4-8FAE-36F1D988AE15}.Release|Mixed Platforms.Build.0 = Release|Any CPU
		{453394D3-F7E4-49E4-8FAE-36F1D988AE15}.Release|x86.ActiveCfg = Release|Any CPU
		{BBF69390-4C62-43A3-8F2A-0EEC579F21F0}.Ad-Hoc|Any CPU.ActiveCfg = Release|Any CPU
		{BBF69390-4C62-43A3-8F2A-0EEC579F21F0}.Ad-Hoc|Any CPU.Build.0 = Release|Any CPU
		{BBF69390-4C62-43A3-8F2A-0EEC579F21F0}.Ad-Hoc|ARM.ActiveCfg = Release|Any CPU
		{BBF69390-4C62-43A3-8F2A-0EEC579F21F0}.Ad-Hoc|iPhone.ActiveCfg = Debug|Any CPU
		{BBF69390-4C62-43A3-8F2A-0EEC579F21F0}.Ad-Hoc|iPhone.Build.0 = Debug|Any CPU
		{BBF69390-4C62-43A3-8F2A-0EEC579F21F0}.Ad-Hoc|iPhoneSimulator.ActiveCfg = Release|Any CPU
		{BBF69390-4C62-43A3-8F2A-0EEC579F21F0}.Ad-Hoc|Mixed Platforms.ActiveCfg = Release|Any CPU
		{BBF69390-4C62-43A3-8F2A-0EEC579F21F0}.Ad-Hoc|Mixed Platforms.Build.0 = Release|Any CPU
		{BBF69390-4C62-43A3-8F2A-0EEC579F21F0}.Ad-Hoc|x86.ActiveCfg = Release|Any CPU
		{BBF69390-4C62-43A3-8F2A-0EEC579F21F0}.AppStore|Any CPU.ActiveCfg = Release|Any CPU
		{BBF69390-4C62-43A3-8F2A-0EEC579F21F0}.AppStore|Any CPU.Build.0 = Release|Any CPU
		{BBF69390-4C62-43A3-8F2A-0EEC579F21F0}.AppStore|ARM.ActiveCfg = Release|Any CPU
		{BBF69390-4C62-43A3-8F2A-0EEC579F21F0}.AppStore|iPhone.ActiveCfg = Debug|Any CPU
		{BBF69390-4C62-43A3-8F2A-0EEC579F21F0}.AppStore|iPhone.Build.0 = Debug|Any CPU
		{BBF69390-4C62-43A3-8F2A-0EEC579F21F0}.AppStore|iPhoneSimulator.ActiveCfg = Release|Any CPU
		{BBF69390-4C62-43A3-8F2A-0EEC579F21F0}.AppStore|Mixed Platforms.ActiveCfg = Release|Any CPU
		{BBF69390-4C62-43A3-8F2A-0EEC579F21F0}.AppStore|Mixed Platforms.Build.0 = Release|Any CPU
		{BBF69390-4C62-43A3-8F2A-0EEC579F21F0}.AppStore|x86.ActiveCfg = Release|Any CPU
		{BBF69390-4C62-43A3-8F2A-0EEC579F21F0}.Debug|Any CPU.ActiveCfg = Debug|Any CPU
		{BBF69390-4C62-43A3-8F2A-0EEC579F21F0}.Debug|Any CPU.Build.0 = Debug|Any CPU
		{BBF69390-4C62-43A3-8F2A-0EEC579F21F0}.Debug|ARM.ActiveCfg = Debug|Any CPU
		{BBF69390-4C62-43A3-8F2A-0EEC579F21F0}.Debug|iPhone.ActiveCfg = Debug|Any CPU
		{BBF69390-4C62-43A3-8F2A-0EEC579F21F0}.Debug|iPhone.Build.0 = Debug|Any CPU
		{BBF69390-4C62-43A3-8F2A-0EEC579F21F0}.Debug|iPhoneSimulator.ActiveCfg = Debug|Any CPU
		{BBF69390-4C62-43A3-8F2A-0EEC579F21F0}.Debug|iPhoneSimulator.Build.0 = Debug|Any CPU
		{BBF69390-4C62-43A3-8F2A-0EEC579F21F0}.Debug|Mixed Platforms.ActiveCfg = Debug|Any CPU
		{BBF69390-4C62-43A3-8F2A-0EEC579F21F0}.Debug|Mixed Platforms.Build.0 = Debug|Any CPU
		{BBF69390-4C62-43A3-8F2A-0EEC579F21F0}.Debug|x86.ActiveCfg = Debug|Any CPU
		{BBF69390-4C62-43A3-8F2A-0EEC579F21F0}.Release|Any CPU.ActiveCfg = Release|Any CPU
		{BBF69390-4C62-43A3-8F2A-0EEC579F21F0}.Release|Any CPU.Build.0 = Release|Any CPU
		{BBF69390-4C62-43A3-8F2A-0EEC579F21F0}.Release|ARM.ActiveCfg = Release|Any CPU
		{BBF69390-4C62-43A3-8F2A-0EEC579F21F0}.Release|iPhone.ActiveCfg = Release|Any CPU
		{BBF69390-4C62-43A3-8F2A-0EEC579F21F0}.Release|iPhone.Build.0 = Release|Any CPU
		{BBF69390-4C62-43A3-8F2A-0EEC579F21F0}.Release|iPhoneSimulator.ActiveCfg = Release|Any CPU
		{BBF69390-4C62-43A3-8F2A-0EEC579F21F0}.Release|iPhoneSimulator.Build.0 = Release|Any CPU
		{BBF69390-4C62-43A3-8F2A-0EEC579F21F0}.Release|Mixed Platforms.ActiveCfg = Release|Any CPU
		{BBF69390-4C62-43A3-8F2A-0EEC579F21F0}.Release|Mixed Platforms.Build.0 = Release|Any CPU
		{BBF69390-4C62-43A3-8F2A-0EEC579F21F0}.Release|x86.ActiveCfg = Release|Any CPU
		{C12A111F-28FB-45AB-8F7E-609255CD2D7B}.Ad-Hoc|Any CPU.ActiveCfg = Release|Any CPU
		{C12A111F-28FB-45AB-8F7E-609255CD2D7B}.Ad-Hoc|Any CPU.Build.0 = Release|Any CPU
		{C12A111F-28FB-45AB-8F7E-609255CD2D7B}.Ad-Hoc|Any CPU.Deploy.0 = Release|Any CPU
		{C12A111F-28FB-45AB-8F7E-609255CD2D7B}.Ad-Hoc|ARM.ActiveCfg = Release|Any CPU
		{C12A111F-28FB-45AB-8F7E-609255CD2D7B}.Ad-Hoc|iPhone.ActiveCfg = Debug|Any CPU
		{C12A111F-28FB-45AB-8F7E-609255CD2D7B}.Ad-Hoc|iPhone.Build.0 = Debug|Any CPU
		{C12A111F-28FB-45AB-8F7E-609255CD2D7B}.Ad-Hoc|iPhoneSimulator.ActiveCfg = Release|Any CPU
		{C12A111F-28FB-45AB-8F7E-609255CD2D7B}.Ad-Hoc|Mixed Platforms.ActiveCfg = Release|Any CPU
		{C12A111F-28FB-45AB-8F7E-609255CD2D7B}.Ad-Hoc|Mixed Platforms.Build.0 = Release|Any CPU
		{C12A111F-28FB-45AB-8F7E-609255CD2D7B}.Ad-Hoc|Mixed Platforms.Deploy.0 = Release|Any CPU
		{C12A111F-28FB-45AB-8F7E-609255CD2D7B}.Ad-Hoc|x86.ActiveCfg = Release|Any CPU
		{C12A111F-28FB-45AB-8F7E-609255CD2D7B}.AppStore|Any CPU.ActiveCfg = Release|Any CPU
		{C12A111F-28FB-45AB-8F7E-609255CD2D7B}.AppStore|Any CPU.Build.0 = Release|Any CPU
		{C12A111F-28FB-45AB-8F7E-609255CD2D7B}.AppStore|Any CPU.Deploy.0 = Release|Any CPU
		{C12A111F-28FB-45AB-8F7E-609255CD2D7B}.AppStore|ARM.ActiveCfg = Release|Any CPU
		{C12A111F-28FB-45AB-8F7E-609255CD2D7B}.AppStore|iPhone.ActiveCfg = Debug|Any CPU
		{C12A111F-28FB-45AB-8F7E-609255CD2D7B}.AppStore|iPhone.Build.0 = Debug|Any CPU
		{C12A111F-28FB-45AB-8F7E-609255CD2D7B}.AppStore|iPhoneSimulator.ActiveCfg = Release|Any CPU
		{C12A111F-28FB-45AB-8F7E-609255CD2D7B}.AppStore|Mixed Platforms.ActiveCfg = Release|Any CPU
		{C12A111F-28FB-45AB-8F7E-609255CD2D7B}.AppStore|Mixed Platforms.Build.0 = Release|Any CPU
		{C12A111F-28FB-45AB-8F7E-609255CD2D7B}.AppStore|Mixed Platforms.Deploy.0 = Release|Any CPU
		{C12A111F-28FB-45AB-8F7E-609255CD2D7B}.AppStore|x86.ActiveCfg = Release|Any CPU
		{C12A111F-28FB-45AB-8F7E-609255CD2D7B}.Debug|Any CPU.ActiveCfg = Debug|Any CPU
		{C12A111F-28FB-45AB-8F7E-609255CD2D7B}.Debug|Any CPU.Build.0 = Debug|Any CPU
		{C12A111F-28FB-45AB-8F7E-609255CD2D7B}.Debug|ARM.ActiveCfg = Debug|Any CPU
		{C12A111F-28FB-45AB-8F7E-609255CD2D7B}.Debug|iPhone.ActiveCfg = Debug|Any CPU
		{C12A111F-28FB-45AB-8F7E-609255CD2D7B}.Debug|iPhone.Build.0 = Debug|Any CPU
		{C12A111F-28FB-45AB-8F7E-609255CD2D7B}.Debug|iPhoneSimulator.ActiveCfg = Debug|Any CPU
		{C12A111F-28FB-45AB-8F7E-609255CD2D7B}.Debug|iPhoneSimulator.Build.0 = Debug|Any CPU
		{C12A111F-28FB-45AB-8F7E-609255CD2D7B}.Debug|Mixed Platforms.ActiveCfg = Debug|Any CPU
		{C12A111F-28FB-45AB-8F7E-609255CD2D7B}.Debug|Mixed Platforms.Build.0 = Debug|Any CPU
		{C12A111F-28FB-45AB-8F7E-609255CD2D7B}.Debug|Mixed Platforms.Deploy.0 = Debug|Any CPU
		{C12A111F-28FB-45AB-8F7E-609255CD2D7B}.Debug|x86.ActiveCfg = Debug|Any CPU
		{C12A111F-28FB-45AB-8F7E-609255CD2D7B}.Release|Any CPU.ActiveCfg = Release|Any CPU
		{C12A111F-28FB-45AB-8F7E-609255CD2D7B}.Release|Any CPU.Build.0 = Release|Any CPU
		{C12A111F-28FB-45AB-8F7E-609255CD2D7B}.Release|ARM.ActiveCfg = Release|Any CPU
		{C12A111F-28FB-45AB-8F7E-609255CD2D7B}.Release|iPhone.ActiveCfg = Release|Any CPU
		{C12A111F-28FB-45AB-8F7E-609255CD2D7B}.Release|iPhone.Build.0 = Release|Any CPU
		{C12A111F-28FB-45AB-8F7E-609255CD2D7B}.Release|iPhoneSimulator.ActiveCfg = Release|Any CPU
		{C12A111F-28FB-45AB-8F7E-609255CD2D7B}.Release|iPhoneSimulator.Build.0 = Release|Any CPU
		{C12A111F-28FB-45AB-8F7E-609255CD2D7B}.Release|Mixed Platforms.ActiveCfg = Release|Any CPU
		{C12A111F-28FB-45AB-8F7E-609255CD2D7B}.Release|Mixed Platforms.Build.0 = Release|Any CPU
		{C12A111F-28FB-45AB-8F7E-609255CD2D7B}.Release|Mixed Platforms.Deploy.0 = Release|Any CPU
		{C12A111F-28FB-45AB-8F7E-609255CD2D7B}.Release|x86.ActiveCfg = Release|Any CPU
		{CEE2DCF6-7C07-4D21-A212-05876EC5E954}.Ad-Hoc|Any CPU.ActiveCfg = Release|Any CPU
		{CEE2DCF6-7C07-4D21-A212-05876EC5E954}.Ad-Hoc|Any CPU.Build.0 = Release|Any CPU
		{CEE2DCF6-7C07-4D21-A212-05876EC5E954}.Ad-Hoc|ARM.ActiveCfg = Release|Any CPU
		{CEE2DCF6-7C07-4D21-A212-05876EC5E954}.Ad-Hoc|iPhone.ActiveCfg = Debug|Any CPU
		{CEE2DCF6-7C07-4D21-A212-05876EC5E954}.Ad-Hoc|iPhone.Build.0 = Debug|Any CPU
		{CEE2DCF6-7C07-4D21-A212-05876EC5E954}.Ad-Hoc|iPhoneSimulator.ActiveCfg = Release|Any CPU
		{CEE2DCF6-7C07-4D21-A212-05876EC5E954}.Ad-Hoc|Mixed Platforms.ActiveCfg = Release|Any CPU
		{CEE2DCF6-7C07-4D21-A212-05876EC5E954}.Ad-Hoc|Mixed Platforms.Build.0 = Release|Any CPU
		{CEE2DCF6-7C07-4D21-A212-05876EC5E954}.Ad-Hoc|x86.ActiveCfg = Release|Any CPU
		{CEE2DCF6-7C07-4D21-A212-05876EC5E954}.AppStore|Any CPU.ActiveCfg = Release|Any CPU
		{CEE2DCF6-7C07-4D21-A212-05876EC5E954}.AppStore|Any CPU.Build.0 = Release|Any CPU
		{CEE2DCF6-7C07-4D21-A212-05876EC5E954}.AppStore|ARM.ActiveCfg = Release|Any CPU
		{CEE2DCF6-7C07-4D21-A212-05876EC5E954}.AppStore|iPhone.ActiveCfg = Debug|Any CPU
		{CEE2DCF6-7C07-4D21-A212-05876EC5E954}.AppStore|iPhone.Build.0 = Debug|Any CPU
		{CEE2DCF6-7C07-4D21-A212-05876EC5E954}.AppStore|iPhoneSimulator.ActiveCfg = Release|Any CPU
		{CEE2DCF6-7C07-4D21-A212-05876EC5E954}.AppStore|Mixed Platforms.ActiveCfg = Release|Any CPU
		{CEE2DCF6-7C07-4D21-A212-05876EC5E954}.AppStore|Mixed Platforms.Build.0 = Release|Any CPU
		{CEE2DCF6-7C07-4D21-A212-05876EC5E954}.AppStore|x86.ActiveCfg = Release|Any CPU
		{CEE2DCF6-7C07-4D21-A212-05876EC5E954}.Debug|Any CPU.ActiveCfg = Debug|Any CPU
		{CEE2DCF6-7C07-4D21-A212-05876EC5E954}.Debug|Any CPU.Build.0 = Debug|Any CPU
		{CEE2DCF6-7C07-4D21-A212-05876EC5E954}.Debug|ARM.ActiveCfg = Debug|Any CPU
		{CEE2DCF6-7C07-4D21-A212-05876EC5E954}.Debug|iPhone.ActiveCfg = Debug|Any CPU
		{CEE2DCF6-7C07-4D21-A212-05876EC5E954}.Debug|iPhone.Build.0 = Debug|Any CPU
		{CEE2DCF6-7C07-4D21-A212-05876EC5E954}.Debug|iPhoneSimulator.ActiveCfg = Debug|Any CPU
		{CEE2DCF6-7C07-4D21-A212-05876EC5E954}.Debug|iPhoneSimulator.Build.0 = Debug|Any CPU
		{CEE2DCF6-7C07-4D21-A212-05876EC5E954}.Debug|Mixed Platforms.ActiveCfg = Debug|Any CPU
		{CEE2DCF6-7C07-4D21-A212-05876EC5E954}.Debug|Mixed Platforms.Build.0 = Debug|Any CPU
		{CEE2DCF6-7C07-4D21-A212-05876EC5E954}.Debug|x86.ActiveCfg = Debug|Any CPU
		{CEE2DCF6-7C07-4D21-A212-05876EC5E954}.Release|Any CPU.ActiveCfg = Release|Any CPU
		{CEE2DCF6-7C07-4D21-A212-05876EC5E954}.Release|Any CPU.Build.0 = Release|Any CPU
		{CEE2DCF6-7C07-4D21-A212-05876EC5E954}.Release|ARM.ActiveCfg = Release|Any CPU
		{CEE2DCF6-7C07-4D21-A212-05876EC5E954}.Release|iPhone.ActiveCfg = Release|Any CPU
		{CEE2DCF6-7C07-4D21-A212-05876EC5E954}.Release|iPhone.Build.0 = Release|Any CPU
		{CEE2DCF6-7C07-4D21-A212-05876EC5E954}.Release|iPhoneSimulator.ActiveCfg = Release|Any CPU
		{CEE2DCF6-7C07-4D21-A212-05876EC5E954}.Release|iPhoneSimulator.Build.0 = Release|Any CPU
		{CEE2DCF6-7C07-4D21-A212-05876EC5E954}.Release|Mixed Platforms.ActiveCfg = Release|Any CPU
		{CEE2DCF6-7C07-4D21-A212-05876EC5E954}.Release|Mixed Platforms.Build.0 = Release|Any CPU
		{CEE2DCF6-7C07-4D21-A212-05876EC5E954}.Release|x86.ActiveCfg = Release|Any CPU
		{EC6A5B67-5128-4F0B-A74D-E234F6A57476}.Ad-Hoc|Any CPU.ActiveCfg = Release|Any CPU
		{EC6A5B67-5128-4F0B-A74D-E234F6A57476}.Ad-Hoc|Any CPU.Build.0 = Release|Any CPU
		{EC6A5B67-5128-4F0B-A74D-E234F6A57476}.Ad-Hoc|Any CPU.Deploy.0 = Release|Any CPU
		{EC6A5B67-5128-4F0B-A74D-E234F6A57476}.Ad-Hoc|ARM.ActiveCfg = Release|Any CPU
		{EC6A5B67-5128-4F0B-A74D-E234F6A57476}.Ad-Hoc|iPhone.ActiveCfg = Debug|Any CPU
		{EC6A5B67-5128-4F0B-A74D-E234F6A57476}.Ad-Hoc|iPhone.Build.0 = Debug|Any CPU
		{EC6A5B67-5128-4F0B-A74D-E234F6A57476}.Ad-Hoc|iPhoneSimulator.ActiveCfg = Release|Any CPU
		{EC6A5B67-5128-4F0B-A74D-E234F6A57476}.Ad-Hoc|Mixed Platforms.ActiveCfg = Release|Any CPU
		{EC6A5B67-5128-4F0B-A74D-E234F6A57476}.Ad-Hoc|Mixed Platforms.Build.0 = Release|Any CPU
		{EC6A5B67-5128-4F0B-A74D-E234F6A57476}.Ad-Hoc|Mixed Platforms.Deploy.0 = Release|Any CPU
		{EC6A5B67-5128-4F0B-A74D-E234F6A57476}.Ad-Hoc|x86.ActiveCfg = Release|Any CPU
		{EC6A5B67-5128-4F0B-A74D-E234F6A57476}.AppStore|Any CPU.ActiveCfg = Release|Any CPU
		{EC6A5B67-5128-4F0B-A74D-E234F6A57476}.AppStore|Any CPU.Build.0 = Release|Any CPU
		{EC6A5B67-5128-4F0B-A74D-E234F6A57476}.AppStore|Any CPU.Deploy.0 = Release|Any CPU
		{EC6A5B67-5128-4F0B-A74D-E234F6A57476}.AppStore|ARM.ActiveCfg = Release|Any CPU
		{EC6A5B67-5128-4F0B-A74D-E234F6A57476}.AppStore|iPhone.ActiveCfg = Debug|Any CPU
		{EC6A5B67-5128-4F0B-A74D-E234F6A57476}.AppStore|iPhone.Build.0 = Debug|Any CPU
		{EC6A5B67-5128-4F0B-A74D-E234F6A57476}.AppStore|iPhoneSimulator.ActiveCfg = Release|Any CPU
		{EC6A5B67-5128-4F0B-A74D-E234F6A57476}.AppStore|Mixed Platforms.ActiveCfg = Release|Any CPU
		{EC6A5B67-5128-4F0B-A74D-E234F6A57476}.AppStore|Mixed Platforms.Build.0 = Release|Any CPU
		{EC6A5B67-5128-4F0B-A74D-E234F6A57476}.AppStore|Mixed Platforms.Deploy.0 = Release|Any CPU
		{EC6A5B67-5128-4F0B-A74D-E234F6A57476}.AppStore|x86.ActiveCfg = Release|Any CPU
		{EC6A5B67-5128-4F0B-A74D-E234F6A57476}.Debug|Any CPU.ActiveCfg = Debug|Any CPU
		{EC6A5B67-5128-4F0B-A74D-E234F6A57476}.Debug|Any CPU.Build.0 = Debug|Any CPU
		{EC6A5B67-5128-4F0B-A74D-E234F6A57476}.Debug|ARM.ActiveCfg = Debug|Any CPU
		{EC6A5B67-5128-4F0B-A74D-E234F6A57476}.Debug|iPhone.ActiveCfg = Debug|Any CPU
		{EC6A5B67-5128-4F0B-A74D-E234F6A57476}.Debug|iPhone.Build.0 = Debug|Any CPU
		{EC6A5B67-5128-4F0B-A74D-E234F6A57476}.Debug|iPhoneSimulator.ActiveCfg = Debug|Any CPU
		{EC6A5B67-5128-4F0B-A74D-E234F6A57476}.Debug|iPhoneSimulator.Build.0 = Debug|Any CPU
		{EC6A5B67-5128-4F0B-A74D-E234F6A57476}.Debug|Mixed Platforms.ActiveCfg = Debug|Any CPU
		{EC6A5B67-5128-4F0B-A74D-E234F6A57476}.Debug|Mixed Platforms.Build.0 = Debug|Any CPU
		{EC6A5B67-5128-4F0B-A74D-E234F6A57476}.Debug|Mixed Platforms.Deploy.0 = Debug|Any CPU
		{EC6A5B67-5128-4F0B-A74D-E234F6A57476}.Debug|x86.ActiveCfg = Debug|Any CPU
		{EC6A5B67-5128-4F0B-A74D-E234F6A57476}.Release|Any CPU.ActiveCfg = Release|Any CPU
		{EC6A5B67-5128-4F0B-A74D-E234F6A57476}.Release|Any CPU.Build.0 = Release|Any CPU
		{EC6A5B67-5128-4F0B-A74D-E234F6A57476}.Release|ARM.ActiveCfg = Release|Any CPU
		{EC6A5B67-5128-4F0B-A74D-E234F6A57476}.Release|iPhone.ActiveCfg = Release|Any CPU
		{EC6A5B67-5128-4F0B-A74D-E234F6A57476}.Release|iPhone.Build.0 = Release|Any CPU
		{EC6A5B67-5128-4F0B-A74D-E234F6A57476}.Release|iPhoneSimulator.ActiveCfg = Release|Any CPU
		{EC6A5B67-5128-4F0B-A74D-E234F6A57476}.Release|iPhoneSimulator.Build.0 = Release|Any CPU
		{EC6A5B67-5128-4F0B-A74D-E234F6A57476}.Release|Mixed Platforms.ActiveCfg = Release|Any CPU
		{EC6A5B67-5128-4F0B-A74D-E234F6A57476}.Release|Mixed Platforms.Build.0 = Release|Any CPU
		{EC6A5B67-5128-4F0B-A74D-E234F6A57476}.Release|Mixed Platforms.Deploy.0 = Release|Any CPU
		{EC6A5B67-5128-4F0B-A74D-E234F6A57476}.Release|x86.ActiveCfg = Release|Any CPU
		{9146775A-E315-4CEB-9CB2-3DBFC9D9A58C}.Ad-Hoc|Any CPU.ActiveCfg = Ad-Hoc|iPhoneSimulator
		{9146775A-E315-4CEB-9CB2-3DBFC9D9A58C}.Ad-Hoc|ARM.ActiveCfg = Ad-Hoc|iPhoneSimulator
		{9146775A-E315-4CEB-9CB2-3DBFC9D9A58C}.Ad-Hoc|iPhone.ActiveCfg = Ad-Hoc|iPhone
		{9146775A-E315-4CEB-9CB2-3DBFC9D9A58C}.Ad-Hoc|iPhone.Build.0 = Ad-Hoc|iPhone
		{9146775A-E315-4CEB-9CB2-3DBFC9D9A58C}.Ad-Hoc|iPhoneSimulator.ActiveCfg = Ad-Hoc|iPhoneSimulator
		{9146775A-E315-4CEB-9CB2-3DBFC9D9A58C}.Ad-Hoc|iPhoneSimulator.Build.0 = Ad-Hoc|iPhoneSimulator
		{9146775A-E315-4CEB-9CB2-3DBFC9D9A58C}.Ad-Hoc|Mixed Platforms.ActiveCfg = Ad-Hoc|iPhoneSimulator
		{9146775A-E315-4CEB-9CB2-3DBFC9D9A58C}.Ad-Hoc|Mixed Platforms.Build.0 = Ad-Hoc|iPhoneSimulator
		{9146775A-E315-4CEB-9CB2-3DBFC9D9A58C}.Ad-Hoc|x86.ActiveCfg = Ad-Hoc|iPhoneSimulator
		{9146775A-E315-4CEB-9CB2-3DBFC9D9A58C}.AppStore|Any CPU.ActiveCfg = AppStore|iPhoneSimulator
		{9146775A-E315-4CEB-9CB2-3DBFC9D9A58C}.AppStore|ARM.ActiveCfg = AppStore|iPhoneSimulator
		{9146775A-E315-4CEB-9CB2-3DBFC9D9A58C}.AppStore|iPhone.ActiveCfg = AppStore|iPhone
		{9146775A-E315-4CEB-9CB2-3DBFC9D9A58C}.AppStore|iPhone.Build.0 = AppStore|iPhone
		{9146775A-E315-4CEB-9CB2-3DBFC9D9A58C}.AppStore|iPhoneSimulator.ActiveCfg = AppStore|iPhoneSimulator
		{9146775A-E315-4CEB-9CB2-3DBFC9D9A58C}.AppStore|iPhoneSimulator.Build.0 = AppStore|iPhoneSimulator
		{9146775A-E315-4CEB-9CB2-3DBFC9D9A58C}.AppStore|Mixed Platforms.ActiveCfg = AppStore|iPhoneSimulator
		{9146775A-E315-4CEB-9CB2-3DBFC9D9A58C}.AppStore|Mixed Platforms.Build.0 = AppStore|iPhoneSimulator
		{9146775A-E315-4CEB-9CB2-3DBFC9D9A58C}.AppStore|x86.ActiveCfg = AppStore|iPhoneSimulator
		{9146775A-E315-4CEB-9CB2-3DBFC9D9A58C}.Debug|Any CPU.ActiveCfg = Debug|iPhoneSimulator
		{9146775A-E315-4CEB-9CB2-3DBFC9D9A58C}.Debug|Any CPU.Build.0 = Debug|iPhoneSimulator
		{9146775A-E315-4CEB-9CB2-3DBFC9D9A58C}.Debug|ARM.ActiveCfg = Debug|iPhone
		{9146775A-E315-4CEB-9CB2-3DBFC9D9A58C}.Debug|iPhone.ActiveCfg = Debug|iPhone
		{9146775A-E315-4CEB-9CB2-3DBFC9D9A58C}.Debug|iPhone.Build.0 = Debug|iPhone
		{9146775A-E315-4CEB-9CB2-3DBFC9D9A58C}.Debug|iPhoneSimulator.ActiveCfg = Debug|iPhoneSimulator
		{9146775A-E315-4CEB-9CB2-3DBFC9D9A58C}.Debug|iPhoneSimulator.Build.0 = Debug|iPhoneSimulator
		{9146775A-E315-4CEB-9CB2-3DBFC9D9A58C}.Debug|Mixed Platforms.ActiveCfg = Debug|iPhone
		{9146775A-E315-4CEB-9CB2-3DBFC9D9A58C}.Debug|Mixed Platforms.Build.0 = Debug|iPhone
		{9146775A-E315-4CEB-9CB2-3DBFC9D9A58C}.Debug|x86.ActiveCfg = Debug|iPhone
		{9146775A-E315-4CEB-9CB2-3DBFC9D9A58C}.Release|Any CPU.ActiveCfg = Release|iPhoneSimulator
		{9146775A-E315-4CEB-9CB2-3DBFC9D9A58C}.Release|Any CPU.Build.0 = Release|iPhoneSimulator
		{9146775A-E315-4CEB-9CB2-3DBFC9D9A58C}.Release|ARM.ActiveCfg = Release|iPhone
		{9146775A-E315-4CEB-9CB2-3DBFC9D9A58C}.Release|iPhone.ActiveCfg = Release|iPhone
		{9146775A-E315-4CEB-9CB2-3DBFC9D9A58C}.Release|iPhone.Build.0 = Release|iPhone
		{9146775A-E315-4CEB-9CB2-3DBFC9D9A58C}.Release|iPhoneSimulator.ActiveCfg = Release|iPhoneSimulator
		{9146775A-E315-4CEB-9CB2-3DBFC9D9A58C}.Release|iPhoneSimulator.Build.0 = Release|iPhoneSimulator
		{9146775A-E315-4CEB-9CB2-3DBFC9D9A58C}.Release|Mixed Platforms.ActiveCfg = Release|iPhone
		{9146775A-E315-4CEB-9CB2-3DBFC9D9A58C}.Release|Mixed Platforms.Build.0 = Release|iPhone
		{9146775A-E315-4CEB-9CB2-3DBFC9D9A58C}.Release|x86.ActiveCfg = Release|iPhone
		{09458A2E-8CFE-4FC1-82BD-C1096F5948A6}.Ad-Hoc|Any CPU.ActiveCfg = Release|Any CPU
		{09458A2E-8CFE-4FC1-82BD-C1096F5948A6}.Ad-Hoc|Any CPU.Build.0 = Release|Any CPU
		{09458A2E-8CFE-4FC1-82BD-C1096F5948A6}.Ad-Hoc|ARM.ActiveCfg = Release|ARM
		{09458A2E-8CFE-4FC1-82BD-C1096F5948A6}.Ad-Hoc|ARM.Build.0 = Release|ARM
		{09458A2E-8CFE-4FC1-82BD-C1096F5948A6}.Ad-Hoc|iPhone.ActiveCfg = Release|Any CPU
		{09458A2E-8CFE-4FC1-82BD-C1096F5948A6}.Ad-Hoc|iPhoneSimulator.ActiveCfg = Release|Any CPU
		{09458A2E-8CFE-4FC1-82BD-C1096F5948A6}.Ad-Hoc|Mixed Platforms.ActiveCfg = Release|x86
		{09458A2E-8CFE-4FC1-82BD-C1096F5948A6}.Ad-Hoc|Mixed Platforms.Build.0 = Release|x86
		{09458A2E-8CFE-4FC1-82BD-C1096F5948A6}.Ad-Hoc|x86.ActiveCfg = Release|x86
		{09458A2E-8CFE-4FC1-82BD-C1096F5948A6}.Ad-Hoc|x86.Build.0 = Release|x86
		{09458A2E-8CFE-4FC1-82BD-C1096F5948A6}.AppStore|Any CPU.ActiveCfg = Release|Any CPU
		{09458A2E-8CFE-4FC1-82BD-C1096F5948A6}.AppStore|Any CPU.Build.0 = Release|Any CPU
		{09458A2E-8CFE-4FC1-82BD-C1096F5948A6}.AppStore|ARM.ActiveCfg = Release|ARM
		{09458A2E-8CFE-4FC1-82BD-C1096F5948A6}.AppStore|ARM.Build.0 = Release|ARM
		{09458A2E-8CFE-4FC1-82BD-C1096F5948A6}.AppStore|iPhone.ActiveCfg = Release|Any CPU
		{09458A2E-8CFE-4FC1-82BD-C1096F5948A6}.AppStore|iPhoneSimulator.ActiveCfg = Release|Any CPU
		{09458A2E-8CFE-4FC1-82BD-C1096F5948A6}.AppStore|Mixed Platforms.ActiveCfg = Release|x86
		{09458A2E-8CFE-4FC1-82BD-C1096F5948A6}.AppStore|Mixed Platforms.Build.0 = Release|x86
		{09458A2E-8CFE-4FC1-82BD-C1096F5948A6}.AppStore|x86.ActiveCfg = Release|x86
		{09458A2E-8CFE-4FC1-82BD-C1096F5948A6}.AppStore|x86.Build.0 = Release|x86
		{09458A2E-8CFE-4FC1-82BD-C1096F5948A6}.Debug|Any CPU.ActiveCfg = Debug|Any CPU
		{09458A2E-8CFE-4FC1-82BD-C1096F5948A6}.Debug|Any CPU.Build.0 = Debug|Any CPU
		{09458A2E-8CFE-4FC1-82BD-C1096F5948A6}.Debug|ARM.ActiveCfg = Debug|ARM
		{09458A2E-8CFE-4FC1-82BD-C1096F5948A6}.Debug|ARM.Build.0 = Debug|ARM
		{09458A2E-8CFE-4FC1-82BD-C1096F5948A6}.Debug|iPhone.ActiveCfg = Debug|Any CPU
		{09458A2E-8CFE-4FC1-82BD-C1096F5948A6}.Debug|iPhoneSimulator.ActiveCfg = Debug|Any CPU
		{09458A2E-8CFE-4FC1-82BD-C1096F5948A6}.Debug|Mixed Platforms.ActiveCfg = Debug|x86
		{09458A2E-8CFE-4FC1-82BD-C1096F5948A6}.Debug|Mixed Platforms.Build.0 = Debug|x86
		{09458A2E-8CFE-4FC1-82BD-C1096F5948A6}.Debug|x86.ActiveCfg = Debug|x86
		{09458A2E-8CFE-4FC1-82BD-C1096F5948A6}.Debug|x86.Build.0 = Debug|x86
		{09458A2E-8CFE-4FC1-82BD-C1096F5948A6}.Release|Any CPU.ActiveCfg = Release|Any CPU
		{09458A2E-8CFE-4FC1-82BD-C1096F5948A6}.Release|Any CPU.Build.0 = Release|Any CPU
		{09458A2E-8CFE-4FC1-82BD-C1096F5948A6}.Release|ARM.ActiveCfg = Release|ARM
		{09458A2E-8CFE-4FC1-82BD-C1096F5948A6}.Release|ARM.Build.0 = Release|ARM
		{09458A2E-8CFE-4FC1-82BD-C1096F5948A6}.Release|iPhone.ActiveCfg = Release|Any CPU
		{09458A2E-8CFE-4FC1-82BD-C1096F5948A6}.Release|iPhoneSimulator.ActiveCfg = Release|Any CPU
		{09458A2E-8CFE-4FC1-82BD-C1096F5948A6}.Release|Mixed Platforms.ActiveCfg = Release|x86
		{09458A2E-8CFE-4FC1-82BD-C1096F5948A6}.Release|Mixed Platforms.Build.0 = Release|x86
		{09458A2E-8CFE-4FC1-82BD-C1096F5948A6}.Release|x86.ActiveCfg = Release|x86
		{09458A2E-8CFE-4FC1-82BD-C1096F5948A6}.Release|x86.Build.0 = Release|x86
		{14A9FC12-B03C-4349-9856-E09B978727C2}.Ad-Hoc|Any CPU.ActiveCfg = Release|Any CPU
		{14A9FC12-B03C-4349-9856-E09B978727C2}.Ad-Hoc|Any CPU.Build.0 = Release|Any CPU
		{14A9FC12-B03C-4349-9856-E09B978727C2}.Ad-Hoc|Any CPU.Deploy.0 = Release|Any CPU
		{14A9FC12-B03C-4349-9856-E09B978727C2}.Ad-Hoc|ARM.ActiveCfg = Release|ARM
		{14A9FC12-B03C-4349-9856-E09B978727C2}.Ad-Hoc|ARM.Build.0 = Release|ARM
		{14A9FC12-B03C-4349-9856-E09B978727C2}.Ad-Hoc|ARM.Deploy.0 = Release|ARM
		{14A9FC12-B03C-4349-9856-E09B978727C2}.Ad-Hoc|iPhone.ActiveCfg = Release|Any CPU
		{14A9FC12-B03C-4349-9856-E09B978727C2}.Ad-Hoc|iPhoneSimulator.ActiveCfg = Release|Any CPU
		{14A9FC12-B03C-4349-9856-E09B978727C2}.Ad-Hoc|Mixed Platforms.ActiveCfg = Release|x86
		{14A9FC12-B03C-4349-9856-E09B978727C2}.Ad-Hoc|Mixed Platforms.Build.0 = Release|x86
		{14A9FC12-B03C-4349-9856-E09B978727C2}.Ad-Hoc|Mixed Platforms.Deploy.0 = Release|x86
		{14A9FC12-B03C-4349-9856-E09B978727C2}.Ad-Hoc|x86.ActiveCfg = Release|x86
		{14A9FC12-B03C-4349-9856-E09B978727C2}.Ad-Hoc|x86.Build.0 = Release|x86
		{14A9FC12-B03C-4349-9856-E09B978727C2}.Ad-Hoc|x86.Deploy.0 = Release|x86
		{14A9FC12-B03C-4349-9856-E09B978727C2}.AppStore|Any CPU.ActiveCfg = Release|Any CPU
		{14A9FC12-B03C-4349-9856-E09B978727C2}.AppStore|Any CPU.Build.0 = Release|Any CPU
		{14A9FC12-B03C-4349-9856-E09B978727C2}.AppStore|Any CPU.Deploy.0 = Release|Any CPU
		{14A9FC12-B03C-4349-9856-E09B978727C2}.AppStore|ARM.ActiveCfg = Release|ARM
		{14A9FC12-B03C-4349-9856-E09B978727C2}.AppStore|ARM.Build.0 = Release|ARM
		{14A9FC12-B03C-4349-9856-E09B978727C2}.AppStore|ARM.Deploy.0 = Release|ARM
		{14A9FC12-B03C-4349-9856-E09B978727C2}.AppStore|iPhone.ActiveCfg = Release|Any CPU
		{14A9FC12-B03C-4349-9856-E09B978727C2}.AppStore|iPhoneSimulator.ActiveCfg = Release|Any CPU
		{14A9FC12-B03C-4349-9856-E09B978727C2}.AppStore|Mixed Platforms.ActiveCfg = Release|x86
		{14A9FC12-B03C-4349-9856-E09B978727C2}.AppStore|Mixed Platforms.Build.0 = Release|x86
		{14A9FC12-B03C-4349-9856-E09B978727C2}.AppStore|Mixed Platforms.Deploy.0 = Release|x86
		{14A9FC12-B03C-4349-9856-E09B978727C2}.AppStore|x86.ActiveCfg = Release|x86
		{14A9FC12-B03C-4349-9856-E09B978727C2}.AppStore|x86.Build.0 = Release|x86
		{14A9FC12-B03C-4349-9856-E09B978727C2}.AppStore|x86.Deploy.0 = Release|x86
		{14A9FC12-B03C-4349-9856-E09B978727C2}.Debug|Any CPU.ActiveCfg = Debug|Any CPU
		{14A9FC12-B03C-4349-9856-E09B978727C2}.Debug|Any CPU.Build.0 = Debug|Any CPU
		{14A9FC12-B03C-4349-9856-E09B978727C2}.Debug|Any CPU.Deploy.0 = Debug|Any CPU
		{14A9FC12-B03C-4349-9856-E09B978727C2}.Debug|ARM.ActiveCfg = Debug|ARM
		{14A9FC12-B03C-4349-9856-E09B978727C2}.Debug|ARM.Build.0 = Debug|ARM
		{14A9FC12-B03C-4349-9856-E09B978727C2}.Debug|ARM.Deploy.0 = Debug|ARM
		{14A9FC12-B03C-4349-9856-E09B978727C2}.Debug|iPhone.ActiveCfg = Debug|Any CPU
		{14A9FC12-B03C-4349-9856-E09B978727C2}.Debug|iPhoneSimulator.ActiveCfg = Debug|Any CPU
		{14A9FC12-B03C-4349-9856-E09B978727C2}.Debug|Mixed Platforms.ActiveCfg = Debug|x86
		{14A9FC12-B03C-4349-9856-E09B978727C2}.Debug|Mixed Platforms.Build.0 = Debug|x86
		{14A9FC12-B03C-4349-9856-E09B978727C2}.Debug|Mixed Platforms.Deploy.0 = Debug|x86
		{14A9FC12-B03C-4349-9856-E09B978727C2}.Debug|x86.ActiveCfg = Debug|x86
		{14A9FC12-B03C-4349-9856-E09B978727C2}.Debug|x86.Build.0 = Debug|x86
		{14A9FC12-B03C-4349-9856-E09B978727C2}.Debug|x86.Deploy.0 = Debug|x86
		{14A9FC12-B03C-4349-9856-E09B978727C2}.Release|Any CPU.ActiveCfg = Release|Any CPU
		{14A9FC12-B03C-4349-9856-E09B978727C2}.Release|Any CPU.Build.0 = Release|Any CPU
		{14A9FC12-B03C-4349-9856-E09B978727C2}.Release|Any CPU.Deploy.0 = Release|Any CPU
		{14A9FC12-B03C-4349-9856-E09B978727C2}.Release|ARM.ActiveCfg = Release|ARM
		{14A9FC12-B03C-4349-9856-E09B978727C2}.Release|ARM.Build.0 = Release|ARM
		{14A9FC12-B03C-4349-9856-E09B978727C2}.Release|ARM.Deploy.0 = Release|ARM
		{14A9FC12-B03C-4349-9856-E09B978727C2}.Release|iPhone.ActiveCfg = Release|Any CPU
		{14A9FC12-B03C-4349-9856-E09B978727C2}.Release|iPhoneSimulator.ActiveCfg = Release|Any CPU
		{14A9FC12-B03C-4349-9856-E09B978727C2}.Release|Mixed Platforms.ActiveCfg = Release|x86
		{14A9FC12-B03C-4349-9856-E09B978727C2}.Release|Mixed Platforms.Build.0 = Release|x86
		{14A9FC12-B03C-4349-9856-E09B978727C2}.Release|Mixed Platforms.Deploy.0 = Release|x86
		{14A9FC12-B03C-4349-9856-E09B978727C2}.Release|x86.ActiveCfg = Release|x86
		{14A9FC12-B03C-4349-9856-E09B978727C2}.Release|x86.Build.0 = Release|x86
		{14A9FC12-B03C-4349-9856-E09B978727C2}.Release|x86.Deploy.0 = Release|x86
	EndGlobalSection
	GlobalSection(SolutionProperties) = preSolution
		HideSolutionNode = FALSE
	EndGlobalSection
	GlobalSection(NestedProjects) = preSolution
		{65733427-B647-4556-A87C-20937496780A} = {671419BD-1389-4B59-87C3-338F15D146C0}
		{0040B1B9-6E22-438A-A6A7-A5A00B2B89B1} = {671419BD-1389-4B59-87C3-338F15D146C0}
		{453394D3-F7E4-49E4-8FAE-36F1D988AE15} = {671419BD-1389-4B59-87C3-338F15D146C0}
		{BBF69390-4C62-43A3-8F2A-0EEC579F21F0} = {54B1A705-65DD-436D-8630-D9F3B5ED24C9}
		{C12A111F-28FB-45AB-8F7E-609255CD2D7B} = {54B1A705-65DD-436D-8630-D9F3B5ED24C9}
		{CEE2DCF6-7C07-4D21-A212-05876EC5E954} = {70D60FAE-6E12-4883-B30C-9616822B905B}
		{EC6A5B67-5128-4F0B-A74D-E234F6A57476} = {70D60FAE-6E12-4883-B30C-9616822B905B}
		{9146775A-E315-4CEB-9CB2-3DBFC9D9A58C} = {70D60FAE-6E12-4883-B30C-9616822B905B}
		{09458A2E-8CFE-4FC1-82BD-C1096F5948A6} = {671419BD-1389-4B59-87C3-338F15D146C0}
		{14A9FC12-B03C-4349-9856-E09B978727C2} = {70D60FAE-6E12-4883-B30C-9616822B905B}
	EndGlobalSection
	GlobalSection(MonoDevelopProperties) = preSolution
		StartupItem = Robotics.Mobile.Robotroller.Droid\Robotics.Mobile.Robotroller.Droid.csproj
	EndGlobalSection
EndGlobal
