
Microsoft Visual Studio Solution File, Format Version 12.00
# Visual Studio 2012
Project("{2150E333-8FDC-42A3-9474-1A3956D46DE8}") = "NetduinoRobot", "NetduinoRobot", "{54B1A705-65DD-436D-8630-D9F3B5ED24C9}"
EndProject
Project("{2150E333-8FDC-42A3-9474-1A3956D46DE8}") = "Micro.Core Projects Reference", "Micro.Core Projects Reference", "{2C49EAC6-1E35-4D50-BB6E-C9EB55B07D5A}"
EndProject
Project("{FAE04EC0-301F-11D3-BF4B-00C04F79EFBC}") = "Robotics.Micro.Core", "..\..\Source\Platform Stacks\Robotics.Micro.Core\Robotics.Micro.Core.csproj", "{BBF69390-4C62-43A3-8F2A-0EEC579F21F0}"
EndProject
Project("{FAE04EC0-301F-11D3-BF4B-00C04F79EFBC}") = "Robotics.Micro.Robotroller.Netduino", "Robotics.Micro.Robotroller\Robotics.Micro.Robotroller.Netduino.csproj", "{C12A111F-28FB-45AB-8F7E-609255CD2D7B}"
EndProject
Project("{2150E333-8FDC-42A3-9474-1A3956D46DE8}") = "MobileApp", "MobileApp", "{70D60FAE-6E12-4883-B30C-9616822B905B}"
EndProject
Project("{FAE04EC0-301F-11D3-BF4B-00C04F79EFBC}") = "Robotics.Mobile.Robotroller.Core", "Robotics.Mobile.Robotroller.Core\Robotics.Mobile.Robotroller.Core.csproj", "{CEE2DCF6-7C07-4D21-A212-05876EC5E954}"
EndProject
Project("{FAE04EC0-301F-11D3-BF4B-00C04F79EFBC}") = "Robotics.Mobile.Robotroller.Droid", "Robotics.Mobile.Robotroller.Droid\Robotics.Mobile.Robotroller.Droid.csproj", "{EC6A5B67-5128-4F0B-A74D-E234F6A57476}"
EndProject
Project("{FAE04EC0-301F-11D3-BF4B-00C04F79EFBC}") = "Robotics.Mobile.Robotroller.iOS", "Robotics.Mobile.Robotroller.iOS\Robotics.Mobile.Robotroller.iOS.csproj", "{9146775A-E315-4CEB-9CB2-3DBFC9D9A58C}"
EndProject
Project("{2150E333-8FDC-42A3-9474-1A3956D46DE8}") = "Mobile.Core Projects Reference", "Mobile.Core Projects Reference", "{671419BD-1389-4B59-87C3-338F15D146C0}"
EndProject
Project("{FAE04EC0-301F-11D3-BF4B-00C04F79EFBC}") = "Robotics.Mobile.Core", "..\..\Source\Platform Stacks\Robotics.Mobile.Core\Robotics.Mobile.Core.csproj", "{65733427-B647-4556-A87C-20937496780A}"
EndProject
Project("{FAE04EC0-301F-11D3-BF4B-00C04F79EFBC}") = "Robotics.Mobile.Core.Droid", "..\..\Source\Platform Stacks\Robotics.Mobile.Core.Droid\Robotics.Mobile.Core.Droid.csproj", "{0040B1B9-6E22-438A-A6A7-A5A00B2B89B1}"
EndProject
Project("{FAE04EC0-301F-11D3-BF4B-00C04F79EFBC}") = "Robotics.Mobile.Core.iOS", "..\..\Source\Platform Stacks\Robotics.Mobile.Core.iOS\Robotics.Mobile.Core.iOS.csproj", "{453394D3-F7E4-49E4-8FAE-36F1D988AE15}"
EndProject
Global
	GlobalSection(SolutionConfigurationPlatforms) = preSolution
		Debug|Any CPU = Debug|Any CPU
		Release|Any CPU = Release|Any CPU
		Debug|iPhoneSimulator = Debug|iPhoneSimulator
		Release|iPhoneSimulator = Release|iPhoneSimulator
		Debug|iPhone = Debug|iPhone
		Release|iPhone = Release|iPhone
		Ad-Hoc|iPhone = Ad-Hoc|iPhone
		AppStore|iPhone = AppStore|iPhone
	EndGlobalSection
	GlobalSection(ProjectConfigurationPlatforms) = postSolution
		{0040B1B9-6E22-438A-A6A7-A5A00B2B89B1}.Ad-Hoc|iPhone.ActiveCfg = Debug|Any CPU
		{0040B1B9-6E22-438A-A6A7-A5A00B2B89B1}.Ad-Hoc|iPhone.Build.0 = Debug|Any CPU
		{0040B1B9-6E22-438A-A6A7-A5A00B2B89B1}.AppStore|iPhone.ActiveCfg = Debug|Any CPU
		{0040B1B9-6E22-438A-A6A7-A5A00B2B89B1}.AppStore|iPhone.Build.0 = Debug|Any CPU
		{0040B1B9-6E22-438A-A6A7-A5A00B2B89B1}.Debug|Any CPU.ActiveCfg = Debug|Any CPU
		{0040B1B9-6E22-438A-A6A7-A5A00B2B89B1}.Debug|Any CPU.Build.0 = Debug|Any CPU
		{0040B1B9-6E22-438A-A6A7-A5A00B2B89B1}.Debug|iPhone.ActiveCfg = Debug|Any CPU
		{0040B1B9-6E22-438A-A6A7-A5A00B2B89B1}.Debug|iPhone.Build.0 = Debug|Any CPU
		{0040B1B9-6E22-438A-A6A7-A5A00B2B89B1}.Debug|iPhoneSimulator.ActiveCfg = Debug|Any CPU
		{0040B1B9-6E22-438A-A6A7-A5A00B2B89B1}.Debug|iPhoneSimulator.Build.0 = Debug|Any CPU
		{0040B1B9-6E22-438A-A6A7-A5A00B2B89B1}.Release|Any CPU.ActiveCfg = Release|Any CPU
		{0040B1B9-6E22-438A-A6A7-A5A00B2B89B1}.Release|Any CPU.Build.0 = Release|Any CPU
		{0040B1B9-6E22-438A-A6A7-A5A00B2B89B1}.Release|iPhone.ActiveCfg = Release|Any CPU
		{0040B1B9-6E22-438A-A6A7-A5A00B2B89B1}.Release|iPhone.Build.0 = Release|Any CPU
		{0040B1B9-6E22-438A-A6A7-A5A00B2B89B1}.Release|iPhoneSimulator.ActiveCfg = Release|Any CPU
		{0040B1B9-6E22-438A-A6A7-A5A00B2B89B1}.Release|iPhoneSimulator.Build.0 = Release|Any CPU
		{453394D3-F7E4-49E4-8FAE-36F1D988AE15}.Ad-Hoc|iPhone.ActiveCfg = Debug|Any CPU
		{453394D3-F7E4-49E4-8FAE-36F1D988AE15}.Ad-Hoc|iPhone.Build.0 = Debug|Any CPU
		{453394D3-F7E4-49E4-8FAE-36F1D988AE15}.AppStore|iPhone.ActiveCfg = Debug|Any CPU
		{453394D3-F7E4-49E4-8FAE-36F1D988AE15}.AppStore|iPhone.Build.0 = Debug|Any CPU
		{453394D3-F7E4-49E4-8FAE-36F1D988AE15}.Debug|Any CPU.ActiveCfg = Debug|Any CPU
		{453394D3-F7E4-49E4-8FAE-36F1D988AE15}.Debug|Any CPU.Build.0 = Debug|Any CPU
		{453394D3-F7E4-49E4-8FAE-36F1D988AE15}.Debug|iPhone.ActiveCfg = Debug|Any CPU
		{453394D3-F7E4-49E4-8FAE-36F1D988AE15}.Debug|iPhone.Build.0 = Debug|Any CPU
		{453394D3-F7E4-49E4-8FAE-36F1D988AE15}.Debug|iPhoneSimulator.ActiveCfg = Debug|Any CPU
		{453394D3-F7E4-49E4-8FAE-36F1D988AE15}.Debug|iPhoneSimulator.Build.0 = Debug|Any CPU
		{453394D3-F7E4-49E4-8FAE-36F1D988AE15}.Release|Any CPU.ActiveCfg = Release|Any CPU
		{453394D3-F7E4-49E4-8FAE-36F1D988AE15}.Release|Any CPU.Build.0 = Release|Any CPU
		{453394D3-F7E4-49E4-8FAE-36F1D988AE15}.Release|iPhone.ActiveCfg = Release|Any CPU
		{453394D3-F7E4-49E4-8FAE-36F1D988AE15}.Release|iPhone.Build.0 = Release|Any CPU
		{453394D3-F7E4-49E4-8FAE-36F1D988AE15}.Release|iPhoneSimulator.ActiveCfg = Release|Any CPU
		{453394D3-F7E4-49E4-8FAE-36F1D988AE15}.Release|iPhoneSimulator.Build.0 = Release|Any CPU
		{65733427-B647-4556-A87C-20937496780A}.Ad-Hoc|iPhone.ActiveCfg = Debug|Any CPU
		{65733427-B647-4556-A87C-20937496780A}.Ad-Hoc|iPhone.Build.0 = Debug|Any CPU
		{65733427-B647-4556-A87C-20937496780A}.AppStore|iPhone.ActiveCfg = Debug|Any CPU
		{65733427-B647-4556-A87C-20937496780A}.AppStore|iPhone.Build.0 = Debug|Any CPU
		{65733427-B647-4556-A87C-20937496780A}.Debug|Any CPU.ActiveCfg = Debug|Any CPU
		{65733427-B647-4556-A87C-20937496780A}.Debug|Any CPU.Build.0 = Debug|Any CPU
		{65733427-B647-4556-A87C-20937496780A}.Debug|iPhone.ActiveCfg = Debug|Any CPU
		{65733427-B647-4556-A87C-20937496780A}.Debug|iPhone.Build.0 = Debug|Any CPU
		{65733427-B647-4556-A87C-20937496780A}.Debug|iPhoneSimulator.ActiveCfg = Debug|Any CPU
		{65733427-B647-4556-A87C-20937496780A}.Debug|iPhoneSimulator.Build.0 = Debug|Any CPU
		{65733427-B647-4556-A87C-20937496780A}.Release|Any CPU.ActiveCfg = Release|Any CPU
		{65733427-B647-4556-A87C-20937496780A}.Release|Any CPU.Build.0 = Release|Any CPU
		{65733427-B647-4556-A87C-20937496780A}.Release|iPhone.ActiveCfg = Release|Any CPU
		{65733427-B647-4556-A87C-20937496780A}.Release|iPhone.Build.0 = Release|Any CPU
		{65733427-B647-4556-A87C-20937496780A}.Release|iPhoneSimulator.ActiveCfg = Release|Any CPU
		{65733427-B647-4556-A87C-20937496780A}.Release|iPhoneSimulator.Build.0 = Release|Any CPU
		{9146775A-E315-4CEB-9CB2-3DBFC9D9A58C}.Ad-Hoc|iPhone.ActiveCfg = Ad-Hoc|iPhone
		{9146775A-E315-4CEB-9CB2-3DBFC9D9A58C}.Ad-Hoc|iPhone.Build.0 = Ad-Hoc|iPhone
		{9146775A-E315-4CEB-9CB2-3DBFC9D9A58C}.AppStore|iPhone.ActiveCfg = AppStore|iPhone
		{9146775A-E315-4CEB-9CB2-3DBFC9D9A58C}.AppStore|iPhone.Build.0 = AppStore|iPhone
		{9146775A-E315-4CEB-9CB2-3DBFC9D9A58C}.Debug|Any CPU.ActiveCfg = Debug|iPhoneSimulator
		{9146775A-E315-4CEB-9CB2-3DBFC9D9A58C}.Debug|Any CPU.Build.0 = Debug|iPhoneSimulator
		{9146775A-E315-4CEB-9CB2-3DBFC9D9A58C}.Debug|iPhone.ActiveCfg = Debug|iPhone
		{9146775A-E315-4CEB-9CB2-3DBFC9D9A58C}.Debug|iPhone.Build.0 = Debug|iPhone
		{9146775A-E315-4CEB-9CB2-3DBFC9D9A58C}.Debug|iPhoneSimulator.ActiveCfg = Debug|iPhoneSimulator
		{9146775A-E315-4CEB-9CB2-3DBFC9D9A58C}.Debug|iPhoneSimulator.Build.0 = Debug|iPhoneSimulator
		{9146775A-E315-4CEB-9CB2-3DBFC9D9A58C}.Release|Any CPU.ActiveCfg = Release|iPhoneSimulator
		{9146775A-E315-4CEB-9CB2-3DBFC9D9A58C}.Release|Any CPU.Build.0 = Release|iPhoneSimulator
		{9146775A-E315-4CEB-9CB2-3DBFC9D9A58C}.Release|iPhone.ActiveCfg = Release|iPhone
		{9146775A-E315-4CEB-9CB2-3DBFC9D9A58C}.Release|iPhone.Build.0 = Release|iPhone
		{9146775A-E315-4CEB-9CB2-3DBFC9D9A58C}.Release|iPhoneSimulator.ActiveCfg = Release|iPhoneSimulator
		{9146775A-E315-4CEB-9CB2-3DBFC9D9A58C}.Release|iPhoneSimulator.Build.0 = Release|iPhoneSimulator
		{BBF69390-4C62-43A3-8F2A-0EEC579F21F0}.Ad-Hoc|iPhone.ActiveCfg = Debug|Any CPU
		{BBF69390-4C62-43A3-8F2A-0EEC579F21F0}.Ad-Hoc|iPhone.Build.0 = Debug|Any CPU
		{BBF69390-4C62-43A3-8F2A-0EEC579F21F0}.AppStore|iPhone.ActiveCfg = Debug|Any CPU
		{BBF69390-4C62-43A3-8F2A-0EEC579F21F0}.AppStore|iPhone.Build.0 = Debug|Any CPU
		{BBF69390-4C62-43A3-8F2A-0EEC579F21F0}.Debug|Any CPU.ActiveCfg = Debug|Any CPU
		{BBF69390-4C62-43A3-8F2A-0EEC579F21F0}.Debug|Any CPU.Build.0 = Debug|Any CPU
		{BBF69390-4C62-43A3-8F2A-0EEC579F21F0}.Debug|iPhone.ActiveCfg = Debug|Any CPU
		{BBF69390-4C62-43A3-8F2A-0EEC579F21F0}.Debug|iPhone.Build.0 = Debug|Any CPU
		{BBF69390-4C62-43A3-8F2A-0EEC579F21F0}.Debug|iPhoneSimulator.ActiveCfg = Debug|Any CPU
		{BBF69390-4C62-43A3-8F2A-0EEC579F21F0}.Debug|iPhoneSimulator.Build.0 = Debug|Any CPU
		{BBF69390-4C62-43A3-8F2A-0EEC579F21F0}.Release|Any CPU.ActiveCfg = Release|Any CPU
		{BBF69390-4C62-43A3-8F2A-0EEC579F21F0}.Release|Any CPU.Build.0 = Release|Any CPU
		{BBF69390-4C62-43A3-8F2A-0EEC579F21F0}.Release|iPhone.ActiveCfg = Release|Any CPU
		{BBF69390-4C62-43A3-8F2A-0EEC579F21F0}.Release|iPhone.Build.0 = Release|Any CPU
		{BBF69390-4C62-43A3-8F2A-0EEC579F21F0}.Release|iPhoneSimulator.ActiveCfg = Release|Any CPU
		{BBF69390-4C62-43A3-8F2A-0EEC579F21F0}.Release|iPhoneSimulator.Build.0 = Release|Any CPU
		{C12A111F-28FB-45AB-8F7E-609255CD2D7B}.Ad-Hoc|iPhone.ActiveCfg = Debug|Any CPU
		{C12A111F-28FB-45AB-8F7E-609255CD2D7B}.Ad-Hoc|iPhone.Build.0 = Debug|Any CPU
		{C12A111F-28FB-45AB-8F7E-609255CD2D7B}.AppStore|iPhone.ActiveCfg = Debug|Any CPU
		{C12A111F-28FB-45AB-8F7E-609255CD2D7B}.AppStore|iPhone.Build.0 = Debug|Any CPU
		{C12A111F-28FB-45AB-8F7E-609255CD2D7B}.Debug|Any CPU.ActiveCfg = Debug|Any CPU
		{C12A111F-28FB-45AB-8F7E-609255CD2D7B}.Debug|Any CPU.Build.0 = Debug|Any CPU
		{C12A111F-28FB-45AB-8F7E-609255CD2D7B}.Debug|iPhone.ActiveCfg = Debug|Any CPU
		{C12A111F-28FB-45AB-8F7E-609255CD2D7B}.Debug|iPhone.Build.0 = Debug|Any CPU
		{C12A111F-28FB-45AB-8F7E-609255CD2D7B}.Debug|iPhoneSimulator.ActiveCfg = Debug|Any CPU
		{C12A111F-28FB-45AB-8F7E-609255CD2D7B}.Debug|iPhoneSimulator.Build.0 = Debug|Any CPU
		{C12A111F-28FB-45AB-8F7E-609255CD2D7B}.Release|Any CPU.ActiveCfg = Release|Any CPU
		{C12A111F-28FB-45AB-8F7E-609255CD2D7B}.Release|Any CPU.Build.0 = Release|Any CPU
		{C12A111F-28FB-45AB-8F7E-609255CD2D7B}.Release|iPhone.ActiveCfg = Release|Any CPU
		{C12A111F-28FB-45AB-8F7E-609255CD2D7B}.Release|iPhone.Build.0 = Release|Any CPU
		{C12A111F-28FB-45AB-8F7E-609255CD2D7B}.Release|iPhoneSimulator.ActiveCfg = Release|Any CPU
		{C12A111F-28FB-45AB-8F7E-609255CD2D7B}.Release|iPhoneSimulator.Build.0 = Release|Any CPU
		{CEE2DCF6-7C07-4D21-A212-05876EC5E954}.Ad-Hoc|iPhone.ActiveCfg = Debug|Any CPU
		{CEE2DCF6-7C07-4D21-A212-05876EC5E954}.Ad-Hoc|iPhone.Build.0 = Debug|Any CPU
		{CEE2DCF6-7C07-4D21-A212-05876EC5E954}.AppStore|iPhone.ActiveCfg = Debug|Any CPU
		{CEE2DCF6-7C07-4D21-A212-05876EC5E954}.AppStore|iPhone.Build.0 = Debug|Any CPU
		{CEE2DCF6-7C07-4D21-A212-05876EC5E954}.Debug|Any CPU.ActiveCfg = Debug|Any CPU
		{CEE2DCF6-7C07-4D21-A212-05876EC5E954}.Debug|Any CPU.Build.0 = Debug|Any CPU
		{CEE2DCF6-7C07-4D21-A212-05876EC5E954}.Debug|iPhone.ActiveCfg = Debug|Any CPU
		{CEE2DCF6-7C07-4D21-A212-05876EC5E954}.Debug|iPhone.Build.0 = Debug|Any CPU
		{CEE2DCF6-7C07-4D21-A212-05876EC5E954}.Debug|iPhoneSimulator.ActiveCfg = Debug|Any CPU
		{CEE2DCF6-7C07-4D21-A212-05876EC5E954}.Debug|iPhoneSimulator.Build.0 = Debug|Any CPU
		{CEE2DCF6-7C07-4D21-A212-05876EC5E954}.Release|Any CPU.ActiveCfg = Release|Any CPU
		{CEE2DCF6-7C07-4D21-A212-05876EC5E954}.Release|Any CPU.Build.0 = Release|Any CPU
		{CEE2DCF6-7C07-4D21-A212-05876EC5E954}.Release|iPhone.ActiveCfg = Release|Any CPU
		{CEE2DCF6-7C07-4D21-A212-05876EC5E954}.Release|iPhone.Build.0 = Release|Any CPU
		{CEE2DCF6-7C07-4D21-A212-05876EC5E954}.Release|iPhoneSimulator.ActiveCfg = Release|Any CPU
		{CEE2DCF6-7C07-4D21-A212-05876EC5E954}.Release|iPhoneSimulator.Build.0 = Release|Any CPU
		{EC6A5B67-5128-4F0B-A74D-E234F6A57476}.Ad-Hoc|iPhone.ActiveCfg = Debug|Any CPU
		{EC6A5B67-5128-4F0B-A74D-E234F6A57476}.Ad-Hoc|iPhone.Build.0 = Debug|Any CPU
		{EC6A5B67-5128-4F0B-A74D-E234F6A57476}.AppStore|iPhone.ActiveCfg = Debug|Any CPU
		{EC6A5B67-5128-4F0B-A74D-E234F6A57476}.AppStore|iPhone.Build.0 = Debug|Any CPU
		{EC6A5B67-5128-4F0B-A74D-E234F6A57476}.Debug|Any CPU.ActiveCfg = Debug|Any CPU
		{EC6A5B67-5128-4F0B-A74D-E234F6A57476}.Debug|Any CPU.Build.0 = Debug|Any CPU
		{EC6A5B67-5128-4F0B-A74D-E234F6A57476}.Debug|iPhone.ActiveCfg = Debug|Any CPU
		{EC6A5B67-5128-4F0B-A74D-E234F6A57476}.Debug|iPhone.Build.0 = Debug|Any CPU
		{EC6A5B67-5128-4F0B-A74D-E234F6A57476}.Debug|iPhoneSimulator.ActiveCfg = Debug|Any CPU
		{EC6A5B67-5128-4F0B-A74D-E234F6A57476}.Debug|iPhoneSimulator.Build.0 = Debug|Any CPU
		{EC6A5B67-5128-4F0B-A74D-E234F6A57476}.Release|Any CPU.ActiveCfg = Release|Any CPU
		{EC6A5B67-5128-4F0B-A74D-E234F6A57476}.Release|Any CPU.Build.0 = Release|Any CPU
		{EC6A5B67-5128-4F0B-A74D-E234F6A57476}.Release|iPhone.ActiveCfg = Release|Any CPU
		{EC6A5B67-5128-4F0B-A74D-E234F6A57476}.Release|iPhone.Build.0 = Release|Any CPU
		{EC6A5B67-5128-4F0B-A74D-E234F6A57476}.Release|iPhoneSimulator.ActiveCfg = Release|Any CPU
		{EC6A5B67-5128-4F0B-A74D-E234F6A57476}.Release|iPhoneSimulator.Build.0 = Release|Any CPU
	EndGlobalSection
	GlobalSection(NestedProjects) = preSolution
		{2C49EAC6-1E35-4D50-BB6E-C9EB55B07D5A} = {54B1A705-65DD-436D-8630-D9F3B5ED24C9}
		{C12A111F-28FB-45AB-8F7E-609255CD2D7B} = {54B1A705-65DD-436D-8630-D9F3B5ED24C9}
		{BBF69390-4C62-43A3-8F2A-0EEC579F21F0} = {2C49EAC6-1E35-4D50-BB6E-C9EB55B07D5A}
		{CEE2DCF6-7C07-4D21-A212-05876EC5E954} = {70D60FAE-6E12-4883-B30C-9616822B905B}
		{EC6A5B67-5128-4F0B-A74D-E234F6A57476} = {70D60FAE-6E12-4883-B30C-9616822B905B}
		{9146775A-E315-4CEB-9CB2-3DBFC9D9A58C} = {70D60FAE-6E12-4883-B30C-9616822B905B}
		{671419BD-1389-4B59-87C3-338F15D146C0} = {70D60FAE-6E12-4883-B30C-9616822B905B}
		{65733427-B647-4556-A87C-20937496780A} = {671419BD-1389-4B59-87C3-338F15D146C0}
		{0040B1B9-6E22-438A-A6A7-A5A00B2B89B1} = {671419BD-1389-4B59-87C3-338F15D146C0}
		{453394D3-F7E4-49E4-8FAE-36F1D988AE15} = {671419BD-1389-4B59-87C3-338F15D146C0}
	EndGlobalSection
EndGlobal
