
Microsoft Visual Studio Solution File, Format Version 12.00
# Visual Studio 2012
Project("{2150E333-8FDC-42A3-9474-1A3956D46DE8}") = "MonkeyRobotics.Mobile.Core", "MonkeyRobotics.Mobile.Core", "{D6AB04C7-C100-4383-B049-7193784D9CF7}"
EndProject
Project("{FAE04EC0-301F-11D3-BF4B-00C04F79EFBC}") = "Robotics.Mobile.Core", "MonkeyRobotics.Mobile.Core\Robotics.Mobile.Core\Robotics.Mobile.Core.csproj", "{65733427-B647-4556-A87C-20937496780A}"
EndProject
Project("{FAE04EC0-301F-11D3-BF4B-00C04F79EFBC}") = "Robotics.Mobile.Core.Droid", "MonkeyRobotics.Mobile.Core\Robotics.Mobile.Core.Droid\Robotics.Mobile.Core.Droid.csproj", "{0040B1B9-6E22-438A-A6A7-A5A00B2B89B1}"
EndProject
Project("{FAE04EC0-301F-11D3-BF4B-00C04F79EFBC}") = "Robotics.Mobile.Core.iOS", "MonkeyRobotics.Mobile.Core\Robotics.Mobile.Core.iOS\Robotics.Mobile.Core.iOS.csproj", "{453394D3-F7E4-49E4-8FAE-36F1D988AE15}"
EndProject
Project("{2150E333-8FDC-42A3-9474-1A3956D46DE8}") = "RobotrollerMobileApp", "RobotrollerMobileApp", "{184365D2-6421-4F51-8970-E7CF252F84C6}"
EndProject
Project("{FAE04EC0-301F-11D3-BF4B-00C04F79EFBC}") = "Robotics.Mobile.Robotroller.Core", "Robotics.Mobile.Robotroller.Core\Robotics.Mobile.Robotroller.Core.csproj", "{CEE2DCF6-7C07-4D21-A212-05876EC5E954}"
EndProject
Project("{FAE04EC0-301F-11D3-BF4B-00C04F79EFBC}") = "Robotics.Mobile.Robotroller.Droid", "Robotics.Mobile.Robotroller.Droid\Robotics.Mobile.Robotroller.Droid.csproj", "{EC6A5B67-5128-4F0B-A74D-E234F6A57476}"
EndProject
Project("{FAE04EC0-301F-11D3-BF4B-00C04F79EFBC}") = "Robotics.Mobile.Robotroller.iOS", "Robotics.Mobile.Robotroller.iOS\Robotics.Mobile.Robotroller.iOS.csproj", "{9146775A-E315-4CEB-9CB2-3DBFC9D9A58C}"
EndProject
Global
	GlobalSection(SolutionConfigurationPlatforms) = preSolution
		Debug|iPhoneSimulator = Debug|iPhoneSimulator
		Release|iPhoneSimulator = Release|iPhoneSimulator
		Debug|iPhone = Debug|iPhone
		Release|iPhone = Release|iPhone
		Ad-Hoc|iPhone = Ad-Hoc|iPhone
		AppStore|iPhone = AppStore|iPhone
		Debug|Any CPU = Debug|Any CPU
		Release|Any CPU = Release|Any CPU
	EndGlobalSection
	GlobalSection(ProjectConfigurationPlatforms) = postSolution
		{0040B1B9-6E22-438A-A6A7-A5A00B2B89B1}.Ad-Hoc|iPhone.ActiveCfg = Debug|Any CPU
		{0040B1B9-6E22-438A-A6A7-A5A00B2B89B1}.Ad-Hoc|iPhone.Build.0 = Debug|Any CPU
		{0040B1B9-6E22-438A-A6A7-A5A00B2B89B1}.AppStore|iPhone.ActiveCfg = Debug|Any CPU
		{0040B1B9-6E22-438A-A6A7-A5A00B2B89B1}.AppStore|iPhone.Build.0 = Debug|Any CPU
		{0040B1B9-6E22-438A-A6A7-A5A00B2B89B1}.Debug|Any CPU.ActiveCfg = Debug|Any CPU
		{0040B1B9-6E22-438A-A6A7-A5A00B2B89B1}.Debug|Any CPU.Build.0 = Debug|Any CPU
		{0040B1B9-6E22-438A-A6A7-A5A00B2B89B1}.Debug|iPhone.ActiveCfg = Debug|Any CPU
		{0040B1B9-6E22-438A-A6A7-A5A00B2B89B1}.Debug|iPhone.Build.0 = Debug|Any CPU
		{0040B1B9-6E22-438A-A6A7-A5A00B2B89B1}.Debug|iPhoneSimulator.ActiveCfg = Debug|Any CPU
		{0040B1B9-6E22-438A-A6A7-A5A00B2B89B1}.Debug|iPhoneSimulator.Build.0 = Debug|Any CPU
		{0040B1B9-6E22-438A-A6A7-A5A00B2B89B1}.Release|Any CPU.ActiveCfg = Release|Any CPU
		{0040B1B9-6E22-438A-A6A7-A5A00B2B89B1}.Release|Any CPU.Build.0 = Release|Any CPU
		{0040B1B9-6E22-438A-A6A7-A5A00B2B89B1}.Release|iPhone.ActiveCfg = Release|Any CPU
		{0040B1B9-6E22-438A-A6A7-A5A00B2B89B1}.Release|iPhone.Build.0 = Release|Any CPU
		{0040B1B9-6E22-438A-A6A7-A5A00B2B89B1}.Release|iPhoneSimulator.ActiveCfg = Release|Any CPU
		{0040B1B9-6E22-438A-A6A7-A5A00B2B89B1}.Release|iPhoneSimulator.Build.0 = Release|Any CPU
		{453394D3-F7E4-49E4-8FAE-36F1D988AE15}.Ad-Hoc|iPhone.ActiveCfg = Debug|Any CPU
		{453394D3-F7E4-49E4-8FAE-36F1D988AE15}.Ad-Hoc|iPhone.Build.0 = Debug|Any CPU
		{453394D3-F7E4-49E4-8FAE-36F1D988AE15}.AppStore|iPhone.ActiveCfg = Debug|Any CPU
		{453394D3-F7E4-49E4-8FAE-36F1D988AE15}.AppStore|iPhone.Build.0 = Debug|Any CPU
		{453394D3-F7E4-49E4-8FAE-36F1D988AE15}.Debug|Any CPU.ActiveCfg = Debug|Any CPU
		{453394D3-F7E4-49E4-8FAE-36F1D988AE15}.Debug|Any CPU.Build.0 = Debug|Any CPU
		{453394D3-F7E4-49E4-8FAE-36F1D988AE15}.Debug|iPhone.ActiveCfg = Debug|Any CPU
		{453394D3-F7E4-49E4-8FAE-36F1D988AE15}.Debug|iPhone.Build.0 = Debug|Any CPU
		{453394D3-F7E4-49E4-8FAE-36F1D988AE15}.Debug|iPhoneSimulator.ActiveCfg = Debug|Any CPU
		{453394D3-F7E4-49E4-8FAE-36F1D988AE15}.Debug|iPhoneSimulator.Build.0 = Debug|Any CPU
		{453394D3-F7E4-49E4-8FAE-36F1D988AE15}.Release|Any CPU.ActiveCfg = Release|Any CPU
		{453394D3-F7E4-49E4-8FAE-36F1D988AE15}.Release|Any CPU.Build.0 = Release|Any CPU
		{453394D3-F7E4-49E4-8FAE-36F1D988AE15}.Release|iPhone.ActiveCfg = Release|Any CPU
		{453394D3-F7E4-49E4-8FAE-36F1D988AE15}.Release|iPhone.Build.0 = Release|Any CPU
		{453394D3-F7E4-49E4-8FAE-36F1D988AE15}.Release|iPhoneSimulator.ActiveCfg = Release|Any CPU
		{453394D3-F7E4-49E4-8FAE-36F1D988AE15}.Release|iPhoneSimulator.Build.0 = Release|Any CPU
		{65733427-B647-4556-A87C-20937496780A}.Ad-Hoc|iPhone.ActiveCfg = Debug|Any CPU
		{65733427-B647-4556-A87C-20937496780A}.Ad-Hoc|iPhone.Build.0 = Debug|Any CPU
		{65733427-B647-4556-A87C-20937496780A}.AppStore|iPhone.ActiveCfg = Debug|Any CPU
		{65733427-B647-4556-A87C-20937496780A}.AppStore|iPhone.Build.0 = Debug|Any CPU
		{65733427-B647-4556-A87C-20937496780A}.Debug|Any CPU.ActiveCfg = Debug|Any CPU
		{65733427-B647-4556-A87C-20937496780A}.Debug|Any CPU.Build.0 = Debug|Any CPU
		{65733427-B647-4556-A87C-20937496780A}.Debug|iPhone.ActiveCfg = Debug|Any CPU
		{65733427-B647-4556-A87C-20937496780A}.Debug|iPhone.Build.0 = Debug|Any CPU
		{65733427-B647-4556-A87C-20937496780A}.Debug|iPhoneSimulator.ActiveCfg = Debug|Any CPU
		{65733427-B647-4556-A87C-20937496780A}.Debug|iPhoneSimulator.Build.0 = Debug|Any CPU
		{65733427-B647-4556-A87C-20937496780A}.Release|Any CPU.ActiveCfg = Release|Any CPU
		{65733427-B647-4556-A87C-20937496780A}.Release|Any CPU.Build.0 = Release|Any CPU
		{65733427-B647-4556-A87C-20937496780A}.Release|iPhone.ActiveCfg = Release|Any CPU
		{65733427-B647-4556-A87C-20937496780A}.Release|iPhone.Build.0 = Release|Any CPU
		{65733427-B647-4556-A87C-20937496780A}.Release|iPhoneSimulator.ActiveCfg = Release|Any CPU
		{65733427-B647-4556-A87C-20937496780A}.Release|iPhoneSimulator.Build.0 = Release|Any CPU
		{9146775A-E315-4CEB-9CB2-3DBFC9D9A58C}.Ad-Hoc|iPhone.ActiveCfg = Ad-Hoc|iPhone
		{9146775A-E315-4CEB-9CB2-3DBFC9D9A58C}.Ad-Hoc|iPhone.Build.0 = Ad-Hoc|iPhone
		{9146775A-E315-4CEB-9CB2-3DBFC9D9A58C}.AppStore|iPhone.ActiveCfg = AppStore|iPhone
		{9146775A-E315-4CEB-9CB2-3DBFC9D9A58C}.AppStore|iPhone.Build.0 = AppStore|iPhone
		{9146775A-E315-4CEB-9CB2-3DBFC9D9A58C}.Debug|Any CPU.ActiveCfg = Debug|iPhoneSimulator
		{9146775A-E315-4CEB-9CB2-3DBFC9D9A58C}.Debug|Any CPU.Build.0 = Debug|iPhoneSimulator
		{9146775A-E315-4CEB-9CB2-3DBFC9D9A58C}.Debug|iPhone.ActiveCfg = Debug|iPhone
		{9146775A-E315-4CEB-9CB2-3DBFC9D9A58C}.Debug|iPhone.Build.0 = Debug|iPhone
		{9146775A-E315-4CEB-9CB2-3DBFC9D9A58C}.Debug|iPhoneSimulator.ActiveCfg = Debug|iPhoneSimulator
		{9146775A-E315-4CEB-9CB2-3DBFC9D9A58C}.Debug|iPhoneSimulator.Build.0 = Debug|iPhoneSimulator
		{9146775A-E315-4CEB-9CB2-3DBFC9D9A58C}.Release|Any CPU.ActiveCfg = Release|iPhoneSimulator
		{9146775A-E315-4CEB-9CB2-3DBFC9D9A58C}.Release|Any CPU.Build.0 = Release|iPhoneSimulator
		{9146775A-E315-4CEB-9CB2-3DBFC9D9A58C}.Release|iPhone.ActiveCfg = Release|iPhone
		{9146775A-E315-4CEB-9CB2-3DBFC9D9A58C}.Release|iPhone.Build.0 = Release|iPhone
		{9146775A-E315-4CEB-9CB2-3DBFC9D9A58C}.Release|iPhoneSimulator.ActiveCfg = Release|iPhoneSimulator
		{9146775A-E315-4CEB-9CB2-3DBFC9D9A58C}.Release|iPhoneSimulator.Build.0 = Release|iPhoneSimulator
		{CEE2DCF6-7C07-4D21-A212-05876EC5E954}.Ad-Hoc|iPhone.ActiveCfg = Debug|Any CPU
		{CEE2DCF6-7C07-4D21-A212-05876EC5E954}.Ad-Hoc|iPhone.Build.0 = Debug|Any CPU
		{CEE2DCF6-7C07-4D21-A212-05876EC5E954}.AppStore|iPhone.ActiveCfg = Debug|Any CPU
		{CEE2DCF6-7C07-4D21-A212-05876EC5E954}.AppStore|iPhone.Build.0 = Debug|Any CPU
		{CEE2DCF6-7C07-4D21-A212-05876EC5E954}.Debug|Any CPU.ActiveCfg = Debug|Any CPU
		{CEE2DCF6-7C07-4D21-A212-05876EC5E954}.Debug|Any CPU.Build.0 = Debug|Any CPU
		{CEE2DCF6-7C07-4D21-A212-05876EC5E954}.Debug|iPhone.ActiveCfg = Debug|Any CPU
		{CEE2DCF6-7C07-4D21-A212-05876EC5E954}.Debug|iPhone.Build.0 = Debug|Any CPU
		{CEE2DCF6-7C07-4D21-A212-05876EC5E954}.Debug|iPhoneSimulator.ActiveCfg = Debug|Any CPU
		{CEE2DCF6-7C07-4D21-A212-05876EC5E954}.Debug|iPhoneSimulator.Build.0 = Debug|Any CPU
		{CEE2DCF6-7C07-4D21-A212-05876EC5E954}.Release|Any CPU.ActiveCfg = Release|Any CPU
		{CEE2DCF6-7C07-4D21-A212-05876EC5E954}.Release|Any CPU.Build.0 = Release|Any CPU
		{CEE2DCF6-7C07-4D21-A212-05876EC5E954}.Release|iPhone.ActiveCfg = Release|Any CPU
		{CEE2DCF6-7C07-4D21-A212-05876EC5E954}.Release|iPhone.Build.0 = Release|Any CPU
		{CEE2DCF6-7C07-4D21-A212-05876EC5E954}.Release|iPhoneSimulator.ActiveCfg = Release|Any CPU
		{CEE2DCF6-7C07-4D21-A212-05876EC5E954}.Release|iPhoneSimulator.Build.0 = Release|Any CPU
		{EC6A5B67-5128-4F0B-A74D-E234F6A57476}.Ad-Hoc|iPhone.ActiveCfg = Debug|Any CPU
		{EC6A5B67-5128-4F0B-A74D-E234F6A57476}.Ad-Hoc|iPhone.Build.0 = Debug|Any CPU
		{EC6A5B67-5128-4F0B-A74D-E234F6A57476}.AppStore|iPhone.ActiveCfg = Debug|Any CPU
		{EC6A5B67-5128-4F0B-A74D-E234F6A57476}.AppStore|iPhone.Build.0 = Debug|Any CPU
		{EC6A5B67-5128-4F0B-A74D-E234F6A57476}.Debug|Any CPU.ActiveCfg = Debug|Any CPU
		{EC6A5B67-5128-4F0B-A74D-E234F6A57476}.Debug|Any CPU.Build.0 = Debug|Any CPU
		{EC6A5B67-5128-4F0B-A74D-E234F6A57476}.Debug|iPhone.ActiveCfg = Debug|Any CPU
		{EC6A5B67-5128-4F0B-A74D-E234F6A57476}.Debug|iPhone.Build.0 = Debug|Any CPU
		{EC6A5B67-5128-4F0B-A74D-E234F6A57476}.Debug|iPhoneSimulator.ActiveCfg = Debug|Any CPU
		{EC6A5B67-5128-4F0B-A74D-E234F6A57476}.Debug|iPhoneSimulator.Build.0 = Debug|Any CPU
		{EC6A5B67-5128-4F0B-A74D-E234F6A57476}.Release|Any CPU.ActiveCfg = Release|Any CPU
		{EC6A5B67-5128-4F0B-A74D-E234F6A57476}.Release|Any CPU.Build.0 = Release|Any CPU
		{EC6A5B67-5128-4F0B-A74D-E234F6A57476}.Release|iPhone.ActiveCfg = Release|Any CPU
		{EC6A5B67-5128-4F0B-A74D-E234F6A57476}.Release|iPhone.Build.0 = Release|Any CPU
		{EC6A5B67-5128-4F0B-A74D-E234F6A57476}.Release|iPhoneSimulator.ActiveCfg = Release|Any CPU
		{EC6A5B67-5128-4F0B-A74D-E234F6A57476}.Release|iPhoneSimulator.Build.0 = Release|Any CPU
	EndGlobalSection
	GlobalSection(NestedProjects) = preSolution
		{65733427-B647-4556-A87C-20937496780A} = {D6AB04C7-C100-4383-B049-7193784D9CF7}
		{0040B1B9-6E22-438A-A6A7-A5A00B2B89B1} = {D6AB04C7-C100-4383-B049-7193784D9CF7}
		{453394D3-F7E4-49E4-8FAE-36F1D988AE15} = {D6AB04C7-C100-4383-B049-7193784D9CF7}
		{CEE2DCF6-7C07-4D21-A212-05876EC5E954} = {184365D2-6421-4F51-8970-E7CF252F84C6}
		{EC6A5B67-5128-4F0B-A74D-E234F6A57476} = {184365D2-6421-4F51-8970-E7CF252F84C6}
		{9146775A-E315-4CEB-9CB2-3DBFC9D9A58C} = {184365D2-6421-4F51-8970-E7CF252F84C6}
	EndGlobalSection
	GlobalSection(MonoDevelopProperties) = preSolution
		StartupItem = Robotics.Mobile.Robotroller.Droid\Robotics.Mobile.Robotroller.Droid.csproj
	EndGlobalSection
EndGlobal
