
Microsoft Visual Studio Solution File, Format Version 12.00
# Visual Studio 2013
VisualStudioVersion = 12.0.31101.0
MinimumVisualStudioVersion = 10.0.40219.1
Project("{FAE04EC0-301F-11D3-BF4B-00C04F79EFBC}") = "Robotics.Mobile.Core", "..\..\Source\Platform Stacks\Robotics.Mobile.Core\Robotics.Mobile.Core.csproj", "{65733427-B647-4556-A87C-20937496780A}"
EndProject
Project("{FAE04EC0-301F-11D3-BF4B-00C04F79EFBC}") = "Robotics.Mobile.Core.Droid", "..\..\Source\Platform Stacks\Robotics.Mobile.Core.Droid\Robotics.Mobile.Core.Droid.csproj", "{0040B1B9-6E22-438A-A6A7-A5A00B2B89B1}"
EndProject
Project("{FAE04EC0-301F-11D3-BF4B-00C04F79EFBC}") = "Robotics.Mobile.Core.iOS", "..\..\Source\Platform Stacks\Robotics.Mobile.Core.iOS\Robotics.Mobile.Core.iOS.csproj", "{453394D3-F7E4-49E4-8FAE-36F1D988AE15}"
EndProject
Project("{FAE04EC0-301F-11D3-BF4B-00C04F79EFBC}") = "Robotics.Mobile.BtLEExplorer.Core", "Robotics.Mobile.BtLEExplorer.Core\Robotics.Mobile.BtLEExplorer.Core.csproj", "{A1E14BEA-A9D9-46C5-83AA-8891A13E4837}"
EndProject
Project("{FAE04EC0-301F-11D3-BF4B-00C04F79EFBC}") = "Robotics.Mobile.BtLEExplorer.iOS", "Robotics.Mobile.BtLEExplorer.iOS\Robotics.Mobile.BtLEExplorer.iOS.csproj", "{5A951FB6-FD2D-41E3-BE9F-45DC8C238193}"
EndProject
Project("{FAE04EC0-301F-11D3-BF4B-00C04F79EFBC}") = "Robotics.Mobile.BtLEExplorer.Droid", "Robotics.Mobile.BtLEExplorer.Droid\Robotics.Mobile.BtLEExplorer.Droid.csproj", "{99B2DFE6-0DC5-403C-9653-58F13765F0B9}"
EndProject
Project("{FAE04EC0-301F-11D3-BF4B-00C04F79EFBC}") = "Robotics.Mobile.Core.WP", "..\..\Source\Platform Stacks\Robotics.Mobile.Core.WP\Robotics.Mobile.Core.WP.csproj", "{09458A2E-8CFE-4FC1-82BD-C1096F5948A6}"
EndProject
Project("{FAE04EC0-301F-11D3-BF4B-00C04F79EFBC}") = "Robotics.Mobile.BtLEExplorer.WP", "Robotics.Mobile.BtLEExplorer.WP\Robotics.Mobile.BtLEExplorer.WP.csproj", "{E88A843E-2830-4840-81CD-73AFC0A8F050}"
EndProject
Global
	GlobalSection(SolutionConfigurationPlatforms) = preSolution
		Ad-Hoc|Any CPU = Ad-Hoc|Any CPU
		Ad-Hoc|ARM = Ad-Hoc|ARM
		Ad-Hoc|iPhone = Ad-Hoc|iPhone
		Ad-Hoc|iPhoneSimulator = Ad-Hoc|iPhoneSimulator
		Ad-Hoc|Mixed Platforms = Ad-Hoc|Mixed Platforms
		Ad-Hoc|x86 = Ad-Hoc|x86
		AppStore|Any CPU = AppStore|Any CPU
		AppStore|ARM = AppStore|ARM
		AppStore|iPhone = AppStore|iPhone
		AppStore|iPhoneSimulator = AppStore|iPhoneSimulator
		AppStore|Mixed Platforms = AppStore|Mixed Platforms
		AppStore|x86 = AppStore|x86
		Debug|Any CPU = Debug|Any CPU
		Debug|ARM = Debug|ARM
		Debug|iPhone = Debug|iPhone
		Debug|iPhoneSimulator = Debug|iPhoneSimulator
		Debug|Mixed Platforms = Debug|Mixed Platforms
		Debug|x86 = Debug|x86
		Release|Any CPU = Release|Any CPU
		Release|ARM = Release|ARM
		Release|iPhone = Release|iPhone
		Release|iPhoneSimulator = Release|iPhoneSimulator
		Release|Mixed Platforms = Release|Mixed Platforms
		Release|x86 = Release|x86
	EndGlobalSection
	GlobalSection(ProjectConfigurationPlatforms) = postSolution
		{65733427-B647-4556-A87C-20937496780A}.Ad-Hoc|Any CPU.ActiveCfg = Release|Any CPU
		{65733427-B647-4556-A87C-20937496780A}.Ad-Hoc|Any CPU.Build.0 = Release|Any CPU
		{65733427-B647-4556-A87C-20937496780A}.Ad-Hoc|ARM.ActiveCfg = Release|Any CPU
		{65733427-B647-4556-A87C-20937496780A}.Ad-Hoc|iPhone.ActiveCfg = Debug|Any CPU
		{65733427-B647-4556-A87C-20937496780A}.Ad-Hoc|iPhone.Build.0 = Debug|Any CPU
		{65733427-B647-4556-A87C-20937496780A}.Ad-Hoc|iPhoneSimulator.ActiveCfg = Release|Any CPU
		{65733427-B647-4556-A87C-20937496780A}.Ad-Hoc|Mixed Platforms.ActiveCfg = Release|Any CPU
		{65733427-B647-4556-A87C-20937496780A}.Ad-Hoc|Mixed Platforms.Build.0 = Release|Any CPU
		{65733427-B647-4556-A87C-20937496780A}.Ad-Hoc|x86.ActiveCfg = Release|Any CPU
		{65733427-B647-4556-A87C-20937496780A}.AppStore|Any CPU.ActiveCfg = Release|Any CPU
		{65733427-B647-4556-A87C-20937496780A}.AppStore|Any CPU.Build.0 = Release|Any CPU
		{65733427-B647-4556-A87C-20937496780A}.AppStore|ARM.ActiveCfg = Release|Any CPU
		{65733427-B647-4556-A87C-20937496780A}.AppStore|iPhone.ActiveCfg = Debug|Any CPU
		{65733427-B647-4556-A87C-20937496780A}.AppStore|iPhone.Build.0 = Debug|Any CPU
		{65733427-B647-4556-A87C-20937496780A}.AppStore|iPhoneSimulator.ActiveCfg = Release|Any CPU
		{65733427-B647-4556-A87C-20937496780A}.AppStore|Mixed Platforms.ActiveCfg = Release|Any CPU
		{65733427-B647-4556-A87C-20937496780A}.AppStore|Mixed Platforms.Build.0 = Release|Any CPU
		{65733427-B647-4556-A87C-20937496780A}.AppStore|x86.ActiveCfg = Release|Any CPU
		{65733427-B647-4556-A87C-20937496780A}.Debug|Any CPU.ActiveCfg = Debug|Any CPU
		{65733427-B647-4556-A87C-20937496780A}.Debug|Any CPU.Build.0 = Debug|Any CPU
		{65733427-B647-4556-A87C-20937496780A}.Debug|ARM.ActiveCfg = Debug|Any CPU
		{65733427-B647-4556-A87C-20937496780A}.Debug|iPhone.ActiveCfg = Debug|Any CPU
		{65733427-B647-4556-A87C-20937496780A}.Debug|iPhone.Build.0 = Debug|Any CPU
		{65733427-B647-4556-A87C-20937496780A}.Debug|iPhoneSimulator.ActiveCfg = Debug|Any CPU
		{65733427-B647-4556-A87C-20937496780A}.Debug|iPhoneSimulator.Build.0 = Debug|Any CPU
		{65733427-B647-4556-A87C-20937496780A}.Debug|Mixed Platforms.ActiveCfg = Debug|Any CPU
		{65733427-B647-4556-A87C-20937496780A}.Debug|Mixed Platforms.Build.0 = Debug|Any CPU
		{65733427-B647-4556-A87C-20937496780A}.Debug|x86.ActiveCfg = Debug|Any CPU
		{65733427-B647-4556-A87C-20937496780A}.Release|Any CPU.ActiveCfg = Release|Any CPU
		{65733427-B647-4556-A87C-20937496780A}.Release|Any CPU.Build.0 = Release|Any CPU
		{65733427-B647-4556-A87C-20937496780A}.Release|ARM.ActiveCfg = Release|Any CPU
		{65733427-B647-4556-A87C-20937496780A}.Release|iPhone.ActiveCfg = Release|Any CPU
		{65733427-B647-4556-A87C-20937496780A}.Release|iPhone.Build.0 = Release|Any CPU
		{65733427-B647-4556-A87C-20937496780A}.Release|iPhoneSimulator.ActiveCfg = Release|Any CPU
		{65733427-B647-4556-A87C-20937496780A}.Release|iPhoneSimulator.Build.0 = Release|Any CPU
		{65733427-B647-4556-A87C-20937496780A}.Release|Mixed Platforms.ActiveCfg = Release|Any CPU
		{65733427-B647-4556-A87C-20937496780A}.Release|Mixed Platforms.Build.0 = Release|Any CPU
		{65733427-B647-4556-A87C-20937496780A}.Release|x86.ActiveCfg = Release|Any CPU
		{0040B1B9-6E22-438A-A6A7-A5A00B2B89B1}.Ad-Hoc|Any CPU.ActiveCfg = Release|Any CPU
		{0040B1B9-6E22-438A-A6A7-A5A00B2B89B1}.Ad-Hoc|Any CPU.Build.0 = Release|Any CPU
		{0040B1B9-6E22-438A-A6A7-A5A00B2B89B1}.Ad-Hoc|ARM.ActiveCfg = Release|Any CPU
		{0040B1B9-6E22-438A-A6A7-A5A00B2B89B1}.Ad-Hoc|iPhone.ActiveCfg = Debug|Any CPU
		{0040B1B9-6E22-438A-A6A7-A5A00B2B89B1}.Ad-Hoc|iPhone.Build.0 = Debug|Any CPU
		{0040B1B9-6E22-438A-A6A7-A5A00B2B89B1}.Ad-Hoc|iPhoneSimulator.ActiveCfg = Release|Any CPU
		{0040B1B9-6E22-438A-A6A7-A5A00B2B89B1}.Ad-Hoc|Mixed Platforms.ActiveCfg = Release|Any CPU
		{0040B1B9-6E22-438A-A6A7-A5A00B2B89B1}.Ad-Hoc|Mixed Platforms.Build.0 = Release|Any CPU
		{0040B1B9-6E22-438A-A6A7-A5A00B2B89B1}.Ad-Hoc|x86.ActiveCfg = Release|Any CPU
		{0040B1B9-6E22-438A-A6A7-A5A00B2B89B1}.AppStore|Any CPU.ActiveCfg = Release|Any CPU
		{0040B1B9-6E22-438A-A6A7-A5A00B2B89B1}.AppStore|Any CPU.Build.0 = Release|Any CPU
		{0040B1B9-6E22-438A-A6A7-A5A00B2B89B1}.AppStore|ARM.ActiveCfg = Release|Any CPU
		{0040B1B9-6E22-438A-A6A7-A5A00B2B89B1}.AppStore|iPhone.ActiveCfg = Debug|Any CPU
		{0040B1B9-6E22-438A-A6A7-A5A00B2B89B1}.AppStore|iPhone.Build.0 = Debug|Any CPU
		{0040B1B9-6E22-438A-A6A7-A5A00B2B89B1}.AppStore|iPhoneSimulator.ActiveCfg = Release|Any CPU
		{0040B1B9-6E22-438A-A6A7-A5A00B2B89B1}.AppStore|Mixed Platforms.ActiveCfg = Release|Any CPU
		{0040B1B9-6E22-438A-A6A7-A5A00B2B89B1}.AppStore|Mixed Platforms.Build.0 = Release|Any CPU
		{0040B1B9-6E22-438A-A6A7-A5A00B2B89B1}.AppStore|x86.ActiveCfg = Release|Any CPU
		{0040B1B9-6E22-438A-A6A7-A5A00B2B89B1}.Debug|Any CPU.ActiveCfg = Debug|Any CPU
		{0040B1B9-6E22-438A-A6A7-A5A00B2B89B1}.Debug|Any CPU.Build.0 = Debug|Any CPU
		{0040B1B9-6E22-438A-A6A7-A5A00B2B89B1}.Debug|ARM.ActiveCfg = Debug|Any CPU
		{0040B1B9-6E22-438A-A6A7-A5A00B2B89B1}.Debug|iPhone.ActiveCfg = Debug|Any CPU
		{0040B1B9-6E22-438A-A6A7-A5A00B2B89B1}.Debug|iPhone.Build.0 = Debug|Any CPU
		{0040B1B9-6E22-438A-A6A7-A5A00B2B89B1}.Debug|iPhoneSimulator.ActiveCfg = Debug|Any CPU
		{0040B1B9-6E22-438A-A6A7-A5A00B2B89B1}.Debug|iPhoneSimulator.Build.0 = Debug|Any CPU
		{0040B1B9-6E22-438A-A6A7-A5A00B2B89B1}.Debug|Mixed Platforms.ActiveCfg = Debug|Any CPU
		{0040B1B9-6E22-438A-A6A7-A5A00B2B89B1}.Debug|Mixed Platforms.Build.0 = Debug|Any CPU
		{0040B1B9-6E22-438A-A6A7-A5A00B2B89B1}.Debug|x86.ActiveCfg = Debug|Any CPU
		{0040B1B9-6E22-438A-A6A7-A5A00B2B89B1}.Debug|x86.Build.0 = Debug|Any CPU
		{0040B1B9-6E22-438A-A6A7-A5A00B2B89B1}.Release|Any CPU.ActiveCfg = Release|Any CPU
		{0040B1B9-6E22-438A-A6A7-A5A00B2B89B1}.Release|Any CPU.Build.0 = Release|Any CPU
		{0040B1B9-6E22-438A-A6A7-A5A00B2B89B1}.Release|ARM.ActiveCfg = Release|Any CPU
		{0040B1B9-6E22-438A-A6A7-A5A00B2B89B1}.Release|iPhone.ActiveCfg = Release|Any CPU
		{0040B1B9-6E22-438A-A6A7-A5A00B2B89B1}.Release|iPhone.Build.0 = Release|Any CPU
		{0040B1B9-6E22-438A-A6A7-A5A00B2B89B1}.Release|iPhoneSimulator.ActiveCfg = Release|Any CPU
		{0040B1B9-6E22-438A-A6A7-A5A00B2B89B1}.Release|iPhoneSimulator.Build.0 = Release|Any CPU
		{0040B1B9-6E22-438A-A6A7-A5A00B2B89B1}.Release|Mixed Platforms.ActiveCfg = Release|Any CPU
		{0040B1B9-6E22-438A-A6A7-A5A00B2B89B1}.Release|Mixed Platforms.Build.0 = Release|Any CPU
		{0040B1B9-6E22-438A-A6A7-A5A00B2B89B1}.Release|x86.ActiveCfg = Release|Any CPU
		{453394D3-F7E4-49E4-8FAE-36F1D988AE15}.Ad-Hoc|Any CPU.ActiveCfg = Release|Any CPU
		{453394D3-F7E4-49E4-8FAE-36F1D988AE15}.Ad-Hoc|Any CPU.Build.0 = Release|Any CPU
		{453394D3-F7E4-49E4-8FAE-36F1D988AE15}.Ad-Hoc|ARM.ActiveCfg = Release|Any CPU
		{453394D3-F7E4-49E4-8FAE-36F1D988AE15}.Ad-Hoc|iPhone.ActiveCfg = Debug|Any CPU
		{453394D3-F7E4-49E4-8FAE-36F1D988AE15}.Ad-Hoc|iPhone.Build.0 = Debug|Any CPU
		{453394D3-F7E4-49E4-8FAE-36F1D988AE15}.Ad-Hoc|iPhoneSimulator.ActiveCfg = Release|Any CPU
		{453394D3-F7E4-49E4-8FAE-36F1D988AE15}.Ad-Hoc|Mixed Platforms.ActiveCfg = Release|Any CPU
		{453394D3-F7E4-49E4-8FAE-36F1D988AE15}.Ad-Hoc|Mixed Platforms.Build.0 = Release|Any CPU
		{453394D3-F7E4-49E4-8FAE-36F1D988AE15}.Ad-Hoc|x86.ActiveCfg = Release|Any CPU
		{453394D3-F7E4-49E4-8FAE-36F1D988AE15}.AppStore|Any CPU.ActiveCfg = Release|Any CPU
		{453394D3-F7E4-49E4-8FAE-36F1D988AE15}.AppStore|Any CPU.Build.0 = Release|Any CPU
		{453394D3-F7E4-49E4-8FAE-36F1D988AE15}.AppStore|ARM.ActiveCfg = Release|Any CPU
		{453394D3-F7E4-49E4-8FAE-36F1D988AE15}.AppStore|iPhone.ActiveCfg = Debug|Any CPU
		{453394D3-F7E4-49E4-8FAE-36F1D988AE15}.AppStore|iPhone.Build.0 = Debug|Any CPU
		{453394D3-F7E4-49E4-8FAE-36F1D988AE15}.AppStore|iPhoneSimulator.ActiveCfg = Release|Any CPU
		{453394D3-F7E4-49E4-8FAE-36F1D988AE15}.AppStore|Mixed Platforms.ActiveCfg = Release|Any CPU
		{453394D3-F7E4-49E4-8FAE-36F1D988AE15}.AppStore|Mixed Platforms.Build.0 = Release|Any CPU
		{453394D3-F7E4-49E4-8FAE-36F1D988AE15}.AppStore|x86.ActiveCfg = Release|Any CPU
		{453394D3-F7E4-49E4-8FAE-36F1D988AE15}.Debug|Any CPU.ActiveCfg = Debug|Any CPU
		{453394D3-F7E4-49E4-8FAE-36F1D988AE15}.Debug|Any CPU.Build.0 = Debug|Any CPU
		{453394D3-F7E4-49E4-8FAE-36F1D988AE15}.Debug|ARM.ActiveCfg = Debug|Any CPU
		{453394D3-F7E4-49E4-8FAE-36F1D988AE15}.Debug|iPhone.ActiveCfg = Debug|Any CPU
		{453394D3-F7E4-49E4-8FAE-36F1D988AE15}.Debug|iPhone.Build.0 = Debug|Any CPU
		{453394D3-F7E4-49E4-8FAE-36F1D988AE15}.Debug|iPhoneSimulator.ActiveCfg = Debug|Any CPU
		{453394D3-F7E4-49E4-8FAE-36F1D988AE15}.Debug|iPhoneSimulator.Build.0 = Debug|Any CPU
		{453394D3-F7E4-49E4-8FAE-36F1D988AE15}.Debug|Mixed Platforms.ActiveCfg = Debug|Any CPU
		{453394D3-F7E4-49E4-8FAE-36F1D988AE15}.Debug|Mixed Platforms.Build.0 = Debug|Any CPU
		{453394D3-F7E4-49E4-8FAE-36F1D988AE15}.Debug|x86.ActiveCfg = Debug|Any CPU
		{453394D3-F7E4-49E4-8FAE-36F1D988AE15}.Release|Any CPU.ActiveCfg = Release|Any CPU
		{453394D3-F7E4-49E4-8FAE-36F1D988AE15}.Release|Any CPU.Build.0 = Release|Any CPU
		{453394D3-F7E4-49E4-8FAE-36F1D988AE15}.Release|ARM.ActiveCfg = Release|Any CPU
		{453394D3-F7E4-49E4-8FAE-36F1D988AE15}.Release|iPhone.ActiveCfg = Release|Any CPU
		{453394D3-F7E4-49E4-8FAE-36F1D988AE15}.Release|iPhone.Build.0 = Release|Any CPU
		{453394D3-F7E4-49E4-8FAE-36F1D988AE15}.Release|iPhoneSimulator.ActiveCfg = Release|Any CPU
		{453394D3-F7E4-49E4-8FAE-36F1D988AE15}.Release|iPhoneSimulator.Build.0 = Release|Any CPU
		{453394D3-F7E4-49E4-8FAE-36F1D988AE15}.Release|Mixed Platforms.ActiveCfg = Release|Any CPU
		{453394D3-F7E4-49E4-8FAE-36F1D988AE15}.Release|Mixed Platforms.Build.0 = Release|Any CPU
		{453394D3-F7E4-49E4-8FAE-36F1D988AE15}.Release|x86.ActiveCfg = Release|Any CPU
		{A1E14BEA-A9D9-46C5-83AA-8891A13E4837}.Ad-Hoc|Any CPU.ActiveCfg = Release|Any CPU
		{A1E14BEA-A9D9-46C5-83AA-8891A13E4837}.Ad-Hoc|Any CPU.Build.0 = Release|Any CPU
		{A1E14BEA-A9D9-46C5-83AA-8891A13E4837}.Ad-Hoc|ARM.ActiveCfg = Release|Any CPU
		{A1E14BEA-A9D9-46C5-83AA-8891A13E4837}.Ad-Hoc|iPhone.ActiveCfg = Debug|Any CPU
		{A1E14BEA-A9D9-46C5-83AA-8891A13E4837}.Ad-Hoc|iPhone.Build.0 = Debug|Any CPU
		{A1E14BEA-A9D9-46C5-83AA-8891A13E4837}.Ad-Hoc|iPhoneSimulator.ActiveCfg = Release|Any CPU
		{A1E14BEA-A9D9-46C5-83AA-8891A13E4837}.Ad-Hoc|Mixed Platforms.ActiveCfg = Release|Any CPU
		{A1E14BEA-A9D9-46C5-83AA-8891A13E4837}.Ad-Hoc|Mixed Platforms.Build.0 = Release|Any CPU
		{A1E14BEA-A9D9-46C5-83AA-8891A13E4837}.Ad-Hoc|x86.ActiveCfg = Release|Any CPU
		{A1E14BEA-A9D9-46C5-83AA-8891A13E4837}.AppStore|Any CPU.ActiveCfg = Release|Any CPU
		{A1E14BEA-A9D9-46C5-83AA-8891A13E4837}.AppStore|Any CPU.Build.0 = Release|Any CPU
		{A1E14BEA-A9D9-46C5-83AA-8891A13E4837}.AppStore|ARM.ActiveCfg = Release|Any CPU
		{A1E14BEA-A9D9-46C5-83AA-8891A13E4837}.AppStore|iPhone.ActiveCfg = Debug|Any CPU
		{A1E14BEA-A9D9-46C5-83AA-8891A13E4837}.AppStore|iPhone.Build.0 = Debug|Any CPU
		{A1E14BEA-A9D9-46C5-83AA-8891A13E4837}.AppStore|iPhoneSimulator.ActiveCfg = Release|Any CPU
		{A1E14BEA-A9D9-46C5-83AA-8891A13E4837}.AppStore|Mixed Platforms.ActiveCfg = Release|Any CPU
		{A1E14BEA-A9D9-46C5-83AA-8891A13E4837}.AppStore|Mixed Platforms.Build.0 = Release|Any CPU
		{A1E14BEA-A9D9-46C5-83AA-8891A13E4837}.AppStore|x86.ActiveCfg = Release|Any CPU
		{A1E14BEA-A9D9-46C5-83AA-8891A13E4837}.Debug|Any CPU.ActiveCfg = Debug|Any CPU
		{A1E14BEA-A9D9-46C5-83AA-8891A13E4837}.Debug|Any CPU.Build.0 = Debug|Any CPU
		{A1E14BEA-A9D9-46C5-83AA-8891A13E4837}.Debug|ARM.ActiveCfg = Debug|Any CPU
		{A1E14BEA-A9D9-46C5-83AA-8891A13E4837}.Debug|iPhone.ActiveCfg = Debug|Any CPU
		{A1E14BEA-A9D9-46C5-83AA-8891A13E4837}.Debug|iPhone.Build.0 = Debug|Any CPU
		{A1E14BEA-A9D9-46C5-83AA-8891A13E4837}.Debug|iPhoneSimulator.ActiveCfg = Debug|Any CPU
		{A1E14BEA-A9D9-46C5-83AA-8891A13E4837}.Debug|iPhoneSimulator.Build.0 = Debug|Any CPU
		{A1E14BEA-A9D9-46C5-83AA-8891A13E4837}.Debug|Mixed Platforms.ActiveCfg = Debug|Any CPU
		{A1E14BEA-A9D9-46C5-83AA-8891A13E4837}.Debug|Mixed Platforms.Build.0 = Debug|Any CPU
		{A1E14BEA-A9D9-46C5-83AA-8891A13E4837}.Debug|x86.ActiveCfg = Debug|Any CPU
		{A1E14BEA-A9D9-46C5-83AA-8891A13E4837}.Release|Any CPU.ActiveCfg = Release|Any CPU
		{A1E14BEA-A9D9-46C5-83AA-8891A13E4837}.Release|Any CPU.Build.0 = Release|Any CPU
		{A1E14BEA-A9D9-46C5-83AA-8891A13E4837}.Release|ARM.ActiveCfg = Release|Any CPU
		{A1E14BEA-A9D9-46C5-83AA-8891A13E4837}.Release|iPhone.ActiveCfg = Release|Any CPU
		{A1E14BEA-A9D9-46C5-83AA-8891A13E4837}.Release|iPhone.Build.0 = Release|Any CPU
		{A1E14BEA-A9D9-46C5-83AA-8891A13E4837}.Release|iPhoneSimulator.ActiveCfg = Release|Any CPU
		{A1E14BEA-A9D9-46C5-83AA-8891A13E4837}.Release|iPhoneSimulator.Build.0 = Release|Any CPU
		{A1E14BEA-A9D9-46C5-83AA-8891A13E4837}.Release|Mixed Platforms.ActiveCfg = Release|Any CPU
		{A1E14BEA-A9D9-46C5-83AA-8891A13E4837}.Release|Mixed Platforms.Build.0 = Release|Any CPU
		{A1E14BEA-A9D9-46C5-83AA-8891A13E4837}.Release|x86.ActiveCfg = Release|Any CPU
		{5A951FB6-FD2D-41E3-BE9F-45DC8C238193}.Ad-Hoc|Any CPU.ActiveCfg = Ad-Hoc|iPhoneSimulator
		{5A951FB6-FD2D-41E3-BE9F-45DC8C238193}.Ad-Hoc|ARM.ActiveCfg = Ad-Hoc|iPhoneSimulator
		{5A951FB6-FD2D-41E3-BE9F-45DC8C238193}.Ad-Hoc|iPhone.ActiveCfg = Ad-Hoc|iPhone
		{5A951FB6-FD2D-41E3-BE9F-45DC8C238193}.Ad-Hoc|iPhone.Build.0 = Ad-Hoc|iPhone
		{5A951FB6-FD2D-41E3-BE9F-45DC8C238193}.Ad-Hoc|iPhoneSimulator.ActiveCfg = Ad-Hoc|iPhoneSimulator
		{5A951FB6-FD2D-41E3-BE9F-45DC8C238193}.Ad-Hoc|iPhoneSimulator.Build.0 = Ad-Hoc|iPhoneSimulator
		{5A951FB6-FD2D-41E3-BE9F-45DC8C238193}.Ad-Hoc|Mixed Platforms.ActiveCfg = Ad-Hoc|iPhoneSimulator
		{5A951FB6-FD2D-41E3-BE9F-45DC8C238193}.Ad-Hoc|Mixed Platforms.Build.0 = Ad-Hoc|iPhoneSimulator
		{5A951FB6-FD2D-41E3-BE9F-45DC8C238193}.Ad-Hoc|x86.ActiveCfg = Ad-Hoc|iPhoneSimulator
		{5A951FB6-FD2D-41E3-BE9F-45DC8C238193}.AppStore|Any CPU.ActiveCfg = AppStore|iPhoneSimulator
		{5A951FB6-FD2D-41E3-BE9F-45DC8C238193}.AppStore|ARM.ActiveCfg = AppStore|iPhoneSimulator
		{5A951FB6-FD2D-41E3-BE9F-45DC8C238193}.AppStore|iPhone.ActiveCfg = AppStore|iPhone
		{5A951FB6-FD2D-41E3-BE9F-45DC8C238193}.AppStore|iPhone.Build.0 = AppStore|iPhone
		{5A951FB6-FD2D-41E3-BE9F-45DC8C238193}.AppStore|iPhoneSimulator.ActiveCfg = AppStore|iPhoneSimulator
		{5A951FB6-FD2D-41E3-BE9F-45DC8C238193}.AppStore|iPhoneSimulator.Build.0 = AppStore|iPhoneSimulator
		{5A951FB6-FD2D-41E3-BE9F-45DC8C238193}.AppStore|Mixed Platforms.ActiveCfg = AppStore|iPhoneSimulator
		{5A951FB6-FD2D-41E3-BE9F-45DC8C238193}.AppStore|Mixed Platforms.Build.0 = AppStore|iPhoneSimulator
		{5A951FB6-FD2D-41E3-BE9F-45DC8C238193}.AppStore|x86.ActiveCfg = AppStore|iPhoneSimulator
		{5A951FB6-FD2D-41E3-BE9F-45DC8C238193}.Debug|Any CPU.ActiveCfg = Debug|iPhoneSimulator
		{5A951FB6-FD2D-41E3-BE9F-45DC8C238193}.Debug|Any CPU.Build.0 = Debug|iPhoneSimulator
		{5A951FB6-FD2D-41E3-BE9F-45DC8C238193}.Debug|ARM.ActiveCfg = Debug|iPhone
		{5A951FB6-FD2D-41E3-BE9F-45DC8C238193}.Debug|iPhone.ActiveCfg = Debug|iPhone
		{5A951FB6-FD2D-41E3-BE9F-45DC8C238193}.Debug|iPhone.Build.0 = Debug|iPhone
		{5A951FB6-FD2D-41E3-BE9F-45DC8C238193}.Debug|iPhoneSimulator.ActiveCfg = Debug|iPhoneSimulator
		{5A951FB6-FD2D-41E3-BE9F-45DC8C238193}.Debug|iPhoneSimulator.Build.0 = Debug|iPhoneSimulator
		{5A951FB6-FD2D-41E3-BE9F-45DC8C238193}.Debug|Mixed Platforms.ActiveCfg = Debug|iPhone
		{5A951FB6-FD2D-41E3-BE9F-45DC8C238193}.Debug|Mixed Platforms.Build.0 = Debug|iPhone
		{5A951FB6-FD2D-41E3-BE9F-45DC8C238193}.Debug|x86.ActiveCfg = Debug|iPhone
		{5A951FB6-FD2D-41E3-BE9F-45DC8C238193}.Release|Any CPU.ActiveCfg = Release|iPhoneSimulator
		{5A951FB6-FD2D-41E3-BE9F-45DC8C238193}.Release|Any CPU.Build.0 = Release|iPhoneSimulator
		{5A951FB6-FD2D-41E3-BE9F-45DC8C238193}.Release|ARM.ActiveCfg = Release|iPhone
		{5A951FB6-FD2D-41E3-BE9F-45DC8C238193}.Release|iPhone.ActiveCfg = Release|iPhone
		{5A951FB6-FD2D-41E3-BE9F-45DC8C238193}.Release|iPhone.Build.0 = Release|iPhone
		{5A951FB6-FD2D-41E3-BE9F-45DC8C238193}.Release|iPhoneSimulator.ActiveCfg = Release|iPhoneSimulator
		{5A951FB6-FD2D-41E3-BE9F-45DC8C238193}.Release|iPhoneSimulator.Build.0 = Release|iPhoneSimulator
		{5A951FB6-FD2D-41E3-BE9F-45DC8C238193}.Release|Mixed Platforms.ActiveCfg = Release|iPhone
		{5A951FB6-FD2D-41E3-BE9F-45DC8C238193}.Release|Mixed Platforms.Build.0 = Release|iPhone
		{5A951FB6-FD2D-41E3-BE9F-45DC8C238193}.Release|x86.ActiveCfg = Release|iPhone
		{99B2DFE6-0DC5-403C-9653-58F13765F0B9}.Ad-Hoc|Any CPU.ActiveCfg = Release|Any CPU
		{99B2DFE6-0DC5-403C-9653-58F13765F0B9}.Ad-Hoc|Any CPU.Build.0 = Release|Any CPU
		{99B2DFE6-0DC5-403C-9653-58F13765F0B9}.Ad-Hoc|Any CPU.Deploy.0 = Release|Any CPU
		{99B2DFE6-0DC5-403C-9653-58F13765F0B9}.Ad-Hoc|ARM.ActiveCfg = Release|Any CPU
		{99B2DFE6-0DC5-403C-9653-58F13765F0B9}.Ad-Hoc|iPhone.ActiveCfg = Debug|Any CPU
		{99B2DFE6-0DC5-403C-9653-58F13765F0B9}.Ad-Hoc|iPhone.Build.0 = Debug|Any CPU
		{99B2DFE6-0DC5-403C-9653-58F13765F0B9}.Ad-Hoc|iPhoneSimulator.ActiveCfg = Release|Any CPU
		{99B2DFE6-0DC5-403C-9653-58F13765F0B9}.Ad-Hoc|Mixed Platforms.ActiveCfg = Release|Any CPU
		{99B2DFE6-0DC5-403C-9653-58F13765F0B9}.Ad-Hoc|Mixed Platforms.Build.0 = Release|Any CPU
		{99B2DFE6-0DC5-403C-9653-58F13765F0B9}.Ad-Hoc|Mixed Platforms.Deploy.0 = Release|Any CPU
		{99B2DFE6-0DC5-403C-9653-58F13765F0B9}.Ad-Hoc|x86.ActiveCfg = Release|Any CPU
		{99B2DFE6-0DC5-403C-9653-58F13765F0B9}.AppStore|Any CPU.ActiveCfg = Release|Any CPU
		{99B2DFE6-0DC5-403C-9653-58F13765F0B9}.AppStore|Any CPU.Build.0 = Release|Any CPU
		{99B2DFE6-0DC5-403C-9653-58F13765F0B9}.AppStore|Any CPU.Deploy.0 = Release|Any CPU
		{99B2DFE6-0DC5-403C-9653-58F13765F0B9}.AppStore|ARM.ActiveCfg = Release|Any CPU
		{99B2DFE6-0DC5-403C-9653-58F13765F0B9}.AppStore|iPhone.ActiveCfg = Debug|Any CPU
		{99B2DFE6-0DC5-403C-9653-58F13765F0B9}.AppStore|iPhone.Build.0 = Debug|Any CPU
		{99B2DFE6-0DC5-403C-9653-58F13765F0B9}.AppStore|iPhoneSimulator.ActiveCfg = Release|Any CPU
		{99B2DFE6-0DC5-403C-9653-58F13765F0B9}.AppStore|Mixed Platforms.ActiveCfg = Release|Any CPU
		{99B2DFE6-0DC5-403C-9653-58F13765F0B9}.AppStore|Mixed Platforms.Build.0 = Release|Any CPU
		{99B2DFE6-0DC5-403C-9653-58F13765F0B9}.AppStore|Mixed Platforms.Deploy.0 = Release|Any CPU
		{99B2DFE6-0DC5-403C-9653-58F13765F0B9}.AppStore|x86.ActiveCfg = Release|Any CPU
		{99B2DFE6-0DC5-403C-9653-58F13765F0B9}.Debug|Any CPU.ActiveCfg = Debug|Any CPU
		{99B2DFE6-0DC5-403C-9653-58F13765F0B9}.Debug|Any CPU.Build.0 = Debug|Any CPU
		{99B2DFE6-0DC5-403C-9653-58F13765F0B9}.Debug|ARM.ActiveCfg = Debug|Any CPU
		{99B2DFE6-0DC5-403C-9653-58F13765F0B9}.Debug|ARM.Build.0 = Debug|Any CPU
		{99B2DFE6-0DC5-403C-9653-58F13765F0B9}.Debug|ARM.Deploy.0 = Debug|Any CPU
		{99B2DFE6-0DC5-403C-9653-58F13765F0B9}.Debug|iPhone.ActiveCfg = Debug|Any CPU
		{99B2DFE6-0DC5-403C-9653-58F13765F0B9}.Debug|iPhone.Build.0 = Debug|Any CPU
		{99B2DFE6-0DC5-403C-9653-58F13765F0B9}.Debug|iPhoneSimulator.ActiveCfg = Debug|Any CPU
		{99B2DFE6-0DC5-403C-9653-58F13765F0B9}.Debug|iPhoneSimulator.Build.0 = Debug|Any CPU
		{99B2DFE6-0DC5-403C-9653-58F13765F0B9}.Debug|Mixed Platforms.ActiveCfg = Debug|Any CPU
		{99B2DFE6-0DC5-403C-9653-58F13765F0B9}.Debug|Mixed Platforms.Build.0 = Debug|Any CPU
		{99B2DFE6-0DC5-403C-9653-58F13765F0B9}.Debug|Mixed Platforms.Deploy.0 = Debug|Any CPU
		{99B2DFE6-0DC5-403C-9653-58F13765F0B9}.Debug|x86.ActiveCfg = Debug|Any CPU
		{99B2DFE6-0DC5-403C-9653-58F13765F0B9}.Debug|x86.Build.0 = Debug|Any CPU
		{99B2DFE6-0DC5-403C-9653-58F13765F0B9}.Debug|x86.Deploy.0 = Debug|Any CPU
		{99B2DFE6-0DC5-403C-9653-58F13765F0B9}.Release|Any CPU.ActiveCfg = Release|Any CPU
		{99B2DFE6-0DC5-403C-9653-58F13765F0B9}.Release|Any CPU.Build.0 = Release|Any CPU
		{99B2DFE6-0DC5-403C-9653-58F13765F0B9}.Release|ARM.ActiveCfg = Release|Any CPU
		{99B2DFE6-0DC5-403C-9653-58F13765F0B9}.Release|iPhone.ActiveCfg = Release|Any CPU
		{99B2DFE6-0DC5-403C-9653-58F13765F0B9}.Release|iPhone.Build.0 = Release|Any CPU
		{99B2DFE6-0DC5-403C-9653-58F13765F0B9}.Release|iPhoneSimulator.ActiveCfg = Release|Any CPU
		{99B2DFE6-0DC5-403C-9653-58F13765F0B9}.Release|iPhoneSimulator.Build.0 = Release|Any CPU
		{99B2DFE6-0DC5-403C-9653-58F13765F0B9}.Release|Mixed Platforms.ActiveCfg = Release|Any CPU
		{99B2DFE6-0DC5-403C-9653-58F13765F0B9}.Release|Mixed Platforms.Build.0 = Release|Any CPU
		{99B2DFE6-0DC5-403C-9653-58F13765F0B9}.Release|Mixed Platforms.Deploy.0 = Release|Any CPU
		{99B2DFE6-0DC5-403C-9653-58F13765F0B9}.Release|x86.ActiveCfg = Release|Any CPU
		{09458A2E-8CFE-4FC1-82BD-C1096F5948A6}.Ad-Hoc|Any CPU.ActiveCfg = Release|Any CPU
		{09458A2E-8CFE-4FC1-82BD-C1096F5948A6}.Ad-Hoc|Any CPU.Build.0 = Release|Any CPU
		{09458A2E-8CFE-4FC1-82BD-C1096F5948A6}.Ad-Hoc|ARM.ActiveCfg = Release|ARM
		{09458A2E-8CFE-4FC1-82BD-C1096F5948A6}.Ad-Hoc|ARM.Build.0 = Release|ARM
		{09458A2E-8CFE-4FC1-82BD-C1096F5948A6}.Ad-Hoc|iPhone.ActiveCfg = Release|Any CPU
		{09458A2E-8CFE-4FC1-82BD-C1096F5948A6}.Ad-Hoc|iPhoneSimulator.ActiveCfg = Release|Any CPU
		{09458A2E-8CFE-4FC1-82BD-C1096F5948A6}.Ad-Hoc|Mixed Platforms.ActiveCfg = Release|x86
		{09458A2E-8CFE-4FC1-82BD-C1096F5948A6}.Ad-Hoc|Mixed Platforms.Build.0 = Release|x86
		{09458A2E-8CFE-4FC1-82BD-C1096F5948A6}.Ad-Hoc|x86.ActiveCfg = Release|x86
		{09458A2E-8CFE-4FC1-82BD-C1096F5948A6}.Ad-Hoc|x86.Build.0 = Release|x86
		{09458A2E-8CFE-4FC1-82BD-C1096F5948A6}.AppStore|Any CPU.ActiveCfg = Release|Any CPU
		{09458A2E-8CFE-4FC1-82BD-C1096F5948A6}.AppStore|Any CPU.Build.0 = Release|Any CPU
		{09458A2E-8CFE-4FC1-82BD-C1096F5948A6}.AppStore|ARM.ActiveCfg = Release|ARM
		{09458A2E-8CFE-4FC1-82BD-C1096F5948A6}.AppStore|ARM.Build.0 = Release|ARM
		{09458A2E-8CFE-4FC1-82BD-C1096F5948A6}.AppStore|iPhone.ActiveCfg = Release|Any CPU
		{09458A2E-8CFE-4FC1-82BD-C1096F5948A6}.AppStore|iPhoneSimulator.ActiveCfg = Release|Any CPU
		{09458A2E-8CFE-4FC1-82BD-C1096F5948A6}.AppStore|Mixed Platforms.ActiveCfg = Release|x86
		{09458A2E-8CFE-4FC1-82BD-C1096F5948A6}.AppStore|Mixed Platforms.Build.0 = Release|x86
		{09458A2E-8CFE-4FC1-82BD-C1096F5948A6}.AppStore|x86.ActiveCfg = Release|x86
		{09458A2E-8CFE-4FC1-82BD-C1096F5948A6}.AppStore|x86.Build.0 = Release|x86
		{09458A2E-8CFE-4FC1-82BD-C1096F5948A6}.Debug|Any CPU.ActiveCfg = Debug|Any CPU
		{09458A2E-8CFE-4FC1-82BD-C1096F5948A6}.Debug|Any CPU.Build.0 = Debug|Any CPU
		{09458A2E-8CFE-4FC1-82BD-C1096F5948A6}.Debug|ARM.ActiveCfg = Debug|ARM
		{09458A2E-8CFE-4FC1-82BD-C1096F5948A6}.Debug|ARM.Build.0 = Debug|ARM
		{09458A2E-8CFE-4FC1-82BD-C1096F5948A6}.Debug|iPhone.ActiveCfg = Debug|Any CPU
		{09458A2E-8CFE-4FC1-82BD-C1096F5948A6}.Debug|iPhoneSimulator.ActiveCfg = Debug|Any CPU
		{09458A2E-8CFE-4FC1-82BD-C1096F5948A6}.Debug|Mixed Platforms.ActiveCfg = Debug|x86
		{09458A2E-8CFE-4FC1-82BD-C1096F5948A6}.Debug|Mixed Platforms.Build.0 = Debug|x86
		{09458A2E-8CFE-4FC1-82BD-C1096F5948A6}.Debug|x86.ActiveCfg = Debug|x86
		{09458A2E-8CFE-4FC1-82BD-C1096F5948A6}.Debug|x86.Build.0 = Debug|x86
		{09458A2E-8CFE-4FC1-82BD-C1096F5948A6}.Release|Any CPU.ActiveCfg = Release|Any CPU
		{09458A2E-8CFE-4FC1-82BD-C1096F5948A6}.Release|Any CPU.Build.0 = Release|Any CPU
		{09458A2E-8CFE-4FC1-82BD-C1096F5948A6}.Release|ARM.ActiveCfg = Release|ARM
		{09458A2E-8CFE-4FC1-82BD-C1096F5948A6}.Release|ARM.Build.0 = Release|ARM
		{09458A2E-8CFE-4FC1-82BD-C1096F5948A6}.Release|iPhone.ActiveCfg = Release|Any CPU
		{09458A2E-8CFE-4FC1-82BD-C1096F5948A6}.Release|iPhoneSimulator.ActiveCfg = Release|Any CPU
		{09458A2E-8CFE-4FC1-82BD-C1096F5948A6}.Release|Mixed Platforms.ActiveCfg = Release|x86
		{09458A2E-8CFE-4FC1-82BD-C1096F5948A6}.Release|Mixed Platforms.Build.0 = Release|x86
		{09458A2E-8CFE-4FC1-82BD-C1096F5948A6}.Release|x86.ActiveCfg = Release|x86
		{09458A2E-8CFE-4FC1-82BD-C1096F5948A6}.Release|x86.Build.0 = Release|x86
		{E88A843E-2830-4840-81CD-73AFC0A8F050}.Ad-Hoc|Any CPU.ActiveCfg = Release|Any CPU
		{E88A843E-2830-4840-81CD-73AFC0A8F050}.Ad-Hoc|Any CPU.Build.0 = Release|Any CPU
		{E88A843E-2830-4840-81CD-73AFC0A8F050}.Ad-Hoc|Any CPU.Deploy.0 = Release|Any CPU
		{E88A843E-2830-4840-81CD-73AFC0A8F050}.Ad-Hoc|ARM.ActiveCfg = Release|ARM
		{E88A843E-2830-4840-81CD-73AFC0A8F050}.Ad-Hoc|ARM.Build.0 = Release|ARM
		{E88A843E-2830-4840-81CD-73AFC0A8F050}.Ad-Hoc|ARM.Deploy.0 = Release|ARM
		{E88A843E-2830-4840-81CD-73AFC0A8F050}.Ad-Hoc|iPhone.ActiveCfg = Release|Any CPU
		{E88A843E-2830-4840-81CD-73AFC0A8F050}.Ad-Hoc|iPhoneSimulator.ActiveCfg = Release|Any CPU
		{E88A843E-2830-4840-81CD-73AFC0A8F050}.Ad-Hoc|Mixed Platforms.ActiveCfg = Release|x86
		{E88A843E-2830-4840-81CD-73AFC0A8F050}.Ad-Hoc|Mixed Platforms.Build.0 = Release|x86
		{E88A843E-2830-4840-81CD-73AFC0A8F050}.Ad-Hoc|Mixed Platforms.Deploy.0 = Release|x86
		{E88A843E-2830-4840-81CD-73AFC0A8F050}.Ad-Hoc|x86.ActiveCfg = Release|x86
		{E88A843E-2830-4840-81CD-73AFC0A8F050}.Ad-Hoc|x86.Build.0 = Release|x86
		{E88A843E-2830-4840-81CD-73AFC0A8F050}.Ad-Hoc|x86.Deploy.0 = Release|x86
		{E88A843E-2830-4840-81CD-73AFC0A8F050}.AppStore|Any CPU.ActiveCfg = Release|Any CPU
		{E88A843E-2830-4840-81CD-73AFC0A8F050}.AppStore|Any CPU.Build.0 = Release|Any CPU
		{E88A843E-2830-4840-81CD-73AFC0A8F050}.AppStore|Any CPU.Deploy.0 = Release|Any CPU
		{E88A843E-2830-4840-81CD-73AFC0A8F050}.AppStore|ARM.ActiveCfg = Release|ARM
		{E88A843E-2830-4840-81CD-73AFC0A8F050}.AppStore|ARM.Build.0 = Release|ARM
		{E88A843E-2830-4840-81CD-73AFC0A8F050}.AppStore|ARM.Deploy.0 = Release|ARM
		{E88A843E-2830-4840-81CD-73AFC0A8F050}.AppStore|iPhone.ActiveCfg = Release|Any CPU
		{E88A843E-2830-4840-81CD-73AFC0A8F050}.AppStore|iPhoneSimulator.ActiveCfg = Release|Any CPU
		{E88A843E-2830-4840-81CD-73AFC0A8F050}.AppStore|Mixed Platforms.ActiveCfg = Release|x86
		{E88A843E-2830-4840-81CD-73AFC0A8F050}.AppStore|Mixed Platforms.Build.0 = Release|x86
		{E88A843E-2830-4840-81CD-73AFC0A8F050}.AppStore|Mixed Platforms.Deploy.0 = Release|x86
		{E88A843E-2830-4840-81CD-73AFC0A8F050}.AppStore|x86.ActiveCfg = Release|x86
		{E88A843E-2830-4840-81CD-73AFC0A8F050}.AppStore|x86.Build.0 = Release|x86
		{E88A843E-2830-4840-81CD-73AFC0A8F050}.AppStore|x86.Deploy.0 = Release|x86
		{E88A843E-2830-4840-81CD-73AFC0A8F050}.Debug|Any CPU.ActiveCfg = Debug|Any CPU
		{E88A843E-2830-4840-81CD-73AFC0A8F050}.Debug|Any CPU.Build.0 = Debug|Any CPU
		{E88A843E-2830-4840-81CD-73AFC0A8F050}.Debug|Any CPU.Deploy.0 = Debug|Any CPU
		{E88A843E-2830-4840-81CD-73AFC0A8F050}.Debug|ARM.ActiveCfg = Debug|ARM
		{E88A843E-2830-4840-81CD-73AFC0A8F050}.Debug|ARM.Build.0 = Debug|ARM
		{E88A843E-2830-4840-81CD-73AFC0A8F050}.Debug|ARM.Deploy.0 = Debug|ARM
		{E88A843E-2830-4840-81CD-73AFC0A8F050}.Debug|iPhone.ActiveCfg = Debug|Any CPU
		{E88A843E-2830-4840-81CD-73AFC0A8F050}.Debug|iPhoneSimulator.ActiveCfg = Debug|Any CPU
		{E88A843E-2830-4840-81CD-73AFC0A8F050}.Debug|Mixed Platforms.ActiveCfg = Debug|x86
		{E88A843E-2830-4840-81CD-73AFC0A8F050}.Debug|Mixed Platforms.Build.0 = Debug|x86
		{E88A843E-2830-4840-81CD-73AFC0A8F050}.Debug|Mixed Platforms.Deploy.0 = Debug|x86
		{E88A843E-2830-4840-81CD-73AFC0A8F050}.Debug|x86.ActiveCfg = Debug|x86
		{E88A843E-2830-4840-81CD-73AFC0A8F050}.Debug|x86.Build.0 = Debug|x86
		{E88A843E-2830-4840-81CD-73AFC0A8F050}.Debug|x86.Deploy.0 = Debug|x86
		{E88A843E-2830-4840-81CD-73AFC0A8F050}.Release|Any CPU.ActiveCfg = Release|Any CPU
		{E88A843E-2830-4840-81CD-73AFC0A8F050}.Release|Any CPU.Build.0 = Release|Any CPU
		{E88A843E-2830-4840-81CD-73AFC0A8F050}.Release|Any CPU.Deploy.0 = Release|Any CPU
		{E88A843E-2830-4840-81CD-73AFC0A8F050}.Release|ARM.ActiveCfg = Release|ARM
		{E88A843E-2830-4840-81CD-73AFC0A8F050}.Release|ARM.Build.0 = Release|ARM
		{E88A843E-2830-4840-81CD-73AFC0A8F050}.Release|ARM.Deploy.0 = Release|ARM
		{E88A843E-2830-4840-81CD-73AFC0A8F050}.Release|iPhone.ActiveCfg = Release|Any CPU
		{E88A843E-2830-4840-81CD-73AFC0A8F050}.Release|iPhoneSimulator.ActiveCfg = Release|Any CPU
		{E88A843E-2830-4840-81CD-73AFC0A8F050}.Release|Mixed Platforms.ActiveCfg = Release|x86
		{E88A843E-2830-4840-81CD-73AFC0A8F050}.Release|Mixed Platforms.Build.0 = Release|x86
		{E88A843E-2830-4840-81CD-73AFC0A8F050}.Release|Mixed Platforms.Deploy.0 = Release|x86
		{E88A843E-2830-4840-81CD-73AFC0A8F050}.Release|x86.ActiveCfg = Release|x86
		{E88A843E-2830-4840-81CD-73AFC0A8F050}.Release|x86.Build.0 = Release|x86
		{E88A843E-2830-4840-81CD-73AFC0A8F050}.Release|x86.Deploy.0 = Release|x86
	EndGlobalSection
	GlobalSection(SolutionProperties) = preSolution
		HideSolutionNode = FALSE
	EndGlobalSection
	GlobalSection(MonoDevelopProperties) = preSolution
		StartupItem = Robotics.Mobile.BtLEExplorer.iOS\Robotics.Mobile.BtLEExplorer.iOS.csproj
	EndGlobalSection
EndGlobal
