
Microsoft Visual Studio Solution File, Format Version 12.00
# Visual Studio 14
VisualStudioVersion = 14.0.25420.1
MinimumVisualStudioVersion = 10.0.40219.1
Project("{FAE04EC0-301F-11D3-BF4B-00C04F79EFBC}") = "BLEExplorer", "BLEExplorer\BLEExplorer.csproj", "{747B1A7C-808A-49EE-A316-16A38CC09D28}"
EndProject
Project("{FAE04EC0-301F-11D3-BF4B-00C04F79EFBC}") = "BLEExplorer.Droid", "BLEExplorer.Droid\BLEExplorer.Droid.csproj", "{15668B0B-A63E-4848-9C48-D268860DE4B4}"
EndProject
Project("{FAE04EC0-301F-11D3-BF4B-00C04F79EFBC}") = "BLEExplorer.iOS", "BLEExplorer.iOS\BLEExplorer.iOS.csproj", "{5BF72354-27E8-40CB-92E0-07C7204CB41F}"
EndProject
Project("{FAE04EC0-301F-11D3-BF4B-00C04F79EFBC}") = "BLEExplorer.UWP", "BLEExplorer.UWP\BLEExplorer.UWP.csproj", "{AB3CEC64-975E-4BCF-8E0E-9284992040BC}"
EndProject
Project("{FAE04EC0-301F-11D3-BF4B-00C04F79EFBC}") = "Monkey.BluetoothLE.Core", "..\..\Source\Monkey.BluetoothLE.Core\Monkey.BluetoothLE.Core.csproj", "{65733427-B647-4556-A87C-20937496780A}"
EndProject
Project("{FAE04EC0-301F-11D3-BF4B-00C04F79EFBC}") = "Monkey.BluetoothLE.Droid", "..\..\Source\Monkey.BluetoothLE.Droid\Monkey.BluetoothLE.Droid.csproj", "{0040B1B9-6E22-438A-A6A7-A5A00B2B89B1}"
EndProject
Project("{FAE04EC0-301F-11D3-BF4B-00C04F79EFBC}") = "Monkey.BluetoothLE.iOS", "..\..\Source\Monkey.BluetoothLE.iOS\Monkey.BluetoothLE.iOS.csproj", "{86508A87-8074-402E-A5DF-AA9A0EADA0B0}"
EndProject
Project("{FAE04EC0-301F-11D3-BF4B-00C04F79EFBC}") = "Monkey.BluetoothLE.UWP", "..\..\Source\Monkey.BluetoothLE.UWP\Monkey.BluetoothLE.UWP.csproj", "{AC02A4CA-8F3E-448E-8A81-3AC9C653BEBA}"
EndProject
Global
	GlobalSection(SolutionConfigurationPlatforms) = preSolution
		Ad-Hoc|Any CPU = Ad-Hoc|Any CPU
		Ad-Hoc|ARM = Ad-Hoc|ARM
		Ad-Hoc|iPhone = Ad-Hoc|iPhone
		Ad-Hoc|iPhoneSimulator = Ad-Hoc|iPhoneSimulator
		Ad-Hoc|x64 = Ad-Hoc|x64
		Ad-Hoc|x86 = Ad-Hoc|x86
		AppStore|Any CPU = AppStore|Any CPU
		AppStore|ARM = AppStore|ARM
		AppStore|iPhone = AppStore|iPhone
		AppStore|iPhoneSimulator = AppStore|iPhoneSimulator
		AppStore|x64 = AppStore|x64
		AppStore|x86 = AppStore|x86
		Debug|Any CPU = Debug|Any CPU
		Debug|ARM = Debug|ARM
		Debug|iPhone = Debug|iPhone
		Debug|iPhoneSimulator = Debug|iPhoneSimulator
		Debug|x64 = Debug|x64
		Debug|x86 = Debug|x86
		Release|Any CPU = Release|Any CPU
		Release|ARM = Release|ARM
		Release|iPhone = Release|iPhone
		Release|iPhoneSimulator = Release|iPhoneSimulator
		Release|x64 = Release|x64
		Release|x86 = Release|x86
	EndGlobalSection
	GlobalSection(ProjectConfigurationPlatforms) = postSolution
		{747B1A7C-808A-49EE-A316-16A38CC09D28}.Ad-Hoc|Any CPU.ActiveCfg = Release|Any CPU
		{747B1A7C-808A-49EE-A316-16A38CC09D28}.Ad-Hoc|Any CPU.Build.0 = Release|Any CPU
		{747B1A7C-808A-49EE-A316-16A38CC09D28}.Ad-Hoc|ARM.ActiveCfg = Release|Any CPU
		{747B1A7C-808A-49EE-A316-16A38CC09D28}.Ad-Hoc|ARM.Build.0 = Release|Any CPU
		{747B1A7C-808A-49EE-A316-16A38CC09D28}.Ad-Hoc|iPhone.ActiveCfg = Release|Any CPU
		{747B1A7C-808A-49EE-A316-16A38CC09D28}.Ad-Hoc|iPhone.Build.0 = Release|Any CPU
		{747B1A7C-808A-49EE-A316-16A38CC09D28}.Ad-Hoc|iPhoneSimulator.ActiveCfg = Release|Any CPU
		{747B1A7C-808A-49EE-A316-16A38CC09D28}.Ad-Hoc|iPhoneSimulator.Build.0 = Release|Any CPU
		{747B1A7C-808A-49EE-A316-16A38CC09D28}.Ad-Hoc|x64.ActiveCfg = Release|Any CPU
		{747B1A7C-808A-49EE-A316-16A38CC09D28}.Ad-Hoc|x64.Build.0 = Release|Any CPU
		{747B1A7C-808A-49EE-A316-16A38CC09D28}.Ad-Hoc|x86.ActiveCfg = Release|Any CPU
		{747B1A7C-808A-49EE-A316-16A38CC09D28}.Ad-Hoc|x86.Build.0 = Release|Any CPU
		{747B1A7C-808A-49EE-A316-16A38CC09D28}.AppStore|Any CPU.ActiveCfg = Release|Any CPU
		{747B1A7C-808A-49EE-A316-16A38CC09D28}.AppStore|Any CPU.Build.0 = Release|Any CPU
		{747B1A7C-808A-49EE-A316-16A38CC09D28}.AppStore|ARM.ActiveCfg = Release|Any CPU
		{747B1A7C-808A-49EE-A316-16A38CC09D28}.AppStore|ARM.Build.0 = Release|Any CPU
		{747B1A7C-808A-49EE-A316-16A38CC09D28}.AppStore|iPhone.ActiveCfg = Release|Any CPU
		{747B1A7C-808A-49EE-A316-16A38CC09D28}.AppStore|iPhone.Build.0 = Release|Any CPU
		{747B1A7C-808A-49EE-A316-16A38CC09D28}.AppStore|iPhoneSimulator.ActiveCfg = Release|Any CPU
		{747B1A7C-808A-49EE-A316-16A38CC09D28}.AppStore|iPhoneSimulator.Build.0 = Release|Any CPU
		{747B1A7C-808A-49EE-A316-16A38CC09D28}.AppStore|x64.ActiveCfg = Release|Any CPU
		{747B1A7C-808A-49EE-A316-16A38CC09D28}.AppStore|x64.Build.0 = Release|Any CPU
		{747B1A7C-808A-49EE-A316-16A38CC09D28}.AppStore|x86.ActiveCfg = Release|Any CPU
		{747B1A7C-808A-49EE-A316-16A38CC09D28}.AppStore|x86.Build.0 = Release|Any CPU
		{747B1A7C-808A-49EE-A316-16A38CC09D28}.Debug|Any CPU.ActiveCfg = Debug|Any CPU
		{747B1A7C-808A-49EE-A316-16A38CC09D28}.Debug|Any CPU.Build.0 = Debug|Any CPU
		{747B1A7C-808A-49EE-A316-16A38CC09D28}.Debug|ARM.ActiveCfg = Debug|Any CPU
		{747B1A7C-808A-49EE-A316-16A38CC09D28}.Debug|ARM.Build.0 = Debug|Any CPU
		{747B1A7C-808A-49EE-A316-16A38CC09D28}.Debug|iPhone.ActiveCfg = Debug|Any CPU
		{747B1A7C-808A-49EE-A316-16A38CC09D28}.Debug|iPhone.Build.0 = Debug|Any CPU
		{747B1A7C-808A-49EE-A316-16A38CC09D28}.Debug|iPhoneSimulator.ActiveCfg = Debug|Any CPU
		{747B1A7C-808A-49EE-A316-16A38CC09D28}.Debug|iPhoneSimulator.Build.0 = Debug|Any CPU
		{747B1A7C-808A-49EE-A316-16A38CC09D28}.Debug|x64.ActiveCfg = Debug|Any CPU
		{747B1A7C-808A-49EE-A316-16A38CC09D28}.Debug|x64.Build.0 = Debug|Any CPU
		{747B1A7C-808A-49EE-A316-16A38CC09D28}.Debug|x86.ActiveCfg = Debug|Any CPU
		{747B1A7C-808A-49EE-A316-16A38CC09D28}.Debug|x86.Build.0 = Debug|Any CPU
		{747B1A7C-808A-49EE-A316-16A38CC09D28}.Release|Any CPU.ActiveCfg = Release|Any CPU
		{747B1A7C-808A-49EE-A316-16A38CC09D28}.Release|Any CPU.Build.0 = Release|Any CPU
		{747B1A7C-808A-49EE-A316-16A38CC09D28}.Release|ARM.ActiveCfg = Release|Any CPU
		{747B1A7C-808A-49EE-A316-16A38CC09D28}.Release|ARM.Build.0 = Release|Any CPU
		{747B1A7C-808A-49EE-A316-16A38CC09D28}.Release|iPhone.ActiveCfg = Release|Any CPU
		{747B1A7C-808A-49EE-A316-16A38CC09D28}.Release|iPhone.Build.0 = Release|Any CPU
		{747B1A7C-808A-49EE-A316-16A38CC09D28}.Release|iPhoneSimulator.ActiveCfg = Release|Any CPU
		{747B1A7C-808A-49EE-A316-16A38CC09D28}.Release|iPhoneSimulator.Build.0 = Release|Any CPU
		{747B1A7C-808A-49EE-A316-16A38CC09D28}.Release|x64.ActiveCfg = Release|Any CPU
		{747B1A7C-808A-49EE-A316-16A38CC09D28}.Release|x64.Build.0 = Release|Any CPU
		{747B1A7C-808A-49EE-A316-16A38CC09D28}.Release|x86.ActiveCfg = Release|Any CPU
		{747B1A7C-808A-49EE-A316-16A38CC09D28}.Release|x86.Build.0 = Release|Any CPU
		{15668B0B-A63E-4848-9C48-D268860DE4B4}.Ad-Hoc|Any CPU.ActiveCfg = Release|Any CPU
		{15668B0B-A63E-4848-9C48-D268860DE4B4}.Ad-Hoc|Any CPU.Build.0 = Release|Any CPU
		{15668B0B-A63E-4848-9C48-D268860DE4B4}.Ad-Hoc|Any CPU.Deploy.0 = Release|Any CPU
		{15668B0B-A63E-4848-9C48-D268860DE4B4}.Ad-Hoc|ARM.ActiveCfg = Release|Any CPU
		{15668B0B-A63E-4848-9C48-D268860DE4B4}.Ad-Hoc|ARM.Build.0 = Release|Any CPU
		{15668B0B-A63E-4848-9C48-D268860DE4B4}.Ad-Hoc|ARM.Deploy.0 = Release|Any CPU
		{15668B0B-A63E-4848-9C48-D268860DE4B4}.Ad-Hoc|iPhone.ActiveCfg = Release|Any CPU
		{15668B0B-A63E-4848-9C48-D268860DE4B4}.Ad-Hoc|iPhone.Build.0 = Release|Any CPU
		{15668B0B-A63E-4848-9C48-D268860DE4B4}.Ad-Hoc|iPhone.Deploy.0 = Release|Any CPU
		{15668B0B-A63E-4848-9C48-D268860DE4B4}.Ad-Hoc|iPhoneSimulator.ActiveCfg = Release|Any CPU
		{15668B0B-A63E-4848-9C48-D268860DE4B4}.Ad-Hoc|iPhoneSimulator.Build.0 = Release|Any CPU
		{15668B0B-A63E-4848-9C48-D268860DE4B4}.Ad-Hoc|iPhoneSimulator.Deploy.0 = Release|Any CPU
		{15668B0B-A63E-4848-9C48-D268860DE4B4}.Ad-Hoc|x64.ActiveCfg = Release|Any CPU
		{15668B0B-A63E-4848-9C48-D268860DE4B4}.Ad-Hoc|x64.Build.0 = Release|Any CPU
		{15668B0B-A63E-4848-9C48-D268860DE4B4}.Ad-Hoc|x64.Deploy.0 = Release|Any CPU
		{15668B0B-A63E-4848-9C48-D268860DE4B4}.Ad-Hoc|x86.ActiveCfg = Release|Any CPU
		{15668B0B-A63E-4848-9C48-D268860DE4B4}.Ad-Hoc|x86.Build.0 = Release|Any CPU
		{15668B0B-A63E-4848-9C48-D268860DE4B4}.Ad-Hoc|x86.Deploy.0 = Release|Any CPU
		{15668B0B-A63E-4848-9C48-D268860DE4B4}.AppStore|Any CPU.ActiveCfg = Release|Any CPU
		{15668B0B-A63E-4848-9C48-D268860DE4B4}.AppStore|Any CPU.Build.0 = Release|Any CPU
		{15668B0B-A63E-4848-9C48-D268860DE4B4}.AppStore|Any CPU.Deploy.0 = Release|Any CPU
		{15668B0B-A63E-4848-9C48-D268860DE4B4}.AppStore|ARM.ActiveCfg = Release|Any CPU
		{15668B0B-A63E-4848-9C48-D268860DE4B4}.AppStore|ARM.Build.0 = Release|Any CPU
		{15668B0B-A63E-4848-9C48-D268860DE4B4}.AppStore|ARM.Deploy.0 = Release|Any CPU
		{15668B0B-A63E-4848-9C48-D268860DE4B4}.AppStore|iPhone.ActiveCfg = Release|Any CPU
		{15668B0B-A63E-4848-9C48-D268860DE4B4}.AppStore|iPhone.Build.0 = Release|Any CPU
		{15668B0B-A63E-4848-9C48-D268860DE4B4}.AppStore|iPhone.Deploy.0 = Release|Any CPU
		{15668B0B-A63E-4848-9C48-D268860DE4B4}.AppStore|iPhoneSimulator.ActiveCfg = Release|Any CPU
		{15668B0B-A63E-4848-9C48-D268860DE4B4}.AppStore|iPhoneSimulator.Build.0 = Release|Any CPU
		{15668B0B-A63E-4848-9C48-D268860DE4B4}.AppStore|iPhoneSimulator.Deploy.0 = Release|Any CPU
		{15668B0B-A63E-4848-9C48-D268860DE4B4}.AppStore|x64.ActiveCfg = Release|Any CPU
		{15668B0B-A63E-4848-9C48-D268860DE4B4}.AppStore|x64.Build.0 = Release|Any CPU
		{15668B0B-A63E-4848-9C48-D268860DE4B4}.AppStore|x64.Deploy.0 = Release|Any CPU
		{15668B0B-A63E-4848-9C48-D268860DE4B4}.AppStore|x86.ActiveCfg = Release|Any CPU
		{15668B0B-A63E-4848-9C48-D268860DE4B4}.AppStore|x86.Build.0 = Release|Any CPU
		{15668B0B-A63E-4848-9C48-D268860DE4B4}.AppStore|x86.Deploy.0 = Release|Any CPU
		{15668B0B-A63E-4848-9C48-D268860DE4B4}.Debug|Any CPU.ActiveCfg = Debug|Any CPU
		{15668B0B-A63E-4848-9C48-D268860DE4B4}.Debug|Any CPU.Build.0 = Debug|Any CPU
		{15668B0B-A63E-4848-9C48-D268860DE4B4}.Debug|Any CPU.Deploy.0 = Debug|Any CPU
		{15668B0B-A63E-4848-9C48-D268860DE4B4}.Debug|ARM.ActiveCfg = Debug|Any CPU
		{15668B0B-A63E-4848-9C48-D268860DE4B4}.Debug|ARM.Build.0 = Debug|Any CPU
		{15668B0B-A63E-4848-9C48-D268860DE4B4}.Debug|ARM.Deploy.0 = Debug|Any CPU
		{15668B0B-A63E-4848-9C48-D268860DE4B4}.Debug|iPhone.ActiveCfg = Debug|Any CPU
		{15668B0B-A63E-4848-9C48-D268860DE4B4}.Debug|iPhone.Build.0 = Debug|Any CPU
		{15668B0B-A63E-4848-9C48-D268860DE4B4}.Debug|iPhone.Deploy.0 = Debug|Any CPU
		{15668B0B-A63E-4848-9C48-D268860DE4B4}.Debug|iPhoneSimulator.ActiveCfg = Debug|Any CPU
		{15668B0B-A63E-4848-9C48-D268860DE4B4}.Debug|iPhoneSimulator.Build.0 = Debug|Any CPU
		{15668B0B-A63E-4848-9C48-D268860DE4B4}.Debug|iPhoneSimulator.Deploy.0 = Debug|Any CPU
		{15668B0B-A63E-4848-9C48-D268860DE4B4}.Debug|x64.ActiveCfg = Debug|Any CPU
		{15668B0B-A63E-4848-9C48-D268860DE4B4}.Debug|x64.Build.0 = Debug|Any CPU
		{15668B0B-A63E-4848-9C48-D268860DE4B4}.Debug|x64.Deploy.0 = Debug|Any CPU
		{15668B0B-A63E-4848-9C48-D268860DE4B4}.Debug|x86.ActiveCfg = Debug|Any CPU
		{15668B0B-A63E-4848-9C48-D268860DE4B4}.Debug|x86.Build.0 = Debug|Any CPU
		{15668B0B-A63E-4848-9C48-D268860DE4B4}.Debug|x86.Deploy.0 = Debug|Any CPU
		{15668B0B-A63E-4848-9C48-D268860DE4B4}.Release|Any CPU.ActiveCfg = Release|Any CPU
		{15668B0B-A63E-4848-9C48-D268860DE4B4}.Release|Any CPU.Build.0 = Release|Any CPU
		{15668B0B-A63E-4848-9C48-D268860DE4B4}.Release|Any CPU.Deploy.0 = Release|Any CPU
		{15668B0B-A63E-4848-9C48-D268860DE4B4}.Release|ARM.ActiveCfg = Release|Any CPU
		{15668B0B-A63E-4848-9C48-D268860DE4B4}.Release|ARM.Build.0 = Release|Any CPU
		{15668B0B-A63E-4848-9C48-D268860DE4B4}.Release|ARM.Deploy.0 = Release|Any CPU
		{15668B0B-A63E-4848-9C48-D268860DE4B4}.Release|iPhone.ActiveCfg = Release|Any CPU
		{15668B0B-A63E-4848-9C48-D268860DE4B4}.Release|iPhone.Build.0 = Release|Any CPU
		{15668B0B-A63E-4848-9C48-D268860DE4B4}.Release|iPhone.Deploy.0 = Release|Any CPU
		{15668B0B-A63E-4848-9C48-D268860DE4B4}.Release|iPhoneSimulator.ActiveCfg = Release|Any CPU
		{15668B0B-A63E-4848-9C48-D268860DE4B4}.Release|iPhoneSimulator.Build.0 = Release|Any CPU
		{15668B0B-A63E-4848-9C48-D268860DE4B4}.Release|iPhoneSimulator.Deploy.0 = Release|Any CPU
		{15668B0B-A63E-4848-9C48-D268860DE4B4}.Release|x64.ActiveCfg = Release|Any CPU
		{15668B0B-A63E-4848-9C48-D268860DE4B4}.Release|x64.Build.0 = Release|Any CPU
		{15668B0B-A63E-4848-9C48-D268860DE4B4}.Release|x64.Deploy.0 = Release|Any CPU
		{15668B0B-A63E-4848-9C48-D268860DE4B4}.Release|x86.ActiveCfg = Release|Any CPU
		{15668B0B-A63E-4848-9C48-D268860DE4B4}.Release|x86.Build.0 = Release|Any CPU
		{15668B0B-A63E-4848-9C48-D268860DE4B4}.Release|x86.Deploy.0 = Release|Any CPU
		{5BF72354-27E8-40CB-92E0-07C7204CB41F}.Ad-Hoc|Any CPU.ActiveCfg = Ad-Hoc|iPhone
		{5BF72354-27E8-40CB-92E0-07C7204CB41F}.Ad-Hoc|ARM.ActiveCfg = Ad-Hoc|iPhone
		{5BF72354-27E8-40CB-92E0-07C7204CB41F}.Ad-Hoc|iPhone.ActiveCfg = Ad-Hoc|iPhone
		{5BF72354-27E8-40CB-92E0-07C7204CB41F}.Ad-Hoc|iPhone.Build.0 = Ad-Hoc|iPhone
		{5BF72354-27E8-40CB-92E0-07C7204CB41F}.Ad-Hoc|iPhoneSimulator.ActiveCfg = Ad-Hoc|iPhoneSimulator
		{5BF72354-27E8-40CB-92E0-07C7204CB41F}.Ad-Hoc|iPhoneSimulator.Build.0 = Ad-Hoc|iPhoneSimulator
		{5BF72354-27E8-40CB-92E0-07C7204CB41F}.Ad-Hoc|x64.ActiveCfg = Ad-Hoc|iPhone
		{5BF72354-27E8-40CB-92E0-07C7204CB41F}.Ad-Hoc|x86.ActiveCfg = Ad-Hoc|iPhone
		{5BF72354-27E8-40CB-92E0-07C7204CB41F}.AppStore|Any CPU.ActiveCfg = AppStore|iPhone
		{5BF72354-27E8-40CB-92E0-07C7204CB41F}.AppStore|ARM.ActiveCfg = AppStore|iPhone
		{5BF72354-27E8-40CB-92E0-07C7204CB41F}.AppStore|iPhone.ActiveCfg = AppStore|iPhone
		{5BF72354-27E8-40CB-92E0-07C7204CB41F}.AppStore|iPhone.Build.0 = AppStore|iPhone
		{5BF72354-27E8-40CB-92E0-07C7204CB41F}.AppStore|iPhoneSimulator.ActiveCfg = AppStore|iPhoneSimulator
		{5BF72354-27E8-40CB-92E0-07C7204CB41F}.AppStore|iPhoneSimulator.Build.0 = AppStore|iPhoneSimulator
		{5BF72354-27E8-40CB-92E0-07C7204CB41F}.AppStore|x64.ActiveCfg = AppStore|iPhone
		{5BF72354-27E8-40CB-92E0-07C7204CB41F}.AppStore|x86.ActiveCfg = AppStore|iPhone
		{5BF72354-27E8-40CB-92E0-07C7204CB41F}.Debug|Any CPU.ActiveCfg = Debug|iPhone
		{5BF72354-27E8-40CB-92E0-07C7204CB41F}.Debug|ARM.ActiveCfg = Debug|iPhone
		{5BF72354-27E8-40CB-92E0-07C7204CB41F}.Debug|iPhone.ActiveCfg = Debug|iPhone
		{5BF72354-27E8-40CB-92E0-07C7204CB41F}.Debug|iPhone.Build.0 = Debug|iPhone
		{5BF72354-27E8-40CB-92E0-07C7204CB41F}.Debug|iPhoneSimulator.ActiveCfg = Debug|iPhoneSimulator
		{5BF72354-27E8-40CB-92E0-07C7204CB41F}.Debug|iPhoneSimulator.Build.0 = Debug|iPhoneSimulator
		{5BF72354-27E8-40CB-92E0-07C7204CB41F}.Debug|x64.ActiveCfg = Debug|iPhone
		{5BF72354-27E8-40CB-92E0-07C7204CB41F}.Debug|x86.ActiveCfg = Debug|iPhone
		{5BF72354-27E8-40CB-92E0-07C7204CB41F}.Release|Any CPU.ActiveCfg = Release|iPhone
		{5BF72354-27E8-40CB-92E0-07C7204CB41F}.Release|ARM.ActiveCfg = Release|iPhone
		{5BF72354-27E8-40CB-92E0-07C7204CB41F}.Release|iPhone.ActiveCfg = Release|iPhone
		{5BF72354-27E8-40CB-92E0-07C7204CB41F}.Release|iPhone.Build.0 = Release|iPhone
		{5BF72354-27E8-40CB-92E0-07C7204CB41F}.Release|iPhoneSimulator.ActiveCfg = Release|iPhoneSimulator
		{5BF72354-27E8-40CB-92E0-07C7204CB41F}.Release|iPhoneSimulator.Build.0 = Release|iPhoneSimulator
		{5BF72354-27E8-40CB-92E0-07C7204CB41F}.Release|x64.ActiveCfg = Release|iPhone
		{5BF72354-27E8-40CB-92E0-07C7204CB41F}.Release|x86.ActiveCfg = Release|iPhone
		{AB3CEC64-975E-4BCF-8E0E-9284992040BC}.Ad-Hoc|Any CPU.ActiveCfg = Release|x86
		{AB3CEC64-975E-4BCF-8E0E-9284992040BC}.Ad-Hoc|Any CPU.Build.0 = Release|x86
		{AB3CEC64-975E-4BCF-8E0E-9284992040BC}.Ad-Hoc|Any CPU.Deploy.0 = Release|x86
		{AB3CEC64-975E-4BCF-8E0E-9284992040BC}.Ad-Hoc|ARM.ActiveCfg = Release|ARM
		{AB3CEC64-975E-4BCF-8E0E-9284992040BC}.Ad-Hoc|ARM.Build.0 = Release|ARM
		{AB3CEC64-975E-4BCF-8E0E-9284992040BC}.Ad-Hoc|ARM.Deploy.0 = Release|ARM
		{AB3CEC64-975E-4BCF-8E0E-9284992040BC}.Ad-Hoc|iPhone.ActiveCfg = Release|x86
		{AB3CEC64-975E-4BCF-8E0E-9284992040BC}.Ad-Hoc|iPhone.Build.0 = Release|x86
		{AB3CEC64-975E-4BCF-8E0E-9284992040BC}.Ad-Hoc|iPhone.Deploy.0 = Release|x86
		{AB3CEC64-975E-4BCF-8E0E-9284992040BC}.Ad-Hoc|iPhoneSimulator.ActiveCfg = Release|x86
		{AB3CEC64-975E-4BCF-8E0E-9284992040BC}.Ad-Hoc|iPhoneSimulator.Build.0 = Release|x86
		{AB3CEC64-975E-4BCF-8E0E-9284992040BC}.Ad-Hoc|iPhoneSimulator.Deploy.0 = Release|x86
		{AB3CEC64-975E-4BCF-8E0E-9284992040BC}.Ad-Hoc|x64.ActiveCfg = Release|x64
		{AB3CEC64-975E-4BCF-8E0E-9284992040BC}.Ad-Hoc|x64.Build.0 = Release|x64
		{AB3CEC64-975E-4BCF-8E0E-9284992040BC}.Ad-Hoc|x64.Deploy.0 = Release|x64
		{AB3CEC64-975E-4BCF-8E0E-9284992040BC}.Ad-Hoc|x86.ActiveCfg = Release|x86
		{AB3CEC64-975E-4BCF-8E0E-9284992040BC}.Ad-Hoc|x86.Build.0 = Release|x86
		{AB3CEC64-975E-4BCF-8E0E-9284992040BC}.Ad-Hoc|x86.Deploy.0 = Release|x86
		{AB3CEC64-975E-4BCF-8E0E-9284992040BC}.AppStore|Any CPU.ActiveCfg = Release|x86
		{AB3CEC64-975E-4BCF-8E0E-9284992040BC}.AppStore|Any CPU.Build.0 = Release|x86
		{AB3CEC64-975E-4BCF-8E0E-9284992040BC}.AppStore|Any CPU.Deploy.0 = Release|x86
		{AB3CEC64-975E-4BCF-8E0E-9284992040BC}.AppStore|ARM.ActiveCfg = Release|ARM
		{AB3CEC64-975E-4BCF-8E0E-9284992040BC}.AppStore|ARM.Build.0 = Release|ARM
		{AB3CEC64-975E-4BCF-8E0E-9284992040BC}.AppStore|ARM.Deploy.0 = Release|ARM
		{AB3CEC64-975E-4BCF-8E0E-9284992040BC}.AppStore|iPhone.ActiveCfg = Release|x86
		{AB3CEC64-975E-4BCF-8E0E-9284992040BC}.AppStore|iPhone.Build.0 = Release|x86
		{AB3CEC64-975E-4BCF-8E0E-9284992040BC}.AppStore|iPhone.Deploy.0 = Release|x86
		{AB3CEC64-975E-4BCF-8E0E-9284992040BC}.AppStore|iPhoneSimulator.ActiveCfg = Release|x86
		{AB3CEC64-975E-4BCF-8E0E-9284992040BC}.AppStore|iPhoneSimulator.Build.0 = Release|x86
		{AB3CEC64-975E-4BCF-8E0E-9284992040BC}.AppStore|iPhoneSimulator.Deploy.0 = Release|x86
		{AB3CEC64-975E-4BCF-8E0E-9284992040BC}.AppStore|x64.ActiveCfg = Release|x64
		{AB3CEC64-975E-4BCF-8E0E-9284992040BC}.AppStore|x64.Build.0 = Release|x64
		{AB3CEC64-975E-4BCF-8E0E-9284992040BC}.AppStore|x64.Deploy.0 = Release|x64
		{AB3CEC64-975E-4BCF-8E0E-9284992040BC}.AppStore|x86.ActiveCfg = Release|x86
		{AB3CEC64-975E-4BCF-8E0E-9284992040BC}.AppStore|x86.Build.0 = Release|x86
		{AB3CEC64-975E-4BCF-8E0E-9284992040BC}.AppStore|x86.Deploy.0 = Release|x86
		{AB3CEC64-975E-4BCF-8E0E-9284992040BC}.Debug|Any CPU.ActiveCfg = Debug|x86
		{AB3CEC64-975E-4BCF-8E0E-9284992040BC}.Debug|Any CPU.Build.0 = Debug|x86
		{AB3CEC64-975E-4BCF-8E0E-9284992040BC}.Debug|Any CPU.Deploy.0 = Debug|x86
		{AB3CEC64-975E-4BCF-8E0E-9284992040BC}.Debug|ARM.ActiveCfg = Debug|ARM
		{AB3CEC64-975E-4BCF-8E0E-9284992040BC}.Debug|ARM.Build.0 = Debug|ARM
		{AB3CEC64-975E-4BCF-8E0E-9284992040BC}.Debug|ARM.Deploy.0 = Debug|ARM
		{AB3CEC64-975E-4BCF-8E0E-9284992040BC}.Debug|iPhone.ActiveCfg = Debug|x86
		{AB3CEC64-975E-4BCF-8E0E-9284992040BC}.Debug|iPhoneSimulator.ActiveCfg = Debug|x86
		{AB3CEC64-975E-4BCF-8E0E-9284992040BC}.Debug|x64.ActiveCfg = Debug|x64
		{AB3CEC64-975E-4BCF-8E0E-9284992040BC}.Debug|x64.Build.0 = Debug|x64
		{AB3CEC64-975E-4BCF-8E0E-9284992040BC}.Debug|x64.Deploy.0 = Debug|x64
		{AB3CEC64-975E-4BCF-8E0E-9284992040BC}.Debug|x86.ActiveCfg = Debug|x86
		{AB3CEC64-975E-4BCF-8E0E-9284992040BC}.Debug|x86.Build.0 = Debug|x86
		{AB3CEC64-975E-4BCF-8E0E-9284992040BC}.Debug|x86.Deploy.0 = Debug|x86
		{AB3CEC64-975E-4BCF-8E0E-9284992040BC}.Release|Any CPU.ActiveCfg = Release|x86
		{AB3CEC64-975E-4BCF-8E0E-9284992040BC}.Release|ARM.ActiveCfg = Release|ARM
		{AB3CEC64-975E-4BCF-8E0E-9284992040BC}.Release|ARM.Build.0 = Release|ARM
		{AB3CEC64-975E-4BCF-8E0E-9284992040BC}.Release|ARM.Deploy.0 = Release|ARM
		{AB3CEC64-975E-4BCF-8E0E-9284992040BC}.Release|iPhone.ActiveCfg = Release|x86
		{AB3CEC64-975E-4BCF-8E0E-9284992040BC}.Release|iPhoneSimulator.ActiveCfg = Release|x86
		{AB3CEC64-975E-4BCF-8E0E-9284992040BC}.Release|x64.ActiveCfg = Release|x64
		{AB3CEC64-975E-4BCF-8E0E-9284992040BC}.Release|x64.Build.0 = Release|x64
		{AB3CEC64-975E-4BCF-8E0E-9284992040BC}.Release|x64.Deploy.0 = Release|x64
		{AB3CEC64-975E-4BCF-8E0E-9284992040BC}.Release|x86.ActiveCfg = Release|x86
		{AB3CEC64-975E-4BCF-8E0E-9284992040BC}.Release|x86.Build.0 = Release|x86
		{AB3CEC64-975E-4BCF-8E0E-9284992040BC}.Release|x86.Deploy.0 = Release|x86
		{65733427-B647-4556-A87C-20937496780A}.Ad-Hoc|Any CPU.ActiveCfg = Release|Any CPU
		{65733427-B647-4556-A87C-20937496780A}.Ad-Hoc|Any CPU.Build.0 = Release|Any CPU
		{65733427-B647-4556-A87C-20937496780A}.Ad-Hoc|ARM.ActiveCfg = Release|Any CPU
		{65733427-B647-4556-A87C-20937496780A}.Ad-Hoc|ARM.Build.0 = Release|Any CPU
		{65733427-B647-4556-A87C-20937496780A}.Ad-Hoc|iPhone.ActiveCfg = Release|Any CPU
		{65733427-B647-4556-A87C-20937496780A}.Ad-Hoc|iPhone.Build.0 = Release|Any CPU
		{65733427-B647-4556-A87C-20937496780A}.Ad-Hoc|iPhoneSimulator.ActiveCfg = Release|Any CPU
		{65733427-B647-4556-A87C-20937496780A}.Ad-Hoc|iPhoneSimulator.Build.0 = Release|Any CPU
		{65733427-B647-4556-A87C-20937496780A}.Ad-Hoc|x64.ActiveCfg = Release|Any CPU
		{65733427-B647-4556-A87C-20937496780A}.Ad-Hoc|x64.Build.0 = Release|Any CPU
		{65733427-B647-4556-A87C-20937496780A}.Ad-Hoc|x86.ActiveCfg = Release|Any CPU
		{65733427-B647-4556-A87C-20937496780A}.Ad-Hoc|x86.Build.0 = Release|Any CPU
		{65733427-B647-4556-A87C-20937496780A}.AppStore|Any CPU.ActiveCfg = Release|Any CPU
		{65733427-B647-4556-A87C-20937496780A}.AppStore|Any CPU.Build.0 = Release|Any CPU
		{65733427-B647-4556-A87C-20937496780A}.AppStore|ARM.ActiveCfg = Release|Any CPU
		{65733427-B647-4556-A87C-20937496780A}.AppStore|ARM.Build.0 = Release|Any CPU
		{65733427-B647-4556-A87C-20937496780A}.AppStore|iPhone.ActiveCfg = Release|Any CPU
		{65733427-B647-4556-A87C-20937496780A}.AppStore|iPhone.Build.0 = Release|Any CPU
		{65733427-B647-4556-A87C-20937496780A}.AppStore|iPhoneSimulator.ActiveCfg = Release|Any CPU
		{65733427-B647-4556-A87C-20937496780A}.AppStore|iPhoneSimulator.Build.0 = Release|Any CPU
		{65733427-B647-4556-A87C-20937496780A}.AppStore|x64.ActiveCfg = Release|Any CPU
		{65733427-B647-4556-A87C-20937496780A}.AppStore|x64.Build.0 = Release|Any CPU
		{65733427-B647-4556-A87C-20937496780A}.AppStore|x86.ActiveCfg = Release|Any CPU
		{65733427-B647-4556-A87C-20937496780A}.AppStore|x86.Build.0 = Release|Any CPU
		{65733427-B647-4556-A87C-20937496780A}.Debug|Any CPU.ActiveCfg = Debug|Any CPU
		{65733427-B647-4556-A87C-20937496780A}.Debug|Any CPU.Build.0 = Debug|Any CPU
		{65733427-B647-4556-A87C-20937496780A}.Debug|ARM.ActiveCfg = Debug|Any CPU
		{65733427-B647-4556-A87C-20937496780A}.Debug|ARM.Build.0 = Debug|Any CPU
		{65733427-B647-4556-A87C-20937496780A}.Debug|iPhone.ActiveCfg = Debug|Any CPU
		{65733427-B647-4556-A87C-20937496780A}.Debug|iPhone.Build.0 = Debug|Any CPU
		{65733427-B647-4556-A87C-20937496780A}.Debug|iPhoneSimulator.ActiveCfg = Debug|Any CPU
		{65733427-B647-4556-A87C-20937496780A}.Debug|iPhoneSimulator.Build.0 = Debug|Any CPU
		{65733427-B647-4556-A87C-20937496780A}.Debug|x64.ActiveCfg = Debug|Any CPU
		{65733427-B647-4556-A87C-20937496780A}.Debug|x64.Build.0 = Debug|Any CPU
		{65733427-B647-4556-A87C-20937496780A}.Debug|x86.ActiveCfg = Debug|Any CPU
		{65733427-B647-4556-A87C-20937496780A}.Debug|x86.Build.0 = Debug|Any CPU
		{65733427-B647-4556-A87C-20937496780A}.Release|Any CPU.ActiveCfg = Release|Any CPU
		{65733427-B647-4556-A87C-20937496780A}.Release|Any CPU.Build.0 = Release|Any CPU
		{65733427-B647-4556-A87C-20937496780A}.Release|ARM.ActiveCfg = Release|Any CPU
		{65733427-B647-4556-A87C-20937496780A}.Release|ARM.Build.0 = Release|Any CPU
		{65733427-B647-4556-A87C-20937496780A}.Release|iPhone.ActiveCfg = Release|Any CPU
		{65733427-B647-4556-A87C-20937496780A}.Release|iPhone.Build.0 = Release|Any CPU
		{65733427-B647-4556-A87C-20937496780A}.Release|iPhoneSimulator.ActiveCfg = Release|Any CPU
		{65733427-B647-4556-A87C-20937496780A}.Release|iPhoneSimulator.Build.0 = Release|Any CPU
		{65733427-B647-4556-A87C-20937496780A}.Release|x64.ActiveCfg = Release|Any CPU
		{65733427-B647-4556-A87C-20937496780A}.Release|x64.Build.0 = Release|Any CPU
		{65733427-B647-4556-A87C-20937496780A}.Release|x86.ActiveCfg = Release|Any CPU
		{65733427-B647-4556-A87C-20937496780A}.Release|x86.Build.0 = Release|Any CPU
		{0040B1B9-6E22-438A-A6A7-A5A00B2B89B1}.Ad-Hoc|Any CPU.ActiveCfg = Release|Any CPU
		{0040B1B9-6E22-438A-A6A7-A5A00B2B89B1}.Ad-Hoc|Any CPU.Build.0 = Release|Any CPU
		{0040B1B9-6E22-438A-A6A7-A5A00B2B89B1}.Ad-Hoc|ARM.ActiveCfg = Release|Any CPU
		{0040B1B9-6E22-438A-A6A7-A5A00B2B89B1}.Ad-Hoc|ARM.Build.0 = Release|Any CPU
		{0040B1B9-6E22-438A-A6A7-A5A00B2B89B1}.Ad-Hoc|iPhone.ActiveCfg = Release|Any CPU
		{0040B1B9-6E22-438A-A6A7-A5A00B2B89B1}.Ad-Hoc|iPhone.Build.0 = Release|Any CPU
		{0040B1B9-6E22-438A-A6A7-A5A00B2B89B1}.Ad-Hoc|iPhoneSimulator.ActiveCfg = Release|Any CPU
		{0040B1B9-6E22-438A-A6A7-A5A00B2B89B1}.Ad-Hoc|iPhoneSimulator.Build.0 = Release|Any CPU
		{0040B1B9-6E22-438A-A6A7-A5A00B2B89B1}.Ad-Hoc|x64.ActiveCfg = Release|Any CPU
		{0040B1B9-6E22-438A-A6A7-A5A00B2B89B1}.Ad-Hoc|x64.Build.0 = Release|Any CPU
		{0040B1B9-6E22-438A-A6A7-A5A00B2B89B1}.Ad-Hoc|x86.ActiveCfg = Release|Any CPU
		{0040B1B9-6E22-438A-A6A7-A5A00B2B89B1}.Ad-Hoc|x86.Build.0 = Release|Any CPU
		{0040B1B9-6E22-438A-A6A7-A5A00B2B89B1}.AppStore|Any CPU.ActiveCfg = Release|Any CPU
		{0040B1B9-6E22-438A-A6A7-A5A00B2B89B1}.AppStore|Any CPU.Build.0 = Release|Any CPU
		{0040B1B9-6E22-438A-A6A7-A5A00B2B89B1}.AppStore|ARM.ActiveCfg = Release|Any CPU
		{0040B1B9-6E22-438A-A6A7-A5A00B2B89B1}.AppStore|ARM.Build.0 = Release|Any CPU
		{0040B1B9-6E22-438A-A6A7-A5A00B2B89B1}.AppStore|iPhone.ActiveCfg = Release|Any CPU
		{0040B1B9-6E22-438A-A6A7-A5A00B2B89B1}.AppStore|iPhone.Build.0 = Release|Any CPU
		{0040B1B9-6E22-438A-A6A7-A5A00B2B89B1}.AppStore|iPhoneSimulator.ActiveCfg = Release|Any CPU
		{0040B1B9-6E22-438A-A6A7-A5A00B2B89B1}.AppStore|iPhoneSimulator.Build.0 = Release|Any CPU
		{0040B1B9-6E22-438A-A6A7-A5A00B2B89B1}.AppStore|x64.ActiveCfg = Release|Any CPU
		{0040B1B9-6E22-438A-A6A7-A5A00B2B89B1}.AppStore|x64.Build.0 = Release|Any CPU
		{0040B1B9-6E22-438A-A6A7-A5A00B2B89B1}.AppStore|x86.ActiveCfg = Release|Any CPU
		{0040B1B9-6E22-438A-A6A7-A5A00B2B89B1}.AppStore|x86.Build.0 = Release|Any CPU
		{0040B1B9-6E22-438A-A6A7-A5A00B2B89B1}.Debug|Any CPU.ActiveCfg = Debug|Any CPU
		{0040B1B9-6E22-438A-A6A7-A5A00B2B89B1}.Debug|Any CPU.Build.0 = Debug|Any CPU
		{0040B1B9-6E22-438A-A6A7-A5A00B2B89B1}.Debug|ARM.ActiveCfg = Debug|Any CPU
		{0040B1B9-6E22-438A-A6A7-A5A00B2B89B1}.Debug|ARM.Build.0 = Debug|Any CPU
		{0040B1B9-6E22-438A-A6A7-A5A00B2B89B1}.Debug|iPhone.ActiveCfg = Debug|Any CPU
		{0040B1B9-6E22-438A-A6A7-A5A00B2B89B1}.Debug|iPhone.Build.0 = Debug|Any CPU
		{0040B1B9-6E22-438A-A6A7-A5A00B2B89B1}.Debug|iPhoneSimulator.ActiveCfg = Debug|Any CPU
		{0040B1B9-6E22-438A-A6A7-A5A00B2B89B1}.Debug|iPhoneSimulator.Build.0 = Debug|Any CPU
		{0040B1B9-6E22-438A-A6A7-A5A00B2B89B1}.Debug|x64.ActiveCfg = Debug|Any CPU
		{0040B1B9-6E22-438A-A6A7-A5A00B2B89B1}.Debug|x64.Build.0 = Debug|Any CPU
		{0040B1B9-6E22-438A-A6A7-A5A00B2B89B1}.Debug|x86.ActiveCfg = Debug|Any CPU
		{0040B1B9-6E22-438A-A6A7-A5A00B2B89B1}.Debug|x86.Build.0 = Debug|Any CPU
		{0040B1B9-6E22-438A-A6A7-A5A00B2B89B1}.Release|Any CPU.ActiveCfg = Release|Any CPU
		{0040B1B9-6E22-438A-A6A7-A5A00B2B89B1}.Release|Any CPU.Build.0 = Release|Any CPU
		{0040B1B9-6E22-438A-A6A7-A5A00B2B89B1}.Release|ARM.ActiveCfg = Release|Any CPU
		{0040B1B9-6E22-438A-A6A7-A5A00B2B89B1}.Release|ARM.Build.0 = Release|Any CPU
		{0040B1B9-6E22-438A-A6A7-A5A00B2B89B1}.Release|iPhone.ActiveCfg = Release|Any CPU
		{0040B1B9-6E22-438A-A6A7-A5A00B2B89B1}.Release|iPhone.Build.0 = Release|Any CPU
		{0040B1B9-6E22-438A-A6A7-A5A00B2B89B1}.Release|iPhoneSimulator.ActiveCfg = Release|Any CPU
		{0040B1B9-6E22-438A-A6A7-A5A00B2B89B1}.Release|iPhoneSimulator.Build.0 = Release|Any CPU
		{0040B1B9-6E22-438A-A6A7-A5A00B2B89B1}.Release|x64.ActiveCfg = Release|Any CPU
		{0040B1B9-6E22-438A-A6A7-A5A00B2B89B1}.Release|x64.Build.0 = Release|Any CPU
		{0040B1B9-6E22-438A-A6A7-A5A00B2B89B1}.Release|x86.ActiveCfg = Release|Any CPU
		{0040B1B9-6E22-438A-A6A7-A5A00B2B89B1}.Release|x86.Build.0 = Release|Any CPU
		{86508A87-8074-402E-A5DF-AA9A0EADA0B0}.Ad-Hoc|Any CPU.ActiveCfg = Release|Any CPU
		{86508A87-8074-402E-A5DF-AA9A0EADA0B0}.Ad-Hoc|Any CPU.Build.0 = Release|Any CPU
		{86508A87-8074-402E-A5DF-AA9A0EADA0B0}.Ad-Hoc|ARM.ActiveCfg = Release|Any CPU
		{86508A87-8074-402E-A5DF-AA9A0EADA0B0}.Ad-Hoc|ARM.Build.0 = Release|Any CPU
		{86508A87-8074-402E-A5DF-AA9A0EADA0B0}.Ad-Hoc|iPhone.ActiveCfg = Release|Any CPU
		{86508A87-8074-402E-A5DF-AA9A0EADA0B0}.Ad-Hoc|iPhone.Build.0 = Release|Any CPU
		{86508A87-8074-402E-A5DF-AA9A0EADA0B0}.Ad-Hoc|iPhoneSimulator.ActiveCfg = Release|Any CPU
		{86508A87-8074-402E-A5DF-AA9A0EADA0B0}.Ad-Hoc|iPhoneSimulator.Build.0 = Release|Any CPU
		{86508A87-8074-402E-A5DF-AA9A0EADA0B0}.Ad-Hoc|x64.ActiveCfg = Release|Any CPU
		{86508A87-8074-402E-A5DF-AA9A0EADA0B0}.Ad-Hoc|x64.Build.0 = Release|Any CPU
		{86508A87-8074-402E-A5DF-AA9A0EADA0B0}.Ad-Hoc|x86.ActiveCfg = Release|Any CPU
		{86508A87-8074-402E-A5DF-AA9A0EADA0B0}.Ad-Hoc|x86.Build.0 = Release|Any CPU
		{86508A87-8074-402E-A5DF-AA9A0EADA0B0}.AppStore|Any CPU.ActiveCfg = Release|Any CPU
		{86508A87-8074-402E-A5DF-AA9A0EADA0B0}.AppStore|Any CPU.Build.0 = Release|Any CPU
		{86508A87-8074-402E-A5DF-AA9A0EADA0B0}.AppStore|ARM.ActiveCfg = Release|Any CPU
		{86508A87-8074-402E-A5DF-AA9A0EADA0B0}.AppStore|ARM.Build.0 = Release|Any CPU
		{86508A87-8074-402E-A5DF-AA9A0EADA0B0}.AppStore|iPhone.ActiveCfg = Release|Any CPU
		{86508A87-8074-402E-A5DF-AA9A0EADA0B0}.AppStore|iPhone.Build.0 = Release|Any CPU
		{86508A87-8074-402E-A5DF-AA9A0EADA0B0}.AppStore|iPhoneSimulator.ActiveCfg = Release|Any CPU
		{86508A87-8074-402E-A5DF-AA9A0EADA0B0}.AppStore|iPhoneSimulator.Build.0 = Release|Any CPU
		{86508A87-8074-402E-A5DF-AA9A0EADA0B0}.AppStore|x64.ActiveCfg = Release|Any CPU
		{86508A87-8074-402E-A5DF-AA9A0EADA0B0}.AppStore|x64.Build.0 = Release|Any CPU
		{86508A87-8074-402E-A5DF-AA9A0EADA0B0}.AppStore|x86.ActiveCfg = Release|Any CPU
		{86508A87-8074-402E-A5DF-AA9A0EADA0B0}.AppStore|x86.Build.0 = Release|Any CPU
		{86508A87-8074-402E-A5DF-AA9A0EADA0B0}.Debug|Any CPU.ActiveCfg = Debug|Any CPU
		{86508A87-8074-402E-A5DF-AA9A0EADA0B0}.Debug|Any CPU.Build.0 = Debug|Any CPU
		{86508A87-8074-402E-A5DF-AA9A0EADA0B0}.Debug|ARM.ActiveCfg = Debug|Any CPU
		{86508A87-8074-402E-A5DF-AA9A0EADA0B0}.Debug|ARM.Build.0 = Debug|Any CPU
		{86508A87-8074-402E-A5DF-AA9A0EADA0B0}.Debug|iPhone.ActiveCfg = Debug|Any CPU
		{86508A87-8074-402E-A5DF-AA9A0EADA0B0}.Debug|iPhone.Build.0 = Debug|Any CPU
		{86508A87-8074-402E-A5DF-AA9A0EADA0B0}.Debug|iPhoneSimulator.ActiveCfg = Debug|Any CPU
		{86508A87-8074-402E-A5DF-AA9A0EADA0B0}.Debug|iPhoneSimulator.Build.0 = Debug|Any CPU
		{86508A87-8074-402E-A5DF-AA9A0EADA0B0}.Debug|x64.ActiveCfg = Debug|Any CPU
		{86508A87-8074-402E-A5DF-AA9A0EADA0B0}.Debug|x64.Build.0 = Debug|Any CPU
		{86508A87-8074-402E-A5DF-AA9A0EADA0B0}.Debug|x86.ActiveCfg = Debug|Any CPU
		{86508A87-8074-402E-A5DF-AA9A0EADA0B0}.Debug|x86.Build.0 = Debug|Any CPU
		{86508A87-8074-402E-A5DF-AA9A0EADA0B0}.Release|Any CPU.ActiveCfg = Release|Any CPU
		{86508A87-8074-402E-A5DF-AA9A0EADA0B0}.Release|Any CPU.Build.0 = Release|Any CPU
		{86508A87-8074-402E-A5DF-AA9A0EADA0B0}.Release|ARM.ActiveCfg = Release|Any CPU
		{86508A87-8074-402E-A5DF-AA9A0EADA0B0}.Release|ARM.Build.0 = Release|Any CPU
		{86508A87-8074-402E-A5DF-AA9A0EADA0B0}.Release|iPhone.ActiveCfg = Release|Any CPU
		{86508A87-8074-402E-A5DF-AA9A0EADA0B0}.Release|iPhone.Build.0 = Release|Any CPU
		{86508A87-8074-402E-A5DF-AA9A0EADA0B0}.Release|iPhoneSimulator.ActiveCfg = Release|Any CPU
		{86508A87-8074-402E-A5DF-AA9A0EADA0B0}.Release|iPhoneSimulator.Build.0 = Release|Any CPU
		{86508A87-8074-402E-A5DF-AA9A0EADA0B0}.Release|x64.ActiveCfg = Release|Any CPU
		{86508A87-8074-402E-A5DF-AA9A0EADA0B0}.Release|x64.Build.0 = Release|Any CPU
		{86508A87-8074-402E-A5DF-AA9A0EADA0B0}.Release|x86.ActiveCfg = Release|Any CPU
		{86508A87-8074-402E-A5DF-AA9A0EADA0B0}.Release|x86.Build.0 = Release|Any CPU
		{AC02A4CA-8F3E-448E-8A81-3AC9C653BEBA}.Ad-Hoc|Any CPU.ActiveCfg = Release|Any CPU
		{AC02A4CA-8F3E-448E-8A81-3AC9C653BEBA}.Ad-Hoc|Any CPU.Build.0 = Release|Any CPU
		{AC02A4CA-8F3E-448E-8A81-3AC9C653BEBA}.Ad-Hoc|ARM.ActiveCfg = Release|ARM
		{AC02A4CA-8F3E-448E-8A81-3AC9C653BEBA}.Ad-Hoc|ARM.Build.0 = Release|ARM
		{AC02A4CA-8F3E-448E-8A81-3AC9C653BEBA}.Ad-Hoc|iPhone.ActiveCfg = Release|Any CPU
		{AC02A4CA-8F3E-448E-8A81-3AC9C653BEBA}.Ad-Hoc|iPhone.Build.0 = Release|Any CPU
		{AC02A4CA-8F3E-448E-8A81-3AC9C653BEBA}.Ad-Hoc|iPhoneSimulator.ActiveCfg = Release|Any CPU
		{AC02A4CA-8F3E-448E-8A81-3AC9C653BEBA}.Ad-Hoc|iPhoneSimulator.Build.0 = Release|Any CPU
		{AC02A4CA-8F3E-448E-8A81-3AC9C653BEBA}.Ad-Hoc|x64.ActiveCfg = Release|x64
		{AC02A4CA-8F3E-448E-8A81-3AC9C653BEBA}.Ad-Hoc|x64.Build.0 = Release|x64
		{AC02A4CA-8F3E-448E-8A81-3AC9C653BEBA}.Ad-Hoc|x86.ActiveCfg = Release|x86
		{AC02A4CA-8F3E-448E-8A81-3AC9C653BEBA}.Ad-Hoc|x86.Build.0 = Release|x86
		{AC02A4CA-8F3E-448E-8A81-3AC9C653BEBA}.AppStore|Any CPU.ActiveCfg = Release|Any CPU
		{AC02A4CA-8F3E-448E-8A81-3AC9C653BEBA}.AppStore|Any CPU.Build.0 = Release|Any CPU
		{AC02A4CA-8F3E-448E-8A81-3AC9C653BEBA}.AppStore|ARM.ActiveCfg = Release|ARM
		{AC02A4CA-8F3E-448E-8A81-3AC9C653BEBA}.AppStore|ARM.Build.0 = Release|ARM
		{AC02A4CA-8F3E-448E-8A81-3AC9C653BEBA}.AppStore|iPhone.ActiveCfg = Release|Any CPU
		{AC02A4CA-8F3E-448E-8A81-3AC9C653BEBA}.AppStore|iPhone.Build.0 = Release|Any CPU
		{AC02A4CA-8F3E-448E-8A81-3AC9C653BEBA}.AppStore|iPhoneSimulator.ActiveCfg = Release|Any CPU
		{AC02A4CA-8F3E-448E-8A81-3AC9C653BEBA}.AppStore|iPhoneSimulator.Build.0 = Release|Any CPU
		{AC02A4CA-8F3E-448E-8A81-3AC9C653BEBA}.AppStore|x64.ActiveCfg = Release|x64
		{AC02A4CA-8F3E-448E-8A81-3AC9C653BEBA}.AppStore|x64.Build.0 = Release|x64
		{AC02A4CA-8F3E-448E-8A81-3AC9C653BEBA}.AppStore|x86.ActiveCfg = Release|x86
		{AC02A4CA-8F3E-448E-8A81-3AC9C653BEBA}.AppStore|x86.Build.0 = Release|x86
		{AC02A4CA-8F3E-448E-8A81-3AC9C653BEBA}.Debug|Any CPU.ActiveCfg = Debug|Any CPU
		{AC02A4CA-8F3E-448E-8A81-3AC9C653BEBA}.Debug|Any CPU.Build.0 = Debug|Any CPU
		{AC02A4CA-8F3E-448E-8A81-3AC9C653BEBA}.Debug|ARM.ActiveCfg = Debug|ARM
		{AC02A4CA-8F3E-448E-8A81-3AC9C653BEBA}.Debug|ARM.Build.0 = Debug|ARM
		{AC02A4CA-8F3E-448E-8A81-3AC9C653BEBA}.Debug|iPhone.ActiveCfg = Debug|Any CPU
		{AC02A4CA-8F3E-448E-8A81-3AC9C653BEBA}.Debug|iPhone.Build.0 = Debug|Any CPU
		{AC02A4CA-8F3E-448E-8A81-3AC9C653BEBA}.Debug|iPhoneSimulator.ActiveCfg = Debug|Any CPU
		{AC02A4CA-8F3E-448E-8A81-3AC9C653BEBA}.Debug|iPhoneSimulator.Build.0 = Debug|Any CPU
		{AC02A4CA-8F3E-448E-8A81-3AC9C653BEBA}.Debug|x64.ActiveCfg = Debug|x64
		{AC02A4CA-8F3E-448E-8A81-3AC9C653BEBA}.Debug|x64.Build.0 = Debug|x64
		{AC02A4CA-8F3E-448E-8A81-3AC9C653BEBA}.Debug|x86.ActiveCfg = Debug|x86
		{AC02A4CA-8F3E-448E-8A81-3AC9C653BEBA}.Debug|x86.Build.0 = Debug|x86
		{AC02A4CA-8F3E-448E-8A81-3AC9C653BEBA}.Release|Any CPU.ActiveCfg = Release|Any CPU
		{AC02A4CA-8F3E-448E-8A81-3AC9C653BEBA}.Release|Any CPU.Build.0 = Release|Any CPU
		{AC02A4CA-8F3E-448E-8A81-3AC9C653BEBA}.Release|ARM.ActiveCfg = Release|ARM
		{AC02A4CA-8F3E-448E-8A81-3AC9C653BEBA}.Release|ARM.Build.0 = Release|ARM
		{AC02A4CA-8F3E-448E-8A81-3AC9C653BEBA}.Release|iPhone.ActiveCfg = Release|Any CPU
		{AC02A4CA-8F3E-448E-8A81-3AC9C653BEBA}.Release|iPhone.Build.0 = Release|Any CPU
		{AC02A4CA-8F3E-448E-8A81-3AC9C653BEBA}.Release|iPhoneSimulator.ActiveCfg = Release|Any CPU
		{AC02A4CA-8F3E-448E-8A81-3AC9C653BEBA}.Release|iPhoneSimulator.Build.0 = Release|Any CPU
		{AC02A4CA-8F3E-448E-8A81-3AC9C653BEBA}.Release|x64.ActiveCfg = Release|x64
		{AC02A4CA-8F3E-448E-8A81-3AC9C653BEBA}.Release|x64.Build.0 = Release|x64
		{AC02A4CA-8F3E-448E-8A81-3AC9C653BEBA}.Release|x86.ActiveCfg = Release|x86
		{AC02A4CA-8F3E-448E-8A81-3AC9C653BEBA}.Release|x86.Build.0 = Release|x86
	EndGlobalSection
	GlobalSection(SolutionProperties) = preSolution
		HideSolutionNode = FALSE
	EndGlobalSection
EndGlobal
