
Microsoft Visual Studio Solution File, Format Version 12.00
# Visual Studio 2012
Project("{FAE04EC0-301F-11D3-BF4B-00C04F79EFBC}") = "Xamarin.Robotics.Core", "Xamarin.Robotics.Core\Xamarin.Robotics.Core.csproj", "{01A55C54-6F55-4743-BEA1-C88220673E05}"
EndProject
Project("{FAE04EC0-301F-11D3-BF4B-00C04F79EFBC}") = "Xamarin.Robotics.BluetoothLEExplorer.iOS", "Xamarin.Robotics.BluetoothLEExplorer.iOS\Xamarin.Robotics.BluetoothLEExplorer.iOS.csproj", "{AE94A5D2-15A6-4BE5-9020-31FABFD4CD50}"
EndProject
Project("{FAE04EC0-301F-11D3-BF4B-00C04F79EFBC}") = "Xamarin.Robotics.Core.iOS", "Xamarin.Robotics.Core.iOS\Xamarin.Robotics.Core.iOS.csproj", "{453394D3-F7E4-49E4-8FAE-36F1D988AE15}"
EndProject
Project("{FAE04EC0-301F-11D3-BF4B-00C04F79EFBC}") = "Xamarin.Robotics.BluetoothLEExplorer.Droid", "Xamarin.Robotics.BluetoothLEExplorer.Droid\Xamarin.Robotics.BluetoothLEExplorer.Droid.csproj", "{C5E6963D-D0BA-4FD7-A102-902FFB44D6CD}"
EndProject
Project("{FAE04EC0-301F-11D3-BF4B-00C04F79EFBC}") = "Xamarin.Robotics.Core.Droid", "Xamarin.Robotics.Core.Droid\Xamarin.Robotics.Core.Droid.csproj", "{0040B1B9-6E22-438A-A6A7-A5A00B2B89B1}"
EndProject
Project("{FAE04EC0-301F-11D3-BF4B-00C04F79EFBC}") = "Xamarin.Robotics.Core.Contracts", "Xamarin.Robotics.Core.Contracts\Xamarin.Robotics.Core.Contracts.csproj", "{65733427-B647-4556-A87C-20937496780A}"
EndProject
Global
	GlobalSection(SolutionConfigurationPlatforms) = preSolution
		Ad-Hoc|Any CPU = Ad-Hoc|Any CPU
		Ad-Hoc|iPhone = Ad-Hoc|iPhone
		Ad-Hoc|iPhoneSimulator = Ad-Hoc|iPhoneSimulator
		Ad-Hoc|Mixed Platforms = Ad-Hoc|Mixed Platforms
		AppStore|Any CPU = AppStore|Any CPU
		AppStore|iPhone = AppStore|iPhone
		AppStore|iPhoneSimulator = AppStore|iPhoneSimulator
		AppStore|Mixed Platforms = AppStore|Mixed Platforms
		Debug|Any CPU = Debug|Any CPU
		Debug|iPhone = Debug|iPhone
		Debug|iPhoneSimulator = Debug|iPhoneSimulator
		Debug|Mixed Platforms = Debug|Mixed Platforms
		Release|Any CPU = Release|Any CPU
		Release|iPhone = Release|iPhone
		Release|iPhoneSimulator = Release|iPhoneSimulator
		Release|Mixed Platforms = Release|Mixed Platforms
	EndGlobalSection
	GlobalSection(ProjectConfigurationPlatforms) = postSolution
		{0040B1B9-6E22-438A-A6A7-A5A00B2B89B1}.Ad-Hoc|Any CPU.ActiveCfg = Release|Any CPU
		{0040B1B9-6E22-438A-A6A7-A5A00B2B89B1}.Ad-Hoc|Any CPU.Build.0 = Release|Any CPU
		{0040B1B9-6E22-438A-A6A7-A5A00B2B89B1}.Ad-Hoc|iPhone.ActiveCfg = Release|Any CPU
		{0040B1B9-6E22-438A-A6A7-A5A00B2B89B1}.Ad-Hoc|iPhone.Build.0 = Release|Any CPU
		{0040B1B9-6E22-438A-A6A7-A5A00B2B89B1}.Ad-Hoc|iPhoneSimulator.ActiveCfg = Release|Any CPU
		{0040B1B9-6E22-438A-A6A7-A5A00B2B89B1}.Ad-Hoc|iPhoneSimulator.Build.0 = Release|Any CPU
		{0040B1B9-6E22-438A-A6A7-A5A00B2B89B1}.Ad-Hoc|Mixed Platforms.ActiveCfg = Release|Any CPU
		{0040B1B9-6E22-438A-A6A7-A5A00B2B89B1}.Ad-Hoc|Mixed Platforms.Build.0 = Release|Any CPU
		{0040B1B9-6E22-438A-A6A7-A5A00B2B89B1}.AppStore|Any CPU.ActiveCfg = Release|Any CPU
		{0040B1B9-6E22-438A-A6A7-A5A00B2B89B1}.AppStore|Any CPU.Build.0 = Release|Any CPU
		{0040B1B9-6E22-438A-A6A7-A5A00B2B89B1}.AppStore|iPhone.ActiveCfg = Release|Any CPU
		{0040B1B9-6E22-438A-A6A7-A5A00B2B89B1}.AppStore|iPhone.Build.0 = Release|Any CPU
		{0040B1B9-6E22-438A-A6A7-A5A00B2B89B1}.AppStore|iPhoneSimulator.ActiveCfg = Release|Any CPU
		{0040B1B9-6E22-438A-A6A7-A5A00B2B89B1}.AppStore|iPhoneSimulator.Build.0 = Release|Any CPU
		{0040B1B9-6E22-438A-A6A7-A5A00B2B89B1}.AppStore|Mixed Platforms.ActiveCfg = Release|Any CPU
		{0040B1B9-6E22-438A-A6A7-A5A00B2B89B1}.AppStore|Mixed Platforms.Build.0 = Release|Any CPU
		{0040B1B9-6E22-438A-A6A7-A5A00B2B89B1}.Debug|Any CPU.ActiveCfg = Debug|Any CPU
		{0040B1B9-6E22-438A-A6A7-A5A00B2B89B1}.Debug|Any CPU.Build.0 = Debug|Any CPU
		{0040B1B9-6E22-438A-A6A7-A5A00B2B89B1}.Debug|iPhone.ActiveCfg = Debug|Any CPU
		{0040B1B9-6E22-438A-A6A7-A5A00B2B89B1}.Debug|iPhone.Build.0 = Debug|Any CPU
		{0040B1B9-6E22-438A-A6A7-A5A00B2B89B1}.Debug|iPhoneSimulator.ActiveCfg = Debug|Any CPU
		{0040B1B9-6E22-438A-A6A7-A5A00B2B89B1}.Debug|iPhoneSimulator.Build.0 = Debug|Any CPU
		{0040B1B9-6E22-438A-A6A7-A5A00B2B89B1}.Debug|Mixed Platforms.ActiveCfg = Debug|Any CPU
		{0040B1B9-6E22-438A-A6A7-A5A00B2B89B1}.Debug|Mixed Platforms.Build.0 = Debug|Any CPU
		{0040B1B9-6E22-438A-A6A7-A5A00B2B89B1}.Release|Any CPU.ActiveCfg = Release|Any CPU
		{0040B1B9-6E22-438A-A6A7-A5A00B2B89B1}.Release|Any CPU.Build.0 = Release|Any CPU
		{0040B1B9-6E22-438A-A6A7-A5A00B2B89B1}.Release|iPhone.ActiveCfg = Release|Any CPU
		{0040B1B9-6E22-438A-A6A7-A5A00B2B89B1}.Release|iPhone.Build.0 = Release|Any CPU
		{0040B1B9-6E22-438A-A6A7-A5A00B2B89B1}.Release|iPhoneSimulator.ActiveCfg = Release|Any CPU
		{0040B1B9-6E22-438A-A6A7-A5A00B2B89B1}.Release|iPhoneSimulator.Build.0 = Release|Any CPU
		{0040B1B9-6E22-438A-A6A7-A5A00B2B89B1}.Release|Mixed Platforms.ActiveCfg = Release|Any CPU
		{0040B1B9-6E22-438A-A6A7-A5A00B2B89B1}.Release|Mixed Platforms.Build.0 = Release|Any CPU
		{01A55C54-6F55-4743-BEA1-C88220673E05}.Ad-Hoc|Any CPU.ActiveCfg = Release|Any CPU
		{01A55C54-6F55-4743-BEA1-C88220673E05}.Ad-Hoc|Any CPU.Build.0 = Release|Any CPU
		{01A55C54-6F55-4743-BEA1-C88220673E05}.Ad-Hoc|iPhone.ActiveCfg = Debug|Any CPU
		{01A55C54-6F55-4743-BEA1-C88220673E05}.Ad-Hoc|iPhone.Build.0 = Debug|Any CPU
		{01A55C54-6F55-4743-BEA1-C88220673E05}.Ad-Hoc|iPhoneSimulator.ActiveCfg = Release|Any CPU
		{01A55C54-6F55-4743-BEA1-C88220673E05}.Ad-Hoc|Mixed Platforms.ActiveCfg = Release|Any CPU
		{01A55C54-6F55-4743-BEA1-C88220673E05}.Ad-Hoc|Mixed Platforms.Build.0 = Release|Any CPU
		{01A55C54-6F55-4743-BEA1-C88220673E05}.AppStore|Any CPU.ActiveCfg = Release|Any CPU
		{01A55C54-6F55-4743-BEA1-C88220673E05}.AppStore|Any CPU.Build.0 = Release|Any CPU
		{01A55C54-6F55-4743-BEA1-C88220673E05}.AppStore|iPhone.ActiveCfg = Debug|Any CPU
		{01A55C54-6F55-4743-BEA1-C88220673E05}.AppStore|iPhone.Build.0 = Debug|Any CPU
		{01A55C54-6F55-4743-BEA1-C88220673E05}.AppStore|iPhoneSimulator.ActiveCfg = Release|Any CPU
		{01A55C54-6F55-4743-BEA1-C88220673E05}.AppStore|Mixed Platforms.ActiveCfg = Release|Any CPU
		{01A55C54-6F55-4743-BEA1-C88220673E05}.AppStore|Mixed Platforms.Build.0 = Release|Any CPU
		{01A55C54-6F55-4743-BEA1-C88220673E05}.Debug|Any CPU.ActiveCfg = Debug|Any CPU
		{01A55C54-6F55-4743-BEA1-C88220673E05}.Debug|Any CPU.Build.0 = Debug|Any CPU
		{01A55C54-6F55-4743-BEA1-C88220673E05}.Debug|iPhone.ActiveCfg = Debug|Any CPU
		{01A55C54-6F55-4743-BEA1-C88220673E05}.Debug|iPhone.Build.0 = Debug|Any CPU
		{01A55C54-6F55-4743-BEA1-C88220673E05}.Debug|iPhoneSimulator.ActiveCfg = Debug|Any CPU
		{01A55C54-6F55-4743-BEA1-C88220673E05}.Debug|iPhoneSimulator.Build.0 = Debug|Any CPU
		{01A55C54-6F55-4743-BEA1-C88220673E05}.Debug|Mixed Platforms.ActiveCfg = Debug|Any CPU
		{01A55C54-6F55-4743-BEA1-C88220673E05}.Debug|Mixed Platforms.Build.0 = Debug|Any CPU
		{01A55C54-6F55-4743-BEA1-C88220673E05}.Release|Any CPU.ActiveCfg = Release|Any CPU
		{01A55C54-6F55-4743-BEA1-C88220673E05}.Release|Any CPU.Build.0 = Release|Any CPU
		{01A55C54-6F55-4743-BEA1-C88220673E05}.Release|iPhone.ActiveCfg = Release|Any CPU
		{01A55C54-6F55-4743-BEA1-C88220673E05}.Release|iPhone.Build.0 = Release|Any CPU
		{01A55C54-6F55-4743-BEA1-C88220673E05}.Release|iPhoneSimulator.ActiveCfg = Release|Any CPU
		{01A55C54-6F55-4743-BEA1-C88220673E05}.Release|iPhoneSimulator.Build.0 = Release|Any CPU
		{01A55C54-6F55-4743-BEA1-C88220673E05}.Release|Mixed Platforms.ActiveCfg = Release|Any CPU
		{01A55C54-6F55-4743-BEA1-C88220673E05}.Release|Mixed Platforms.Build.0 = Release|Any CPU
		{453394D3-F7E4-49E4-8FAE-36F1D988AE15}.Ad-Hoc|Any CPU.ActiveCfg = Debug|Any CPU
		{453394D3-F7E4-49E4-8FAE-36F1D988AE15}.Ad-Hoc|Any CPU.Build.0 = Debug|Any CPU
		{453394D3-F7E4-49E4-8FAE-36F1D988AE15}.Ad-Hoc|iPhone.ActiveCfg = Release|Any CPU
		{453394D3-F7E4-49E4-8FAE-36F1D988AE15}.Ad-Hoc|iPhone.Build.0 = Release|Any CPU
		{453394D3-F7E4-49E4-8FAE-36F1D988AE15}.Ad-Hoc|iPhoneSimulator.ActiveCfg = Debug|Any CPU
		{453394D3-F7E4-49E4-8FAE-36F1D988AE15}.Ad-Hoc|Mixed Platforms.ActiveCfg = Debug|Any CPU
		{453394D3-F7E4-49E4-8FAE-36F1D988AE15}.Ad-Hoc|Mixed Platforms.Build.0 = Debug|Any CPU
		{453394D3-F7E4-49E4-8FAE-36F1D988AE15}.AppStore|Any CPU.ActiveCfg = Debug|Any CPU
		{453394D3-F7E4-49E4-8FAE-36F1D988AE15}.AppStore|Any CPU.Build.0 = Debug|Any CPU
		{453394D3-F7E4-49E4-8FAE-36F1D988AE15}.AppStore|iPhone.ActiveCfg = Release|Any CPU
		{453394D3-F7E4-49E4-8FAE-36F1D988AE15}.AppStore|iPhone.Build.0 = Release|Any CPU
		{453394D3-F7E4-49E4-8FAE-36F1D988AE15}.AppStore|iPhoneSimulator.ActiveCfg = Debug|Any CPU
		{453394D3-F7E4-49E4-8FAE-36F1D988AE15}.AppStore|Mixed Platforms.ActiveCfg = Debug|Any CPU
		{453394D3-F7E4-49E4-8FAE-36F1D988AE15}.AppStore|Mixed Platforms.Build.0 = Debug|Any CPU
		{453394D3-F7E4-49E4-8FAE-36F1D988AE15}.Debug|Any CPU.ActiveCfg = Debug|Any CPU
		{453394D3-F7E4-49E4-8FAE-36F1D988AE15}.Debug|Any CPU.Build.0 = Debug|Any CPU
		{453394D3-F7E4-49E4-8FAE-36F1D988AE15}.Debug|iPhone.ActiveCfg = Debug|Any CPU
		{453394D3-F7E4-49E4-8FAE-36F1D988AE15}.Debug|iPhone.Build.0 = Debug|Any CPU
		{453394D3-F7E4-49E4-8FAE-36F1D988AE15}.Debug|iPhoneSimulator.ActiveCfg = Debug|Any CPU
		{453394D3-F7E4-49E4-8FAE-36F1D988AE15}.Debug|iPhoneSimulator.Build.0 = Debug|Any CPU
		{453394D3-F7E4-49E4-8FAE-36F1D988AE15}.Debug|Mixed Platforms.ActiveCfg = Debug|Any CPU
		{453394D3-F7E4-49E4-8FAE-36F1D988AE15}.Debug|Mixed Platforms.Build.0 = Debug|Any CPU
		{453394D3-F7E4-49E4-8FAE-36F1D988AE15}.Release|Any CPU.ActiveCfg = Release|Any CPU
		{453394D3-F7E4-49E4-8FAE-36F1D988AE15}.Release|Any CPU.Build.0 = Release|Any CPU
		{453394D3-F7E4-49E4-8FAE-36F1D988AE15}.Release|iPhone.ActiveCfg = Release|Any CPU
		{453394D3-F7E4-49E4-8FAE-36F1D988AE15}.Release|iPhone.Build.0 = Release|Any CPU
		{453394D3-F7E4-49E4-8FAE-36F1D988AE15}.Release|iPhoneSimulator.ActiveCfg = Release|Any CPU
		{453394D3-F7E4-49E4-8FAE-36F1D988AE15}.Release|iPhoneSimulator.Build.0 = Release|Any CPU
		{453394D3-F7E4-49E4-8FAE-36F1D988AE15}.Release|Mixed Platforms.ActiveCfg = Release|Any CPU
		{453394D3-F7E4-49E4-8FAE-36F1D988AE15}.Release|Mixed Platforms.Build.0 = Release|Any CPU
		{65733427-B647-4556-A87C-20937496780A}.Ad-Hoc|Any CPU.ActiveCfg = Release|Any CPU
		{65733427-B647-4556-A87C-20937496780A}.Ad-Hoc|Any CPU.Build.0 = Release|Any CPU
		{65733427-B647-4556-A87C-20937496780A}.Ad-Hoc|iPhone.ActiveCfg = Debug|Any CPU
		{65733427-B647-4556-A87C-20937496780A}.Ad-Hoc|iPhone.Build.0 = Debug|Any CPU
		{65733427-B647-4556-A87C-20937496780A}.Ad-Hoc|iPhoneSimulator.ActiveCfg = Release|Any CPU
		{65733427-B647-4556-A87C-20937496780A}.Ad-Hoc|iPhoneSimulator.Build.0 = Release|Any CPU
		{65733427-B647-4556-A87C-20937496780A}.Ad-Hoc|Mixed Platforms.ActiveCfg = Release|Any CPU
		{65733427-B647-4556-A87C-20937496780A}.Ad-Hoc|Mixed Platforms.Build.0 = Release|Any CPU
		{65733427-B647-4556-A87C-20937496780A}.AppStore|Any CPU.ActiveCfg = Release|Any CPU
		{65733427-B647-4556-A87C-20937496780A}.AppStore|Any CPU.Build.0 = Release|Any CPU
		{65733427-B647-4556-A87C-20937496780A}.AppStore|iPhone.ActiveCfg = Debug|Any CPU
		{65733427-B647-4556-A87C-20937496780A}.AppStore|iPhone.Build.0 = Debug|Any CPU
		{65733427-B647-4556-A87C-20937496780A}.AppStore|iPhoneSimulator.ActiveCfg = Release|Any CPU
		{65733427-B647-4556-A87C-20937496780A}.AppStore|iPhoneSimulator.Build.0 = Release|Any CPU
		{65733427-B647-4556-A87C-20937496780A}.AppStore|Mixed Platforms.ActiveCfg = Release|Any CPU
		{65733427-B647-4556-A87C-20937496780A}.AppStore|Mixed Platforms.Build.0 = Release|Any CPU
		{65733427-B647-4556-A87C-20937496780A}.Debug|Any CPU.ActiveCfg = Debug|Any CPU
		{65733427-B647-4556-A87C-20937496780A}.Debug|Any CPU.Build.0 = Debug|Any CPU
		{65733427-B647-4556-A87C-20937496780A}.Debug|iPhone.ActiveCfg = Debug|Any CPU
		{65733427-B647-4556-A87C-20937496780A}.Debug|iPhone.Build.0 = Debug|Any CPU
		{65733427-B647-4556-A87C-20937496780A}.Debug|iPhoneSimulator.ActiveCfg = Debug|Any CPU
		{65733427-B647-4556-A87C-20937496780A}.Debug|iPhoneSimulator.Build.0 = Debug|Any CPU
		{65733427-B647-4556-A87C-20937496780A}.Debug|Mixed Platforms.ActiveCfg = Debug|Any CPU
		{65733427-B647-4556-A87C-20937496780A}.Debug|Mixed Platforms.Build.0 = Debug|Any CPU
		{65733427-B647-4556-A87C-20937496780A}.Release|Any CPU.ActiveCfg = Release|Any CPU
		{65733427-B647-4556-A87C-20937496780A}.Release|Any CPU.Build.0 = Release|Any CPU
		{65733427-B647-4556-A87C-20937496780A}.Release|iPhone.ActiveCfg = Release|Any CPU
		{65733427-B647-4556-A87C-20937496780A}.Release|iPhone.Build.0 = Release|Any CPU
		{65733427-B647-4556-A87C-20937496780A}.Release|iPhoneSimulator.ActiveCfg = Release|Any CPU
		{65733427-B647-4556-A87C-20937496780A}.Release|iPhoneSimulator.Build.0 = Release|Any CPU
		{65733427-B647-4556-A87C-20937496780A}.Release|Mixed Platforms.ActiveCfg = Release|Any CPU
		{65733427-B647-4556-A87C-20937496780A}.Release|Mixed Platforms.Build.0 = Release|Any CPU
		{AE94A5D2-15A6-4BE5-9020-31FABFD4CD50}.Ad-Hoc|Any CPU.ActiveCfg = Ad-Hoc|iPhoneSimulator
		{AE94A5D2-15A6-4BE5-9020-31FABFD4CD50}.Ad-Hoc|iPhone.ActiveCfg = Ad-Hoc|iPhone
		{AE94A5D2-15A6-4BE5-9020-31FABFD4CD50}.Ad-Hoc|iPhone.Build.0 = Ad-Hoc|iPhone
		{AE94A5D2-15A6-4BE5-9020-31FABFD4CD50}.Ad-Hoc|iPhoneSimulator.ActiveCfg = Ad-Hoc|iPhoneSimulator
		{AE94A5D2-15A6-4BE5-9020-31FABFD4CD50}.Ad-Hoc|iPhoneSimulator.Build.0 = Ad-Hoc|iPhoneSimulator
		{AE94A5D2-15A6-4BE5-9020-31FABFD4CD50}.Ad-Hoc|Mixed Platforms.ActiveCfg = Ad-Hoc|iPhoneSimulator
		{AE94A5D2-15A6-4BE5-9020-31FABFD4CD50}.Ad-Hoc|Mixed Platforms.Build.0 = Ad-Hoc|iPhoneSimulator
		{AE94A5D2-15A6-4BE5-9020-31FABFD4CD50}.Ad-Hoc|Mixed Platforms.Deploy.0 = Ad-Hoc|iPhoneSimulator
		{AE94A5D2-15A6-4BE5-9020-31FABFD4CD50}.AppStore|Any CPU.ActiveCfg = AppStore|iPhoneSimulator
		{AE94A5D2-15A6-4BE5-9020-31FABFD4CD50}.AppStore|iPhone.ActiveCfg = AppStore|iPhone
		{AE94A5D2-15A6-4BE5-9020-31FABFD4CD50}.AppStore|iPhone.Build.0 = AppStore|iPhone
		{AE94A5D2-15A6-4BE5-9020-31FABFD4CD50}.AppStore|iPhoneSimulator.ActiveCfg = AppStore|iPhoneSimulator
		{AE94A5D2-15A6-4BE5-9020-31FABFD4CD50}.AppStore|iPhoneSimulator.Build.0 = AppStore|iPhoneSimulator
		{AE94A5D2-15A6-4BE5-9020-31FABFD4CD50}.AppStore|Mixed Platforms.ActiveCfg = AppStore|iPhoneSimulator
		{AE94A5D2-15A6-4BE5-9020-31FABFD4CD50}.AppStore|Mixed Platforms.Build.0 = AppStore|iPhoneSimulator
		{AE94A5D2-15A6-4BE5-9020-31FABFD4CD50}.AppStore|Mixed Platforms.Deploy.0 = AppStore|iPhoneSimulator
		{AE94A5D2-15A6-4BE5-9020-31FABFD4CD50}.Debug|Any CPU.ActiveCfg = Debug|iPhoneSimulator
		{AE94A5D2-15A6-4BE5-9020-31FABFD4CD50}.Debug|Any CPU.Build.0 = Debug|iPhoneSimulator
		{AE94A5D2-15A6-4BE5-9020-31FABFD4CD50}.Debug|iPhone.ActiveCfg = Debug|iPhone
		{AE94A5D2-15A6-4BE5-9020-31FABFD4CD50}.Debug|iPhone.Build.0 = Debug|iPhone
		{AE94A5D2-15A6-4BE5-9020-31FABFD4CD50}.Debug|iPhoneSimulator.ActiveCfg = Debug|iPhoneSimulator
		{AE94A5D2-15A6-4BE5-9020-31FABFD4CD50}.Debug|iPhoneSimulator.Build.0 = Debug|iPhoneSimulator
		{AE94A5D2-15A6-4BE5-9020-31FABFD4CD50}.Debug|Mixed Platforms.ActiveCfg = Debug|iPhone
		{AE94A5D2-15A6-4BE5-9020-31FABFD4CD50}.Debug|Mixed Platforms.Build.0 = Debug|iPhone
		{AE94A5D2-15A6-4BE5-9020-31FABFD4CD50}.Debug|Mixed Platforms.Deploy.0 = Debug|iPhone
		{AE94A5D2-15A6-4BE5-9020-31FABFD4CD50}.Release|Any CPU.ActiveCfg = Release|iPhoneSimulator
		{AE94A5D2-15A6-4BE5-9020-31FABFD4CD50}.Release|Any CPU.Build.0 = Release|iPhoneSimulator
		{AE94A5D2-15A6-4BE5-9020-31FABFD4CD50}.Release|iPhone.ActiveCfg = Release|iPhone
		{AE94A5D2-15A6-4BE5-9020-31FABFD4CD50}.Release|iPhone.Build.0 = Release|iPhone
		{AE94A5D2-15A6-4BE5-9020-31FABFD4CD50}.Release|iPhoneSimulator.ActiveCfg = Release|iPhoneSimulator
		{AE94A5D2-15A6-4BE5-9020-31FABFD4CD50}.Release|iPhoneSimulator.Build.0 = Release|iPhoneSimulator
		{AE94A5D2-15A6-4BE5-9020-31FABFD4CD50}.Release|Mixed Platforms.ActiveCfg = Release|iPhone
		{AE94A5D2-15A6-4BE5-9020-31FABFD4CD50}.Release|Mixed Platforms.Build.0 = Release|iPhone
		{AE94A5D2-15A6-4BE5-9020-31FABFD4CD50}.Release|Mixed Platforms.Deploy.0 = Release|iPhone
		{C5E6963D-D0BA-4FD7-A102-902FFB44D6CD}.Ad-Hoc|Any CPU.ActiveCfg = Release|Any CPU
		{C5E6963D-D0BA-4FD7-A102-902FFB44D6CD}.Ad-Hoc|Any CPU.Build.0 = Release|Any CPU
		{C5E6963D-D0BA-4FD7-A102-902FFB44D6CD}.Ad-Hoc|iPhone.ActiveCfg = Debug|Any CPU
		{C5E6963D-D0BA-4FD7-A102-902FFB44D6CD}.Ad-Hoc|iPhone.Build.0 = Debug|Any CPU
		{C5E6963D-D0BA-4FD7-A102-902FFB44D6CD}.Ad-Hoc|iPhoneSimulator.ActiveCfg = Release|Any CPU
		{C5E6963D-D0BA-4FD7-A102-902FFB44D6CD}.Ad-Hoc|iPhoneSimulator.Build.0 = Release|Any CPU
		{C5E6963D-D0BA-4FD7-A102-902FFB44D6CD}.Ad-Hoc|Mixed Platforms.ActiveCfg = Release|Any CPU
		{C5E6963D-D0BA-4FD7-A102-902FFB44D6CD}.Ad-Hoc|Mixed Platforms.Build.0 = Release|Any CPU
		{C5E6963D-D0BA-4FD7-A102-902FFB44D6CD}.AppStore|Any CPU.ActiveCfg = Release|Any CPU
		{C5E6963D-D0BA-4FD7-A102-902FFB44D6CD}.AppStore|Any CPU.Build.0 = Release|Any CPU
		{C5E6963D-D0BA-4FD7-A102-902FFB44D6CD}.AppStore|iPhone.ActiveCfg = Debug|Any CPU
		{C5E6963D-D0BA-4FD7-A102-902FFB44D6CD}.AppStore|iPhone.Build.0 = Debug|Any CPU
		{C5E6963D-D0BA-4FD7-A102-902FFB44D6CD}.AppStore|iPhoneSimulator.ActiveCfg = Release|Any CPU
		{C5E6963D-D0BA-4FD7-A102-902FFB44D6CD}.AppStore|iPhoneSimulator.Build.0 = Release|Any CPU
		{C5E6963D-D0BA-4FD7-A102-902FFB44D6CD}.AppStore|Mixed Platforms.ActiveCfg = Release|Any CPU
		{C5E6963D-D0BA-4FD7-A102-902FFB44D6CD}.AppStore|Mixed Platforms.Build.0 = Release|Any CPU
		{C5E6963D-D0BA-4FD7-A102-902FFB44D6CD}.Debug|Any CPU.ActiveCfg = Debug|Any CPU
		{C5E6963D-D0BA-4FD7-A102-902FFB44D6CD}.Debug|Any CPU.Build.0 = Debug|Any CPU
		{C5E6963D-D0BA-4FD7-A102-902FFB44D6CD}.Debug|iPhone.ActiveCfg = Debug|Any CPU
		{C5E6963D-D0BA-4FD7-A102-902FFB44D6CD}.Debug|iPhone.Build.0 = Debug|Any CPU
		{C5E6963D-D0BA-4FD7-A102-902FFB44D6CD}.Debug|iPhoneSimulator.ActiveCfg = Debug|Any CPU
		{C5E6963D-D0BA-4FD7-A102-902FFB44D6CD}.Debug|iPhoneSimulator.Build.0 = Debug|Any CPU
		{C5E6963D-D0BA-4FD7-A102-902FFB44D6CD}.Debug|Mixed Platforms.ActiveCfg = Debug|Any CPU
		{C5E6963D-D0BA-4FD7-A102-902FFB44D6CD}.Debug|Mixed Platforms.Build.0 = Debug|Any CPU
		{C5E6963D-D0BA-4FD7-A102-902FFB44D6CD}.Release|Any CPU.ActiveCfg = Release|Any CPU
		{C5E6963D-D0BA-4FD7-A102-902FFB44D6CD}.Release|Any CPU.Build.0 = Release|Any CPU
		{C5E6963D-D0BA-4FD7-A102-902FFB44D6CD}.Release|iPhone.ActiveCfg = Release|Any CPU
		{C5E6963D-D0BA-4FD7-A102-902FFB44D6CD}.Release|iPhone.Build.0 = Release|Any CPU
		{C5E6963D-D0BA-4FD7-A102-902FFB44D6CD}.Release|iPhoneSimulator.ActiveCfg = Release|Any CPU
		{C5E6963D-D0BA-4FD7-A102-902FFB44D6CD}.Release|iPhoneSimulator.Build.0 = Release|Any CPU
		{C5E6963D-D0BA-4FD7-A102-902FFB44D6CD}.Release|Mixed Platforms.ActiveCfg = Release|Any CPU
		{C5E6963D-D0BA-4FD7-A102-902FFB44D6CD}.Release|Mixed Platforms.Build.0 = Release|Any CPU
	EndGlobalSection
	GlobalSection(MonoDevelopProperties) = preSolution
		StartupItem = Xamarin.Robotics.BluetoothLEExplorer.Droid\Xamarin.Robotics.BluetoothLEExplorer.Droid.csproj
	EndGlobalSection
	GlobalSection(SolutionProperties) = preSolution
		HideSolutionNode = FALSE
	EndGlobalSection
EndGlobal
